{
  "version": 4,
  "terraform_version": "1.3.6",
  "serial": 1430,
  "lineage": "5b6fa491-b9b1-fd97-768c-b6039e582b46",
  "outputs": {
    "az_name_map": {
      "value": {
        "us-west-1b": "geneve-az1",
        "us-west-1c": "geneve-az2"
      },
      "type": [
        "object",
        {
          "us-west-1b": "string",
          "us-west-1c": "string"
        }
      ]
    },
    "gwlb_ips": {
      "value": "# GWLB IPs: \u003csubnet_id\u003e = \u003cip\u003e\n# \tsubnet-0390320d482ff396e = 10.0.5.7, \n\tsubnet-04786eda1883d4af5 = 10.0.1.34\n",
      "type": "string"
    },
    "route_tables": {
      "value": {
        "secvpc": {
          "fgt_login": {
            "routes": {
              "local_pc": {
                "destination_cidr_block": "0.0.0.0/0",
                "gateway_id": "igw-00e7bf9474ae9e6a2"
              }
            },
            "rt_association_subnets": [
              "subnet-0e1e48fe24bdd08c4",
              "subnet-0330c3b92c1e3e7c0"
            ]
          },
          "gwlbe": {
            "routes": {
              "to_10.1.0.0/16": {
                "destination_cidr_block": "10.1.0.0/16",
                "transit_gateway_id": "<YOUR_EXISTING_TGW_ID>"
              }
            },
            "rt_association_subnets": [
              "subnet-0d44a2a1a38ca91d9",
              "subnet-0f8b9069dd6df09a7"
            ]
          },
          "tgw_attachment_us-west-1b": {
            "routes": {
              "to_gwlb": {
                "destination_cidr_block": "0.0.0.0/0",
                "vpc_endpoint_id": "vpce-06f5b8d0573d0ab4b"
              }
            },
            "rt_association_subnets": [
              "subnet-085ffe45552cc2ff8"
            ]
          },
          "tgw_attachment_us-west-1c": {
            "routes": {
              "to_gwlb": {
                "destination_cidr_block": "0.0.0.0/0",
                "vpc_endpoint_id": "vpce-0ae8ad07ef3ea4d4d"
              }
            },
            "rt_association_subnets": [
              "subnet-09ce3ac0413905139"
            ]
          }
        }
      },
      "type": [
        "object",
        {
          "secvpc": [
            "object",
            {
              "fgt_login": [
                "object",
                {
                  "routes": [
                    "object",
                    {
                      "local_pc": [
                        "object",
                        {
                          "destination_cidr_block": "string",
                          "gateway_id": "string"
                        }
                      ]
                    }
                  ],
                  "rt_association_subnets": [
                    "tuple",
                    [
                      "string",
                      "string"
                    ]
                  ]
                }
              ],
              "gwlbe": [
                "object",
                {
                  "routes": [
                    "object",
                    {
                      "to_10.1.0.0/16": [
                        "object",
                        {
                          "destination_cidr_block": "string",
                          "transit_gateway_id": "string"
                        }
                      ]
                    }
                  ],
                  "rt_association_subnets": [
                    "tuple",
                    [
                      "string",
                      "string"
                    ]
                  ]
                }
              ],
              "tgw_attachment_us-west-1b": [
                "object",
                {
                  "routes": [
                    "object",
                    {
                      "to_gwlb": [
                        "object",
                        {
                          "destination_cidr_block": "string",
                          "vpc_endpoint_id": "string"
                        }
                      ]
                    }
                  ],
                  "rt_association_subnets": [
                    "tuple",
                    [
                      "string"
                    ]
                  ]
                }
              ],
              "tgw_attachment_us-west-1c": [
                "object",
                {
                  "routes": [
                    "object",
                    {
                      "to_gwlb": [
                        "object",
                        {
                          "destination_cidr_block": "string",
                          "vpc_endpoint_id": "string"
                        }
                      ]
                    }
                  ],
                  "rt_association_subnets": [
                    "tuple",
                    [
                      "string"
                    ]
                  ]
                }
              ]
            }
          ]
        }
      ]
    },
    "secvpc-output": {
      "value": {
        "subnets": {
          "fgt_internal_us-west-1b": "subnet-04786eda1883d4af5",
          "fgt_internal_us-west-1c": "subnet-0390320d482ff396e",
          "fgt_login_us-west-1b": "subnet-0e1e48fe24bdd08c4",
          "fgt_login_us-west-1c": "subnet-0330c3b92c1e3e7c0",
          "gwlbe_us-west-1b": "subnet-0d44a2a1a38ca91d9",
          "gwlbe_us-west-1c": "subnet-0f8b9069dd6df09a7",
          "tgw_attachment_us-west-1b": "subnet-085ffe45552cc2ff8",
          "tgw_attachment_us-west-1c": "subnet-09ce3ac0413905139"
        },
        "vpc_id": "vpc-085a43e9fb92719b8"
      },
      "type": [
        "object",
        {
          "subnets": [
            "object",
            {
              "fgt_internal_us-west-1b": "string",
              "fgt_internal_us-west-1c": "string",
              "fgt_login_us-west-1b": "string",
              "fgt_login_us-west-1c": "string",
              "gwlbe_us-west-1b": "string",
              "gwlbe_us-west-1c": "string",
              "tgw_attachment_us-west-1b": "string",
              "tgw_attachment_us-west-1c": "string"
            }
          ],
          "vpc_id": "string"
        }
      ]
    },
    "subnets": {
      "value": {
        "fgt_internal_us-west-1b": {
          "availability_zone": "us-west-1b",
          "cidr_block": "10.0.1.0/24"
        },
        "fgt_internal_us-west-1c": {
          "availability_zone": "us-west-1c",
          "cidr_block": "10.0.5.0/24"
        },
        "fgt_login_us-west-1b": {
          "availability_zone": "us-west-1b",
          "cidr_block": "10.0.0.0/24"
        },
        "fgt_login_us-west-1c": {
          "availability_zone": "us-west-1c",
          "cidr_block": "10.0.4.0/24"
        },
        "gwlbe_us-west-1b": {
          "availability_zone": "us-west-1b",
          "cidr_block": "10.0.3.0/24"
        },
        "gwlbe_us-west-1c": {
          "availability_zone": "us-west-1c",
          "cidr_block": "10.0.7.0/24"
        },
        "tgw_attachment_us-west-1b": {
          "availability_zone": "us-west-1b",
          "cidr_block": "10.0.2.0/24"
        },
        "tgw_attachment_us-west-1c": {
          "availability_zone": "us-west-1c",
          "cidr_block": "10.0.6.0/24"
        }
      },
      "type": [
        "map",
        [
          "object",
          {
            "availability_zone": "string",
            "cidr_block": "string"
          }
        ]
      ]
    }
  },
  "resources": [
    {
      "mode": "managed",
      "type": "aws_cloudwatch_metric_alarm",
      "name": "hybrid_asg",
      "provider": "provider[\"registry.terraform.io/hashicorp/aws\"]",
      "instances": [
        {
          "index_key": "byol_cpu_above_80",
          "schema_version": 1,
          "attributes": {
            "actions_enabled": true,
            "alarm_actions": [
              "arn:aws:autoscaling:us-west-1:371571523880:scalingPolicy:f0319746-be88-4b1c-b4c9-d99739762945:autoScalingGroupName/fgt_on_demand_asg:policyName/byol_cpu_above_80"
            ],
            "alarm_description": "This metric monitors average ec2 cpu utilization of Auto Scale group fgt_asg_byol.",
            "alarm_name": "byol_cpu_above_80",
            "arn": "arn:aws:cloudwatch:us-west-1:371571523880:alarm:byol_cpu_above_80",
            "comparison_operator": "GreaterThanOrEqualToThreshold",
            "datapoints_to_alarm": 1,
            "dimensions": {
              "AutoScalingGroupName": "fgt_byol_asg"
            },
            "evaluate_low_sample_count_percentiles": "",
            "evaluation_periods": 2,
            "extended_statistic": "",
            "id": "byol_cpu_above_80",
            "insufficient_data_actions": null,
            "metric_name": "CPUUtilization",
            "metric_query": [],
            "namespace": "AWS/EC2",
            "ok_actions": null,
            "period": 120,
            "statistic": "Average",
            "tags": {
              "purpuse": "ASG_TEST"
            },
            "tags_all": {
              "purpuse": "ASG_TEST"
            },
            "threshold": 80,
            "threshold_metric_id": "",
            "treat_missing_data": "missing",
            "unit": ""
          },
          "sensitive_attributes": [],
          "private": "eyJzY2hlbWFfdmVyc2lvbiI6IjEifQ==",
          "dependencies": [
            "module.fgt_asg.aws_autoscaling_group.fgt-asg",
            "module.fgt_asg.aws_autoscaling_policy.scale_policy",
            "module.fgt_asg.aws_cloudwatch_event_rule.fgt_asg_launch",
            "module.fgt_asg.aws_cloudwatch_event_rule.fgt_asg_terminate",
            "module.fgt_asg.aws_cloudwatch_event_target.fgt_asg_launch",
            "module.fgt_asg.aws_cloudwatch_event_target.fgt_asg_terminate",
            "module.fgt_asg.aws_dynamodb_table.track_table",
            "module.fgt_asg.aws_iam_role.iam_for_lambda",
            "module.fgt_asg.aws_iam_role_policy.iam_policy",
            "module.fgt_asg.aws_lambda_function.fgt_asg_lambda",
            "module.fgt_asg.aws_lambda_function.fgt_asg_lambda_internal",
            "module.fgt_asg.aws_lambda_layer_version.lambda_layer_requests",
            "module.fgt_asg.aws_lambda_permission.lambda_permission",
            "module.fgt_asg.aws_launch_template.fgt",
            "module.fgt_asg.aws_s3_bucket.fgt_lic",
            "module.fgt_asg.aws_s3_object.fgt_intf_track_file",
            "module.fgt_asg.aws_s3_object.fgt_lic",
            "module.fgt_asg.aws_s3_object.fgt_lic_track_file",
            "module.fgt_asg.data.archive_file.lambda_private",
            "module.fgt_asg.data.archive_file.lambda_public",
            "module.fgt_asg.data.aws_ami.fgt_ami",
            "module.fgt_asg.data.aws_iam_policy_document.assume_role",
            "module.security-vpc-gwlb.aws_lb.gwlb",
            "module.security-vpc-gwlb.aws_lb_listener.gwlb_ln",
            "module.security-vpc-gwlb.aws_lb_target_group.gwlb_tgp",
            "module.security-vpc-gwlb.aws_lb_target_group_attachment.gwlb_tgp_a",
            "module.security-vpc-gwlb.aws_vpc_endpoint.gwlb_endps",
            "module.security-vpc-gwlb.aws_vpc_endpoint_service.gwlb_ep_service",
            "module.security-vpc-gwlb.data.aws_network_interface.gwlb_intfs",
            "module.security-vpc.aws_internet_gateway.igw",
            "module.security-vpc.aws_security_group.secgrp",
            "module.security-vpc.aws_subnet.subnets",
            "module.security-vpc.aws_vpc.vpc",
            "module.security-vpc.data.aws_vpc.vpc"
          ]
        },
        {
          "index_key": "byol_cpu_below_30",
          "schema_version": 1,
          "attributes": {
            "actions_enabled": true,
            "alarm_actions": [
              "arn:aws:autoscaling:us-west-1:371571523880:scalingPolicy:1a709c26-f0d0-4c8c-af13-2695e2f7a5a0:autoScalingGroupName/fgt_on_demand_asg:policyName/byol_cpu_below_30"
            ],
            "alarm_description": "This metric monitors average ec2 cpu utilization of Auto Scale group fgt_asg_byol.",
            "alarm_name": "byol_cpu_below_30",
            "arn": "arn:aws:cloudwatch:us-west-1:371571523880:alarm:byol_cpu_below_30",
            "comparison_operator": "LessThanThreshold",
            "datapoints_to_alarm": 1,
            "dimensions": {
              "AutoScalingGroupName": "fgt_byol_asg"
            },
            "evaluate_low_sample_count_percentiles": "",
            "evaluation_periods": 2,
            "extended_statistic": "",
            "id": "byol_cpu_below_30",
            "insufficient_data_actions": null,
            "metric_name": "CPUUtilization",
            "metric_query": [],
            "namespace": "AWS/EC2",
            "ok_actions": null,
            "period": 120,
            "statistic": "Average",
            "tags": {
              "purpuse": "ASG_TEST"
            },
            "tags_all": {
              "purpuse": "ASG_TEST"
            },
            "threshold": 30,
            "threshold_metric_id": "",
            "treat_missing_data": "missing",
            "unit": ""
          },
          "sensitive_attributes": [],
          "private": "eyJzY2hlbWFfdmVyc2lvbiI6IjEifQ==",
          "dependencies": [
            "module.fgt_asg.aws_autoscaling_group.fgt-asg",
            "module.fgt_asg.aws_autoscaling_policy.scale_policy",
            "module.fgt_asg.aws_cloudwatch_event_rule.fgt_asg_launch",
            "module.fgt_asg.aws_cloudwatch_event_rule.fgt_asg_terminate",
            "module.fgt_asg.aws_cloudwatch_event_target.fgt_asg_launch",
            "module.fgt_asg.aws_cloudwatch_event_target.fgt_asg_terminate",
            "module.fgt_asg.aws_dynamodb_table.track_table",
            "module.fgt_asg.aws_iam_role.iam_for_lambda",
            "module.fgt_asg.aws_iam_role_policy.iam_policy",
            "module.fgt_asg.aws_lambda_function.fgt_asg_lambda",
            "module.fgt_asg.aws_lambda_function.fgt_asg_lambda_internal",
            "module.fgt_asg.aws_lambda_layer_version.lambda_layer_requests",
            "module.fgt_asg.aws_lambda_permission.lambda_permission",
            "module.fgt_asg.aws_launch_template.fgt",
            "module.fgt_asg.aws_s3_bucket.fgt_lic",
            "module.fgt_asg.aws_s3_object.fgt_intf_track_file",
            "module.fgt_asg.aws_s3_object.fgt_lic",
            "module.fgt_asg.aws_s3_object.fgt_lic_track_file",
            "module.fgt_asg.data.archive_file.lambda_private",
            "module.fgt_asg.data.archive_file.lambda_public",
            "module.fgt_asg.data.aws_ami.fgt_ami",
            "module.fgt_asg.data.aws_iam_policy_document.assume_role",
            "module.security-vpc-gwlb.aws_lb.gwlb",
            "module.security-vpc-gwlb.aws_lb_listener.gwlb_ln",
            "module.security-vpc-gwlb.aws_lb_target_group.gwlb_tgp",
            "module.security-vpc-gwlb.aws_lb_target_group_attachment.gwlb_tgp_a",
            "module.security-vpc-gwlb.aws_vpc_endpoint.gwlb_endps",
            "module.security-vpc-gwlb.aws_vpc_endpoint_service.gwlb_ep_service",
            "module.security-vpc-gwlb.data.aws_network_interface.gwlb_intfs",
            "module.security-vpc.aws_internet_gateway.igw",
            "module.security-vpc.aws_security_group.secgrp",
            "module.security-vpc.aws_subnet.subnets",
            "module.security-vpc.aws_vpc.vpc",
            "module.security-vpc.data.aws_vpc.vpc"
          ]
        },
        {
          "index_key": "ondemand_cpu_above_80",
          "schema_version": 1,
          "attributes": {
            "actions_enabled": true,
            "alarm_actions": [
              "arn:aws:autoscaling:us-west-1:371571523880:scalingPolicy:b9e68626-c322-4335-ab1a-1c7f79fd3eb9:autoScalingGroupName/fgt_on_demand_asg:policyName/ondemand_cpu_above_80"
            ],
            "alarm_description": "This metric monitors average ec2 cpu utilization of Auto Scale group fgt_asg_ondemand.",
            "alarm_name": "ondemand_cpu_above_80",
            "arn": "arn:aws:cloudwatch:us-west-1:371571523880:alarm:ondemand_cpu_above_80",
            "comparison_operator": "GreaterThanOrEqualToThreshold",
            "datapoints_to_alarm": 0,
            "dimensions": {
              "AutoScalingGroupName": "fgt_on_demand_asg"
            },
            "evaluate_low_sample_count_percentiles": "",
            "evaluation_periods": 2,
            "extended_statistic": "",
            "id": "ondemand_cpu_above_80",
            "insufficient_data_actions": null,
            "metric_name": "CPUUtilization",
            "metric_query": [],
            "namespace": "AWS/EC2",
            "ok_actions": null,
            "period": 120,
            "statistic": "Average",
            "tags": {
              "purpuse": "ASG_TEST"
            },
            "tags_all": {
              "purpuse": "ASG_TEST"
            },
            "threshold": 80,
            "threshold_metric_id": "",
            "treat_missing_data": "missing",
            "unit": ""
          },
          "sensitive_attributes": [],
          "private": "eyJzY2hlbWFfdmVyc2lvbiI6IjEifQ==",
          "dependencies": [
            "module.fgt_asg.aws_autoscaling_group.fgt-asg",
            "module.fgt_asg.aws_autoscaling_policy.scale_policy",
            "module.fgt_asg.aws_cloudwatch_event_rule.fgt_asg_launch",
            "module.fgt_asg.aws_cloudwatch_event_rule.fgt_asg_terminate",
            "module.fgt_asg.aws_cloudwatch_event_target.fgt_asg_launch",
            "module.fgt_asg.aws_cloudwatch_event_target.fgt_asg_terminate",
            "module.fgt_asg.aws_dynamodb_table.track_table",
            "module.fgt_asg.aws_iam_role.iam_for_lambda",
            "module.fgt_asg.aws_iam_role_policy.iam_policy",
            "module.fgt_asg.aws_lambda_function.fgt_asg_lambda",
            "module.fgt_asg.aws_lambda_function.fgt_asg_lambda_internal",
            "module.fgt_asg.aws_lambda_layer_version.lambda_layer_requests",
            "module.fgt_asg.aws_lambda_permission.lambda_permission",
            "module.fgt_asg.aws_launch_template.fgt",
            "module.fgt_asg.aws_s3_bucket.fgt_lic",
            "module.fgt_asg.aws_s3_object.fgt_intf_track_file",
            "module.fgt_asg.aws_s3_object.fgt_lic",
            "module.fgt_asg.aws_s3_object.fgt_lic_track_file",
            "module.fgt_asg.data.archive_file.lambda_private",
            "module.fgt_asg.data.archive_file.lambda_public",
            "module.fgt_asg.data.aws_ami.fgt_ami",
            "module.fgt_asg.data.aws_iam_policy_document.assume_role",
            "module.security-vpc-gwlb.aws_lb.gwlb",
            "module.security-vpc-gwlb.aws_lb_listener.gwlb_ln",
            "module.security-vpc-gwlb.aws_lb_target_group.gwlb_tgp",
            "module.security-vpc-gwlb.aws_lb_target_group_attachment.gwlb_tgp_a",
            "module.security-vpc-gwlb.aws_vpc_endpoint.gwlb_endps",
            "module.security-vpc-gwlb.aws_vpc_endpoint_service.gwlb_ep_service",
            "module.security-vpc-gwlb.data.aws_network_interface.gwlb_intfs",
            "module.security-vpc.aws_internet_gateway.igw",
            "module.security-vpc.aws_security_group.secgrp",
            "module.security-vpc.aws_subnet.subnets",
            "module.security-vpc.aws_vpc.vpc",
            "module.security-vpc.data.aws_vpc.vpc"
          ]
        },
        {
          "index_key": "ondemand_cpu_below_30",
          "schema_version": 1,
          "attributes": {
            "actions_enabled": true,
            "alarm_actions": [
              "arn:aws:autoscaling:us-west-1:371571523880:scalingPolicy:9811a463-0d0f-4fd3-923a-1ffe5cc901bf:autoScalingGroupName/fgt_on_demand_asg:policyName/ondemand_cpu_below_30"
            ],
            "alarm_description": "This metric monitors average ec2 cpu utilization of Auto Scale group fgt_asg_ondemand.",
            "alarm_name": "ondemand_cpu_below_30",
            "arn": "arn:aws:cloudwatch:us-west-1:371571523880:alarm:ondemand_cpu_below_30",
            "comparison_operator": "LessThanThreshold",
            "datapoints_to_alarm": 0,
            "dimensions": {
              "AutoScalingGroupName": "fgt_on_demand_asg"
            },
            "evaluate_low_sample_count_percentiles": "",
            "evaluation_periods": 2,
            "extended_statistic": "",
            "id": "ondemand_cpu_below_30",
            "insufficient_data_actions": null,
            "metric_name": "CPUUtilization",
            "metric_query": [],
            "namespace": "AWS/EC2",
            "ok_actions": null,
            "period": 120,
            "statistic": "Average",
            "tags": {
              "purpuse": "ASG_TEST"
            },
            "tags_all": {
              "purpuse": "ASG_TEST"
            },
            "threshold": 30,
            "threshold_metric_id": "",
            "treat_missing_data": "missing",
            "unit": ""
          },
          "sensitive_attributes": [],
          "private": "eyJzY2hlbWFfdmVyc2lvbiI6IjEifQ==",
          "dependencies": [
            "module.fgt_asg.aws_autoscaling_group.fgt-asg",
            "module.fgt_asg.aws_autoscaling_policy.scale_policy",
            "module.fgt_asg.aws_cloudwatch_event_rule.fgt_asg_launch",
            "module.fgt_asg.aws_cloudwatch_event_rule.fgt_asg_terminate",
            "module.fgt_asg.aws_cloudwatch_event_target.fgt_asg_launch",
            "module.fgt_asg.aws_cloudwatch_event_target.fgt_asg_terminate",
            "module.fgt_asg.aws_dynamodb_table.track_table",
            "module.fgt_asg.aws_iam_role.iam_for_lambda",
            "module.fgt_asg.aws_iam_role_policy.iam_policy",
            "module.fgt_asg.aws_lambda_function.fgt_asg_lambda",
            "module.fgt_asg.aws_lambda_function.fgt_asg_lambda_internal",
            "module.fgt_asg.aws_lambda_layer_version.lambda_layer_requests",
            "module.fgt_asg.aws_lambda_permission.lambda_permission",
            "module.fgt_asg.aws_launch_template.fgt",
            "module.fgt_asg.aws_s3_bucket.fgt_lic",
            "module.fgt_asg.aws_s3_object.fgt_intf_track_file",
            "module.fgt_asg.aws_s3_object.fgt_lic",
            "module.fgt_asg.aws_s3_object.fgt_lic_track_file",
            "module.fgt_asg.data.archive_file.lambda_private",
            "module.fgt_asg.data.archive_file.lambda_public",
            "module.fgt_asg.data.aws_ami.fgt_ami",
            "module.fgt_asg.data.aws_iam_policy_document.assume_role",
            "module.security-vpc-gwlb.aws_lb.gwlb",
            "module.security-vpc-gwlb.aws_lb_listener.gwlb_ln",
            "module.security-vpc-gwlb.aws_lb_target_group.gwlb_tgp",
            "module.security-vpc-gwlb.aws_lb_target_group_attachment.gwlb_tgp_a",
            "module.security-vpc-gwlb.aws_vpc_endpoint.gwlb_endps",
            "module.security-vpc-gwlb.aws_vpc_endpoint_service.gwlb_ep_service",
            "module.security-vpc-gwlb.data.aws_network_interface.gwlb_intfs",
            "module.security-vpc.aws_internet_gateway.igw",
            "module.security-vpc.aws_security_group.secgrp",
            "module.security-vpc.aws_subnet.subnets",
            "module.security-vpc.aws_vpc.vpc",
            "module.security-vpc.data.aws_vpc.vpc"
          ]
        }
      ]
    },
    {
      "module": "module.associate_spk_to_tgwrt",
      "mode": "managed",
      "type": "aws_ec2_transit_gateway_route_table_association",
      "name": "tgw_rt_a",
      "provider": "provider[\"registry.terraform.io/hashicorp/aws\"]",
      "instances": [
        {
          "index_key": "0",
          "schema_version": 0,
          "attributes": {
            "id": "tgw-rtb-0369fc9b2b99a79c9_tgw-attach-050eaab68d08a5c49",
            "replace_existing_association": false,
            "resource_id": "<YOUR_EXISTING_VPC_SPOKE_ID>",
            "resource_type": "vpc",
            "transit_gateway_attachment_id": "tgw-attach-050eaab68d08a5c49",
            "transit_gateway_route_table_id": "tgw-rtb-0369fc9b2b99a79c9"
          },
          "sensitive_attributes": [],
          "private": "bnVsbA==",
          "dependencies": [
            "module.associate_spk_to_tgwrt.aws_ec2_transit_gateway_route_table.tgw_rt",
            "module.associate_spk_to_tgwrt.data.aws_ec2_transit_gateway_route_table.tgw_rt",
            "module.security-vpc.aws_internet_gateway.igw",
            "module.security-vpc.aws_security_group.secgrp",
            "module.security-vpc.aws_subnet.subnets",
            "module.security-vpc.aws_vpc.vpc",
            "module.security-vpc.data.aws_vpc.vpc",
            "module.spoke_vpc_tgw_attachment.aws_ec2_transit_gateway.tgw",
            "module.spoke_vpc_tgw_attachment.aws_ec2_transit_gateway_vpc_attachment.tgw_attachments",
            "module.spoke_vpc_tgw_attachment.data.aws_ec2_transit_gateway.tgw",
            "module.tgw_rt_spokevpc.aws_ec2_transit_gateway_route_table.tgw_rt",
            "module.tgw_rt_spokevpc.data.aws_ec2_transit_gateway_route_table.tgw_rt",
            "module.transit-gw.aws_ec2_transit_gateway.tgw",
            "module.transit-gw.aws_ec2_transit_gateway_vpc_attachment.tgw_attachments",
            "module.transit-gw.data.aws_ec2_transit_gateway.tgw"
          ]
        }
      ]
    },
    {
      "module": "module.fgt_asg[\"fgt_byol_asg\"]",
      "mode": "data",
      "type": "archive_file",
      "name": "lambda_private",
      "provider": "provider[\"registry.terraform.io/hashicorp/archive\"]",
      "instances": [
        {
          "schema_version": 0,
          "attributes": {
            "exclude_symlink_directories": null,
            "excludes": null,
            "id": "83dc9a517fc9087f84f88e3dbd0ffd69befed552",
            "output_base64sha256": "OET8MCCOgLfOHyBi/dmBtLXDiCaHw9g5KgMFke6kbFo=",
            "output_base64sha512": "j4EznoHDU+A9C8iBalxdtfAV55ymJzxF5Uga+d4EjnReDHB+3QfOZmZp5VEvHC6PC6v1AmfFZh/xtD3VdQWD7Q==",
            "output_file_mode": null,
            "output_md5": "1721b7c30083d738b7be56ca4323274b",
            "output_path": "../../modules/fortigate/fgt_asg/fgt-asg-lambda-internal.zip",
            "output_sha": "83dc9a517fc9087f84f88e3dbd0ffd69befed552",
            "output_sha256": "3844fc30208e80b7ce1f2062fdd981b4b5c3882687c3d8392a030591eea46c5a",
            "output_sha512": "8f81339e81c353e03d0bc8816a5c5db5f015e79ca6273c45e5481af9de048e745e0c707edd07ce666669e5512f1c2e8f0babf50267c5661ff1b43dd5750583ed",
            "output_size": 2458,
            "source": [],
            "source_content": null,
            "source_content_filename": null,
            "source_dir": null,
            "source_file": "../../modules/fortigate/fgt_asg/fgt-asg-lambda-internal.py",
            "type": "zip"
          },
          "sensitive_attributes": []
        }
      ]
    },
    {
      "module": "module.fgt_asg[\"fgt_byol_asg\"]",
      "mode": "data",
      "type": "archive_file",
      "name": "lambda_public",
      "provider": "provider[\"registry.terraform.io/hashicorp/archive\"]",
      "instances": [
        {
          "schema_version": 0,
          "attributes": {
            "exclude_symlink_directories": null,
            "excludes": null,
            "id": "de4a87ab5400b01bc158b1039f9f9b5f53d3e5b1",
            "output_base64sha256": "KD3jZU6KogQpsXLqy3JgYjfwZShttZAULXbqnTjAJ4k=",
            "output_base64sha512": "Y5gvIRbRwcaSbd2jVj2pR/w0j2VV9EvtRWIK73bG5lAXh0X0V5tvRhtP56zWBIN4ho276tE9nIcjh94h+nnPow==",
            "output_file_mode": null,
            "output_md5": "915ff3b5ccc7bfd3c64677fcd886d89f",
            "output_path": "../../modules/fortigate/fgt_asg/fgt-asg-lambda.zip",
            "output_sha": "de4a87ab5400b01bc158b1039f9f9b5f53d3e5b1",
            "output_sha256": "283de3654e8aa20429b172eacb72606237f065286db590142d76ea9d38c02789",
            "output_sha512": "63982f2116d1c1c6926ddda3563da947fc348f6555f44bed45620aef76c6e650178745f4579b6f461b4fe7acd6048378868dbbead13d9c872387de21fa79cfa3",
            "output_size": 12646,
            "source": [],
            "source_content": null,
            "source_content_filename": null,
            "source_dir": null,
            "source_file": "../../modules/fortigate/fgt_asg/fgt-asg-lambda.py",
            "type": "zip"
          },
          "sensitive_attributes": []
        }
      ]
    },
    {
      "module": "module.fgt_asg[\"fgt_byol_asg\"]",
      "mode": "data",
      "type": "aws_ami",
      "name": "fgt_ami",
      "provider": "provider[\"registry.terraform.io/hashicorp/aws\"]",
      "instances": [
        {
          "schema_version": 0,
          "attributes": {
            "architecture": "x86_64",
            "arn": "arn:aws:ec2:us-west-1::image/ami-030e1a9531587961e",
            "block_device_mappings": [
              {
                "device_name": "/dev/sda1",
                "ebs": {
                  "delete_on_termination": "true",
                  "encrypted": "false",
                  "iops": "0",
                  "snapshot_id": "snap-0437f1f0fe03e02da",
                  "throughput": "0",
                  "volume_size": "2",
                  "volume_type": "gp2"
                },
                "no_device": "",
                "virtual_name": ""
              },
              {
                "device_name": "/dev/sdb",
                "ebs": {
                  "delete_on_termination": "true",
                  "encrypted": "false",
                  "iops": "0",
                  "snapshot_id": "",
                  "throughput": "0",
                  "volume_size": "30",
                  "volume_type": "gp2"
                },
                "no_device": "",
                "virtual_name": ""
              }
            ],
            "boot_mode": "",
            "creation_date": "2023-10-04T18:56:37.000Z",
            "deprecation_time": "2025-10-04T18:56:37.000Z",
            "description": "FortiGate-VM64-AWS build1575 (7.2.6) GA",
            "ena_support": true,
            "executable_users": null,
            "filter": [
              {
                "name": "image-id",
                "values": [
                  "ami-030e1a9531587961e"
                ]
              }
            ],
            "hypervisor": "xen",
            "id": "ami-030e1a9531587961e",
            "image_id": "ami-030e1a9531587961e",
            "image_location": "aws-marketplace/FortiGate-VM64-AWS build1575 (7.2.6) GA-e5936f4a-0d69-479f-919c-d5e158bd4d12",
            "image_owner_alias": "aws-marketplace",
            "image_type": "machine",
            "imds_support": "",
            "include_deprecated": false,
            "kernel_id": "",
            "most_recent": true,
            "name": "FortiGate-VM64-AWS build1575 (7.2.6) GA-e5936f4a-0d69-479f-919c-d5e158bd4d12",
            "name_regex": null,
            "owner_id": "679593333241",
            "owners": [
              "aws-marketplace"
            ],
            "platform": "",
            "platform_details": "Linux/UNIX",
            "product_codes": [
              {
                "product_code_id": "dlaioq277sglm5mw1y1dmeuqa",
                "product_code_type": "marketplace"
              }
            ],
            "public": true,
            "ramdisk_id": "",
            "root_device_name": "/dev/sda1",
            "root_device_type": "ebs",
            "root_snapshot_id": "snap-0437f1f0fe03e02da",
            "sriov_net_support": "simple",
            "state": "available",
            "state_reason": {
              "code": "UNSET",
              "message": "UNSET"
            },
            "tags": {},
            "timeouts": null,
            "tpm_support": "",
            "usage_operation": "RunInstances",
            "virtualization_type": "hvm"
          },
          "sensitive_attributes": []
        }
      ]
    },
    {
      "module": "module.fgt_asg[\"fgt_byol_asg\"]",
      "mode": "data",
      "type": "aws_iam_policy_document",
      "name": "assume_role",
      "provider": "provider[\"registry.terraform.io/hashicorp/aws\"]",
      "instances": [
        {
          "schema_version": 0,
          "attributes": {
            "id": "2690255455",
            "json": "{\n  \"Version\": \"2012-10-17\",\n  \"Statement\": [\n    {\n      \"Effect\": \"Allow\",\n      \"Action\": \"sts:AssumeRole\",\n      \"Principal\": {\n        \"Service\": \"lambda.amazonaws.com\"\n      }\n    }\n  ]\n}",
            "override_policy_documents": null,
            "policy_id": null,
            "source_policy_documents": null,
            "statement": [
              {
                "actions": [
                  "sts:AssumeRole"
                ],
                "condition": [],
                "effect": "Allow",
                "not_actions": [],
                "not_principals": [],
                "not_resources": [],
                "principals": [
                  {
                    "identifiers": [
                      "lambda.amazonaws.com"
                    ],
                    "type": "Service"
                  }
                ],
                "resources": [],
                "sid": ""
              }
            ],
            "version": "2012-10-17"
          },
          "sensitive_attributes": []
        }
      ]
    },
    {
      "module": "module.fgt_asg[\"fgt_byol_asg\"]",
      "mode": "managed",
      "type": "aws_autoscaling_group",
      "name": "fgt-asg",
      "provider": "provider[\"registry.terraform.io/hashicorp/aws\"]",
      "instances": [
        {
          "schema_version": 1,
          "attributes": {
            "arn": "arn:aws:autoscaling:us-west-1:371571523880:autoScalingGroup:cb62e366-5ae3-4784-bf53-3a5b33bbb1c8:autoScalingGroupName/fgt_byol_asg",
            "availability_zones": [
              "us-west-1b",
              "us-west-1c"
            ],
            "capacity_rebalance": false,
            "context": "",
            "default_cooldown": 300,
            "default_instance_warmup": 0,
            "desired_capacity": 2,
            "desired_capacity_type": "",
            "enabled_metrics": null,
            "force_delete": false,
            "force_delete_warm_pool": false,
            "health_check_grace_period": 300,
            "health_check_type": "ELB",
            "id": "fgt_byol_asg",
            "ignore_failed_scaling_activities": false,
            "initial_lifecycle_hook": [
              {
                "default_result": "CONTINUE",
                "heartbeat_timeout": 60,
                "lifecycle_transition": "autoscaling:EC2_INSTANCE_LAUNCHING",
                "name": "fgt_asg_launch_hook",
                "notification_metadata": "",
                "notification_target_arn": "",
                "role_arn": ""
              },
              {
                "default_result": "CONTINUE",
                "heartbeat_timeout": 60,
                "lifecycle_transition": "autoscaling:EC2_INSTANCE_TERMINATING",
                "name": "fgt_asg_terminate_hook",
                "notification_metadata": "",
                "notification_target_arn": "",
                "role_arn": ""
              }
            ],
            "instance_refresh": [],
            "launch_configuration": "",
            "launch_template": [
              {
                "id": "lt-039ed4294d29d2116",
                "name": "fgt_asg_template",
                "version": "1"
              }
            ],
            "load_balancers": [],
            "max_instance_lifetime": 0,
            "max_size": 2,
            "metrics_granularity": "1Minute",
            "min_elb_capacity": null,
            "min_size": 2,
            "mixed_instances_policy": [],
            "name": "fgt_byol_asg",
            "name_prefix": "",
            "placement_group": "",
            "predicted_capacity": 0,
            "protect_from_scale_in": false,
            "service_linked_role_arn": "arn:aws:iam::371571523880:role/aws-service-role/autoscaling.amazonaws.com/AWSServiceRoleForAutoScaling",
            "suspended_processes": null,
            "tag": [
              {
                "key": "purpuse",
                "propagate_at_launch": true,
                "value": "ASG_TEST"
              }
            ],
            "target_group_arns": [
              "arn:aws:elasticloadbalancing:us-west-1:371571523880:targetgroup/gwlb-tgp-fgt/00fbb625024f16fc08"
            ],
            "termination_policies": null,
            "timeouts": null,
            "traffic_source": [
              {
                "identifier": "arn:aws:elasticloadbalancing:us-west-1:371571523880:targetgroup/gwlb-tgp-fgt/00fbb625024f16fc08",
                "type": "elbv2"
              }
            ],
            "vpc_zone_identifier": [
              "subnet-0390320d482ff396e",
              "subnet-04786eda1883d4af5"
            ],
            "wait_for_capacity_timeout": "10m",
            "wait_for_elb_capacity": null,
            "warm_pool": [],
            "warm_pool_size": 0
          },
          "sensitive_attributes": [],
          "private": "eyJlMmJmYjczMC1lY2FhLTExZTYtOGY4OC0zNDM2M2JjN2M0YzAiOnsiZGVsZXRlIjo2MDAwMDAwMDAwMDAsInVwZGF0ZSI6NjAwMDAwMDAwMDAwfSwic2NoZW1hX3ZlcnNpb24iOiIxIn0=",
          "dependencies": [
            "module.fgt_asg.aws_cloudwatch_event_rule.fgt_asg_launch",
            "module.fgt_asg.aws_cloudwatch_event_rule.fgt_asg_terminate",
            "module.fgt_asg.aws_cloudwatch_event_target.fgt_asg_launch",
            "module.fgt_asg.aws_cloudwatch_event_target.fgt_asg_terminate",
            "module.fgt_asg.aws_dynamodb_table.track_table",
            "module.fgt_asg.aws_iam_role.iam_for_lambda",
            "module.fgt_asg.aws_iam_role_policy.iam_policy",
            "module.fgt_asg.aws_lambda_function.fgt_asg_lambda",
            "module.fgt_asg.aws_lambda_function.fgt_asg_lambda_internal",
            "module.fgt_asg.aws_lambda_layer_version.lambda_layer_requests",
            "module.fgt_asg.aws_lambda_permission.lambda_permission",
            "module.fgt_asg.aws_launch_template.fgt",
            "module.fgt_asg.aws_s3_bucket.fgt_lic",
            "module.fgt_asg.aws_s3_object.fgt_intf_track_file",
            "module.fgt_asg.aws_s3_object.fgt_lic",
            "module.fgt_asg.aws_s3_object.fgt_lic_track_file",
            "module.fgt_asg.data.archive_file.lambda_private",
            "module.fgt_asg.data.archive_file.lambda_public",
            "module.fgt_asg.data.aws_ami.fgt_ami",
            "module.fgt_asg.data.aws_iam_policy_document.assume_role",
            "module.security-vpc-gwlb.aws_lb.gwlb",
            "module.security-vpc-gwlb.aws_lb_listener.gwlb_ln",
            "module.security-vpc-gwlb.aws_lb_target_group.gwlb_tgp",
            "module.security-vpc-gwlb.aws_lb_target_group_attachment.gwlb_tgp_a",
            "module.security-vpc-gwlb.aws_vpc_endpoint.gwlb_endps",
            "module.security-vpc-gwlb.aws_vpc_endpoint_service.gwlb_ep_service",
            "module.security-vpc-gwlb.data.aws_network_interface.gwlb_intfs",
            "module.security-vpc.aws_internet_gateway.igw",
            "module.security-vpc.aws_security_group.secgrp",
            "module.security-vpc.aws_subnet.subnets",
            "module.security-vpc.aws_vpc.vpc",
            "module.security-vpc.data.aws_vpc.vpc"
          ]
        }
      ]
    },
    {
      "module": "module.fgt_asg[\"fgt_byol_asg\"]",
      "mode": "managed",
      "type": "aws_cloudwatch_event_rule",
      "name": "fgt_asg_launch",
      "provider": "provider[\"registry.terraform.io/hashicorp/aws\"]",
      "instances": [
        {
          "schema_version": 0,
          "attributes": {
            "arn": "arn:aws:events:us-west-1:371571523880:rule/fgt_asg_launch_fgt_byol_asg",
            "description": "Cloudwatch event rule for FortiGate Auto Scaling Group instance launch.",
            "event_bus_name": "default",
            "event_pattern": "{\"detail\":{\"AutoScalingGroupName\":[\"fgt_byol_asg\"]},\"detail-type\":[\"EC2 Instance-launch Lifecycle Action\",\"EC2 Instance Launch Successful\"],\"source\":[\"aws.autoscaling\"]}",
            "id": "fgt_asg_launch_fgt_byol_asg",
            "is_enabled": true,
            "name": "fgt_asg_launch_fgt_byol_asg",
            "name_prefix": "",
            "role_arn": "",
            "schedule_expression": "",
            "tags": {
              "purpuse": "ASG_TEST"
            },
            "tags_all": {
              "purpuse": "ASG_TEST"
            }
          },
          "sensitive_attributes": [],
          "private": "bnVsbA==",
          "dependencies": [
            "module.security-vpc-gwlb.aws_lb.gwlb",
            "module.security-vpc-gwlb.aws_lb_listener.gwlb_ln",
            "module.security-vpc-gwlb.aws_lb_target_group.gwlb_tgp",
            "module.security-vpc-gwlb.aws_lb_target_group_attachment.gwlb_tgp_a",
            "module.security-vpc-gwlb.aws_vpc_endpoint.gwlb_endps",
            "module.security-vpc-gwlb.aws_vpc_endpoint_service.gwlb_ep_service",
            "module.security-vpc-gwlb.data.aws_network_interface.gwlb_intfs",
            "module.security-vpc.aws_internet_gateway.igw",
            "module.security-vpc.aws_security_group.secgrp",
            "module.security-vpc.aws_subnet.subnets",
            "module.security-vpc.aws_vpc.vpc",
            "module.security-vpc.data.aws_vpc.vpc"
          ]
        }
      ]
    },
    {
      "module": "module.fgt_asg[\"fgt_byol_asg\"]",
      "mode": "managed",
      "type": "aws_cloudwatch_event_rule",
      "name": "fgt_asg_terminate",
      "provider": "provider[\"registry.terraform.io/hashicorp/aws\"]",
      "instances": [
        {
          "schema_version": 0,
          "attributes": {
            "arn": "arn:aws:events:us-west-1:371571523880:rule/fgt_asg_terminate_fgt_byol_asg",
            "description": "Cloudwatch event rule for FortiGate Auto Scaling Group instance terminate.",
            "event_bus_name": "default",
            "event_pattern": "{\"detail\":{\"AutoScalingGroupName\":[\"fgt_byol_asg\"]},\"detail-type\":[\"EC2 Instance-terminate Lifecycle Action\",\"EC2 Instance Terminate Successful\"],\"source\":[\"aws.autoscaling\"]}",
            "id": "fgt_asg_terminate_fgt_byol_asg",
            "is_enabled": true,
            "name": "fgt_asg_terminate_fgt_byol_asg",
            "name_prefix": "",
            "role_arn": "",
            "schedule_expression": "",
            "tags": {
              "purpuse": "ASG_TEST"
            },
            "tags_all": {
              "purpuse": "ASG_TEST"
            }
          },
          "sensitive_attributes": [],
          "private": "bnVsbA==",
          "dependencies": [
            "module.security-vpc-gwlb.aws_lb.gwlb",
            "module.security-vpc-gwlb.aws_lb_listener.gwlb_ln",
            "module.security-vpc-gwlb.aws_lb_target_group.gwlb_tgp",
            "module.security-vpc-gwlb.aws_lb_target_group_attachment.gwlb_tgp_a",
            "module.security-vpc-gwlb.aws_vpc_endpoint.gwlb_endps",
            "module.security-vpc-gwlb.aws_vpc_endpoint_service.gwlb_ep_service",
            "module.security-vpc-gwlb.data.aws_network_interface.gwlb_intfs",
            "module.security-vpc.aws_internet_gateway.igw",
            "module.security-vpc.aws_security_group.secgrp",
            "module.security-vpc.aws_subnet.subnets",
            "module.security-vpc.aws_vpc.vpc",
            "module.security-vpc.data.aws_vpc.vpc"
          ]
        }
      ]
    },
    {
      "module": "module.fgt_asg[\"fgt_byol_asg\"]",
      "mode": "managed",
      "type": "aws_cloudwatch_event_target",
      "name": "fgt_asg_launch",
      "provider": "provider[\"registry.terraform.io/hashicorp/aws\"]",
      "instances": [
        {
          "schema_version": 1,
          "attributes": {
            "arn": "arn:aws:lambda:us-west-1:371571523880:function:fgt-asg-lambda_fgt_byol_asg",
            "batch_target": [],
            "dead_letter_config": [],
            "ecs_target": [],
            "event_bus_name": "default",
            "http_target": [],
            "id": "fgt_asg_launch_fgt_byol_asg-fgt_asg_launch_target_fgt_byol_asg",
            "input": "",
            "input_path": "",
            "input_transformer": [],
            "kinesis_target": [],
            "redshift_target": [],
            "retry_policy": [],
            "role_arn": "",
            "rule": "fgt_asg_launch_fgt_byol_asg",
            "run_command_targets": [],
            "sagemaker_pipeline_target": [],
            "sqs_target": [],
            "target_id": "fgt_asg_launch_target_fgt_byol_asg"
          },
          "sensitive_attributes": [],
          "private": "eyJzY2hlbWFfdmVyc2lvbiI6IjEifQ==",
          "dependencies": [
            "module.fgt_asg.aws_cloudwatch_event_rule.fgt_asg_launch",
            "module.fgt_asg.aws_iam_role.iam_for_lambda",
            "module.fgt_asg.aws_lambda_function.fgt_asg_lambda",
            "module.fgt_asg.aws_lambda_layer_version.lambda_layer_requests",
            "module.fgt_asg.aws_s3_bucket.fgt_lic",
            "module.fgt_asg.data.archive_file.lambda_public",
            "module.fgt_asg.data.aws_iam_policy_document.assume_role",
            "module.security-vpc-gwlb.aws_lb.gwlb",
            "module.security-vpc-gwlb.aws_lb_listener.gwlb_ln",
            "module.security-vpc-gwlb.aws_lb_target_group.gwlb_tgp",
            "module.security-vpc-gwlb.aws_lb_target_group_attachment.gwlb_tgp_a",
            "module.security-vpc-gwlb.aws_vpc_endpoint.gwlb_endps",
            "module.security-vpc-gwlb.aws_vpc_endpoint_service.gwlb_ep_service",
            "module.security-vpc-gwlb.data.aws_network_interface.gwlb_intfs",
            "module.security-vpc.aws_internet_gateway.igw",
            "module.security-vpc.aws_security_group.secgrp",
            "module.security-vpc.aws_subnet.subnets",
            "module.security-vpc.aws_vpc.vpc",
            "module.security-vpc.data.aws_vpc.vpc"
          ]
        }
      ]
    },
    {
      "module": "module.fgt_asg[\"fgt_byol_asg\"]",
      "mode": "managed",
      "type": "aws_cloudwatch_event_target",
      "name": "fgt_asg_terminate",
      "provider": "provider[\"registry.terraform.io/hashicorp/aws\"]",
      "instances": [
        {
          "schema_version": 1,
          "attributes": {
            "arn": "arn:aws:lambda:us-west-1:371571523880:function:fgt-asg-lambda_fgt_byol_asg",
            "batch_target": [],
            "dead_letter_config": [],
            "ecs_target": [],
            "event_bus_name": "default",
            "http_target": [],
            "id": "fgt_asg_terminate_fgt_byol_asg-fgt_asg_terminate_target_fgt_byol_asg",
            "input": "",
            "input_path": "",
            "input_transformer": [],
            "kinesis_target": [],
            "redshift_target": [],
            "retry_policy": [],
            "role_arn": "",
            "rule": "fgt_asg_terminate_fgt_byol_asg",
            "run_command_targets": [],
            "sagemaker_pipeline_target": [],
            "sqs_target": [],
            "target_id": "fgt_asg_terminate_target_fgt_byol_asg"
          },
          "sensitive_attributes": [],
          "private": "eyJzY2hlbWFfdmVyc2lvbiI6IjEifQ==",
          "dependencies": [
            "module.fgt_asg.aws_cloudwatch_event_rule.fgt_asg_terminate",
            "module.fgt_asg.aws_iam_role.iam_for_lambda",
            "module.fgt_asg.aws_lambda_function.fgt_asg_lambda",
            "module.fgt_asg.aws_lambda_layer_version.lambda_layer_requests",
            "module.fgt_asg.aws_s3_bucket.fgt_lic",
            "module.fgt_asg.data.archive_file.lambda_public",
            "module.fgt_asg.data.aws_iam_policy_document.assume_role",
            "module.security-vpc-gwlb.aws_lb.gwlb",
            "module.security-vpc-gwlb.aws_lb_listener.gwlb_ln",
            "module.security-vpc-gwlb.aws_lb_target_group.gwlb_tgp",
            "module.security-vpc-gwlb.aws_lb_target_group_attachment.gwlb_tgp_a",
            "module.security-vpc-gwlb.aws_vpc_endpoint.gwlb_endps",
            "module.security-vpc-gwlb.aws_vpc_endpoint_service.gwlb_ep_service",
            "module.security-vpc-gwlb.data.aws_network_interface.gwlb_intfs",
            "module.security-vpc.aws_internet_gateway.igw",
            "module.security-vpc.aws_security_group.secgrp",
            "module.security-vpc.aws_subnet.subnets",
            "module.security-vpc.aws_vpc.vpc",
            "module.security-vpc.data.aws_vpc.vpc"
          ]
        }
      ]
    },
    {
      "module": "module.fgt_asg[\"fgt_byol_asg\"]",
      "mode": "managed",
      "type": "aws_dynamodb_table",
      "name": "track_table",
      "provider": "provider[\"registry.terraform.io/hashicorp/aws\"]",
      "instances": [
        {
          "index_key": 0,
          "schema_version": 1,
          "attributes": {
            "arn": "arn:aws:dynamodb:us-west-1:371571523880:table/fgt_asg_track_table",
            "attribute": [
              {
                "name": "Category",
                "type": "S"
              }
            ],
            "billing_mode": "PAY_PER_REQUEST",
            "deletion_protection_enabled": false,
            "global_secondary_index": [],
            "hash_key": "Category",
            "id": "fgt_asg_track_table",
            "import_table": [],
            "local_secondary_index": [],
            "name": "fgt_asg_track_table",
            "point_in_time_recovery": [
              {
                "enabled": false
              }
            ],
            "range_key": null,
            "read_capacity": 0,
            "replica": [],
            "restore_date_time": null,
            "restore_source_name": null,
            "restore_to_latest_time": null,
            "server_side_encryption": [],
            "stream_arn": "",
            "stream_enabled": false,
            "stream_label": "",
            "stream_view_type": "",
            "table_class": "STANDARD",
            "tags": {
              "purpuse": "ASG_TEST"
            },
            "tags_all": {
              "purpuse": "ASG_TEST"
            },
            "timeouts": null,
            "ttl": [
              {
                "attribute_name": "",
                "enabled": false
              }
            ],
            "write_capacity": 0
          },
          "sensitive_attributes": [],
          "private": "eyJlMmJmYjczMC1lY2FhLTExZTYtOGY4OC0zNDM2M2JjN2M0YzAiOnsiY3JlYXRlIjoxODAwMDAwMDAwMDAwLCJkZWxldGUiOjYwMDAwMDAwMDAwMCwidXBkYXRlIjozNjAwMDAwMDAwMDAwfSwic2NoZW1hX3ZlcnNpb24iOiIxIn0=",
          "dependencies": [
            "module.security-vpc-gwlb.aws_lb.gwlb",
            "module.security-vpc-gwlb.aws_lb_listener.gwlb_ln",
            "module.security-vpc-gwlb.aws_lb_target_group.gwlb_tgp",
            "module.security-vpc-gwlb.aws_lb_target_group_attachment.gwlb_tgp_a",
            "module.security-vpc-gwlb.aws_vpc_endpoint.gwlb_endps",
            "module.security-vpc-gwlb.aws_vpc_endpoint_service.gwlb_ep_service",
            "module.security-vpc-gwlb.data.aws_network_interface.gwlb_intfs",
            "module.security-vpc.aws_internet_gateway.igw",
            "module.security-vpc.aws_security_group.secgrp",
            "module.security-vpc.aws_subnet.subnets",
            "module.security-vpc.aws_vpc.vpc",
            "module.security-vpc.data.aws_vpc.vpc"
          ]
        }
      ]
    },
    {
      "module": "module.fgt_asg[\"fgt_byol_asg\"]",
      "mode": "managed",
      "type": "aws_iam_role",
      "name": "iam_for_lambda",
      "provider": "provider[\"registry.terraform.io/hashicorp/aws\"]",
      "instances": [
        {
          "schema_version": 0,
          "attributes": {
            "arn": "arn:aws:iam::371571523880:role/iam_for_lambda-8676b6d9-f27b-c49e-1efa-29372f1acf8b",
            "assume_role_policy": "{\"Statement\":[{\"Action\":\"sts:AssumeRole\",\"Effect\":\"Allow\",\"Principal\":{\"Service\":\"lambda.amazonaws.com\"}}],\"Version\":\"2012-10-17\"}",
            "create_date": "2023-11-07T16:14:28Z",
            "description": "",
            "force_detach_policies": false,
            "id": "iam_for_lambda-8676b6d9-f27b-c49e-1efa-29372f1acf8b",
            "inline_policy": [],
            "managed_policy_arns": [],
            "max_session_duration": 3600,
            "name": "iam_for_lambda-8676b6d9-f27b-c49e-1efa-29372f1acf8b",
            "name_prefix": "",
            "path": "/",
            "permissions_boundary": "",
            "tags": {
              "purpuse": "ASG_TEST"
            },
            "tags_all": {
              "purpuse": "ASG_TEST"
            },
            "unique_id": "AROAVNA3DQEUGL5LWY7CR"
          },
          "sensitive_attributes": [],
          "private": "bnVsbA==",
          "dependencies": [
            "module.fgt_asg.data.aws_iam_policy_document.assume_role",
            "module.security-vpc-gwlb.aws_lb.gwlb",
            "module.security-vpc-gwlb.aws_lb_listener.gwlb_ln",
            "module.security-vpc-gwlb.aws_lb_target_group.gwlb_tgp",
            "module.security-vpc-gwlb.aws_lb_target_group_attachment.gwlb_tgp_a",
            "module.security-vpc-gwlb.aws_vpc_endpoint.gwlb_endps",
            "module.security-vpc-gwlb.aws_vpc_endpoint_service.gwlb_ep_service",
            "module.security-vpc-gwlb.data.aws_network_interface.gwlb_intfs",
            "module.security-vpc.aws_internet_gateway.igw",
            "module.security-vpc.aws_security_group.secgrp",
            "module.security-vpc.aws_subnet.subnets",
            "module.security-vpc.aws_vpc.vpc",
            "module.security-vpc.data.aws_vpc.vpc"
          ]
        }
      ]
    },
    {
      "module": "module.fgt_asg[\"fgt_byol_asg\"]",
      "mode": "managed",
      "type": "aws_iam_role_policy",
      "name": "iam_policy",
      "provider": "provider[\"registry.terraform.io/hashicorp/aws\"]",
      "instances": [
        {
          "schema_version": 0,
          "attributes": {
            "id": "iam_for_lambda-8676b6d9-f27b-c49e-1efa-29372f1acf8b:lambda_iam_policy",
            "name": "lambda_iam_policy",
            "name_prefix": "",
            "policy": "{\"Version\":\"2012-10-17\",\"Statement\":[{\"Action\":[\"logs:CreateLogGroup\",\"logs:CreateLogStream\",\"logs:PutLogEvents\"],\"Effect\":\"Allow\",\"Resource\":\"arn:aws:logs:*:*:*\"},{\"Action\":[\"ec2:AllocateAddress\",\"ec2:AssociateAddress\",\"ec2:AttachNetworkInterface\",\"ec2:CreateNetworkInterface\",\"ec2:DescribeAddresses\",\"ec2:DescribeInstances\",\"ec2:DescribeNetworkInterfaces\",\"ec2:DescribeSubnets\",\"ec2:DeleteNetworkInterface\",\"ec2:DetachNetworkInterface\",\"ec2:DisassociateAddress\",\"ec2:ModifyNetworkInterfaceAttribute\",\"ec2:ModifyInstanceAttribute\",\"ec2:ReleaseAddress\",\"ec2:CreateTags\",\"autoscaling:CompleteLifecycleAction\",\"autoscaling:DescribeAutoScalingGroups\",\"s3:*\",\"s3-object-lambda:*\",\"lambda:InvokeFunction\",\"dynamodb:*\"],\"Effect\":\"Allow\",\"Resource\":\"*\"},{\"Action\":[\"events:PutRule\"],\"Effect\":\"Allow\",\"Resource\":\"arn:aws:events:*:*:rule/*\"}]}",
            "role": "iam_for_lambda-8676b6d9-f27b-c49e-1efa-29372f1acf8b"
          },
          "sensitive_attributes": [],
          "private": "bnVsbA==",
          "dependencies": [
            "module.fgt_asg.aws_iam_role.iam_for_lambda",
            "module.fgt_asg.data.aws_iam_policy_document.assume_role",
            "module.security-vpc-gwlb.aws_lb.gwlb",
            "module.security-vpc-gwlb.aws_lb_listener.gwlb_ln",
            "module.security-vpc-gwlb.aws_lb_target_group.gwlb_tgp",
            "module.security-vpc-gwlb.aws_lb_target_group_attachment.gwlb_tgp_a",
            "module.security-vpc-gwlb.aws_vpc_endpoint.gwlb_endps",
            "module.security-vpc-gwlb.aws_vpc_endpoint_service.gwlb_ep_service",
            "module.security-vpc-gwlb.data.aws_network_interface.gwlb_intfs",
            "module.security-vpc.aws_internet_gateway.igw",
            "module.security-vpc.aws_security_group.secgrp",
            "module.security-vpc.aws_subnet.subnets",
            "module.security-vpc.aws_vpc.vpc",
            "module.security-vpc.data.aws_vpc.vpc"
          ]
        }
      ]
    },
    {
      "module": "module.fgt_asg[\"fgt_byol_asg\"]",
      "mode": "managed",
      "type": "aws_lambda_function",
      "name": "fgt_asg_lambda",
      "provider": "provider[\"registry.terraform.io/hashicorp/aws\"]",
      "instances": [
        {
          "schema_version": 0,
          "attributes": {
            "architectures": [
              "x86_64"
            ],
            "arn": "arn:aws:lambda:us-west-1:371571523880:function:fgt-asg-lambda_fgt_byol_asg",
            "code_signing_config_arn": "",
            "dead_letter_config": [],
            "description": "",
            "environment": [
              {
                "variables": {
                  "asg_name": "fgt_byol_asg",
                  "az_name_map": "{\"us-west-1b\":\"geneve-az1\",\"us-west-1c\":\"geneve-az2\"}",
                  "create_geneve_for_all_az": "true",
                  "dynamodb_table_name": "fgt_asg_track_table",
                  "enable_fgt_system_autoscale": "true",
                  "fgt_multi_vdom": "false",
                  "fgt_system_autoscale_psksecret": "",
                  "fortiflex_configid_list": "[7800]",
                  "fortiflex_refresh_token": "iSbEz2v56X23yEGOo3XCNfFzNRyYV7",
                  "fortiflex_sn_list": "[\"FGVMMLTM23014820\",\"FGVMMLTM23014821\"]",
                  "gwlb_ips": "{\"subnet-0390320d482ff396e\":\"10.0.5.7\",\"subnet-04786eda1883d4af5\":\"10.0.1.34\"}",
                  "internal_lambda_name": "fgt-asg-lambda-internal_fgt_byol_asg",
                  "lic_s3_name": "fgt-asg-lic-eced48ec-fefa-c646-3cf0-894d20a01d74",
                  "need_license": "true",
                  "network_interfaces": "{\"internal_traffic\":{\"device_index\":0,\"security_groups\":[\"sg-0a7fc16142f92b33b\"],\"subnet_id_map\":{\"us-west-1b\":\"subnet-04786eda1883d4af5\",\"us-west-1c\":\"subnet-0390320d482ff396e\"},\"to_gwlb\":true},\"mgmt\":{\"device_index\":1,\"enable_public_ip\":true,\"security_groups\":[\"sg-0a7fc16142f92b33b\"],\"source_dest_check\":true,\"subnet_id_map\":{\"us-west-1b\":\"subnet-0e1e48fe24bdd08c4\",\"us-west-1c\":\"subnet-0330c3b92c1e3e7c0\"}}}",
                  "user_conf": "# This is an FortiGate configuration example with two Geneve tunnel: geneve-az1, geneve-az2. Please add or remove based on your own value.\n# Geneve tunnel name will be with format 'geneve-az\u003cNUMBER\u003e'. Check 'az_name_map' of the output of template, which is map of Geneve tunnel name to the AZ name that supported in Security VPC.\n# Change port2 to port1 if fgt_intf_mode set to 1-arm.\n\nconfig router static\n    edit 0\n        set distance 5\n        set priority 100\n        set device \"geneve-az1\"\n    next\n    edit 0\n        set distance 5\n        set priority 100\n        set device \"geneve-az2\"\n    next\nend\n\n\nconfig router policy\n    edit 1\n        set input-device \"geneve-az1\"\n        set dst \"10.0.0.0/255.0.0.0\" \"172.16.0.0/255.240.0.0\" \"192.168.0.0/255.255.0.0\"\n        set output-device \"geneve-az1\"\n    next\n    edit 2\n        set input-device \"geneve-az2\"\n        set dst \"10.0.0.0/255.0.0.0\" \"172.16.0.0/255.240.0.0\" \"192.168.0.0/255.255.0.0\"\n        set output-device \"geneve-az2\"\n    next\nend\n\nconfig firewall policy\n    edit 0\n        set name \"geneve-az1\"\n        set srcintf \"geneve-az1\"\n        set dstintf \"port2\"\n        set action accept\n        set srcaddr \"all\"\n        set dstaddr \"all\"\n        set schedule \"always\"\n        set service \"ALL\"\n        set nat enable\n    next\nend\n\nconfig firewall policy\n    edit 0\n        set name \"geneve-az2\"\n        set srcintf \"geneve-az2\"\n        set dstintf \"port2\"\n        set action accept\n        set srcaddr \"all\"\n        set dstaddr \"all\"\n        set schedule \"always\"\n        set service \"ALL\"\n        set nat enable\n    next\nend\n\nconfig firewall policy\n    edit 0\n        set name \"internal\"\n        set srcintf \"geneve-az1\" \"geneve-az2\"\n        set dstintf \"geneve-az1\" \"geneve-az2\"\n        set action accept\n        set srcaddr \"all\"\n        set dstaddr \"all\"\n        set schedule \"always\"\n        set service \"ALL\"\n    next\nend",
                  "user_conf_s3": "{}"
                }
              }
            ],
            "ephemeral_storage": [
              {
                "size": 512
              }
            ],
            "file_system_config": [],
            "filename": "../../modules/fortigate/fgt_asg/fgt-asg-lambda.zip",
            "function_name": "fgt-asg-lambda_fgt_byol_asg",
            "handler": "fgt-asg-lambda.lambda_handler",
            "id": "fgt-asg-lambda_fgt_byol_asg",
            "image_config": [],
            "image_uri": "",
            "invoke_arn": "arn:aws:apigateway:us-west-1:lambda:path/2015-03-31/functions/arn:aws:lambda:us-west-1:371571523880:function:fgt-asg-lambda_fgt_byol_asg/invocations",
            "kms_key_arn": "",
            "last_modified": "2023-11-07T16:17:08.760+0000",
            "layers": [
              "arn:aws:lambda:us-west-1:371571523880:layer:lambda_layer_requests:16"
            ],
            "memory_size": 128,
            "package_type": "Zip",
            "publish": false,
            "qualified_arn": "arn:aws:lambda:us-west-1:371571523880:function:fgt-asg-lambda_fgt_byol_asg:$LATEST",
            "qualified_invoke_arn": "arn:aws:apigateway:us-west-1:lambda:path/2015-03-31/functions/arn:aws:lambda:us-west-1:371571523880:function:fgt-asg-lambda_fgt_byol_asg:$LATEST/invocations",
            "replace_security_groups_on_destroy": null,
            "replacement_security_group_ids": null,
            "reserved_concurrent_executions": -1,
            "role": "arn:aws:iam::371571523880:role/iam_for_lambda-8676b6d9-f27b-c49e-1efa-29372f1acf8b",
            "runtime": "python3.8",
            "s3_bucket": null,
            "s3_key": null,
            "s3_object_version": null,
            "signing_job_arn": "",
            "signing_profile_version_arn": "",
            "skip_destroy": false,
            "snap_start": [],
            "source_code_hash": "KD3jZU6KogQpsXLqy3JgYjfwZShttZAULXbqnTjAJ4k=",
            "source_code_size": 12646,
            "tags": {
              "purpuse": "ASG_TEST"
            },
            "tags_all": {
              "purpuse": "ASG_TEST"
            },
            "timeout": 500,
            "timeouts": null,
            "tracing_config": [
              {
                "mode": "PassThrough"
              }
            ],
            "version": "$LATEST",
            "vpc_config": []
          },
          "sensitive_attributes": [],
          "private": "eyJlMmJmYjczMC1lY2FhLTExZTYtOGY4OC0zNDM2M2JjN2M0YzAiOnsiY3JlYXRlIjo2MDAwMDAwMDAwMDAsImRlbGV0ZSI6NjAwMDAwMDAwMDAwLCJ1cGRhdGUiOjYwMDAwMDAwMDAwMH19",
          "dependencies": [
            "module.fgt_asg.aws_iam_role.iam_for_lambda",
            "module.fgt_asg.aws_lambda_layer_version.lambda_layer_requests",
            "module.fgt_asg.aws_s3_bucket.fgt_lic",
            "module.fgt_asg.data.archive_file.lambda_public",
            "module.fgt_asg.data.aws_iam_policy_document.assume_role",
            "module.security-vpc-gwlb.aws_lb.gwlb",
            "module.security-vpc-gwlb.aws_lb_listener.gwlb_ln",
            "module.security-vpc-gwlb.aws_lb_target_group.gwlb_tgp",
            "module.security-vpc-gwlb.aws_lb_target_group_attachment.gwlb_tgp_a",
            "module.security-vpc-gwlb.aws_vpc_endpoint.gwlb_endps",
            "module.security-vpc-gwlb.aws_vpc_endpoint_service.gwlb_ep_service",
            "module.security-vpc-gwlb.data.aws_network_interface.gwlb_intfs",
            "module.security-vpc.aws_internet_gateway.igw",
            "module.security-vpc.aws_security_group.secgrp",
            "module.security-vpc.aws_subnet.subnets",
            "module.security-vpc.aws_vpc.vpc",
            "module.security-vpc.data.aws_vpc.vpc"
          ]
        }
      ]
    },
    {
      "module": "module.fgt_asg[\"fgt_byol_asg\"]",
      "mode": "managed",
      "type": "aws_lambda_function",
      "name": "fgt_asg_lambda_internal",
      "provider": "provider[\"registry.terraform.io/hashicorp/aws\"]",
      "instances": [
        {
          "schema_version": 0,
          "attributes": {
            "architectures": [
              "x86_64"
            ],
            "arn": "arn:aws:lambda:us-west-1:371571523880:function:fgt-asg-lambda-internal_fgt_byol_asg",
            "code_signing_config_arn": "",
            "dead_letter_config": [],
            "description": "",
            "environment": [
              {
                "variables": {
                  "fgt_login_port_number": "",
                  "fgt_password": "pP@ssw0rd321"
                }
              }
            ],
            "ephemeral_storage": [
              {
                "size": 512
              }
            ],
            "file_system_config": [],
            "filename": "../../modules/fortigate/fgt_asg/fgt-asg-lambda-internal.zip",
            "function_name": "fgt-asg-lambda-internal_fgt_byol_asg",
            "handler": "fgt-asg-lambda-internal.lambda_handler",
            "id": "fgt-asg-lambda-internal_fgt_byol_asg",
            "image_config": [],
            "image_uri": "",
            "invoke_arn": "arn:aws:apigateway:us-west-1:lambda:path/2015-03-31/functions/arn:aws:lambda:us-west-1:371571523880:function:fgt-asg-lambda-internal_fgt_byol_asg/invocations",
            "kms_key_arn": "",
            "last_modified": "2023-11-07T16:16:56.695+0000",
            "layers": [
              "arn:aws:lambda:us-west-1:371571523880:layer:lambda_layer_requests:16"
            ],
            "memory_size": 128,
            "package_type": "Zip",
            "publish": false,
            "qualified_arn": "arn:aws:lambda:us-west-1:371571523880:function:fgt-asg-lambda-internal_fgt_byol_asg:$LATEST",
            "qualified_invoke_arn": "arn:aws:apigateway:us-west-1:lambda:path/2015-03-31/functions/arn:aws:lambda:us-west-1:371571523880:function:fgt-asg-lambda-internal_fgt_byol_asg:$LATEST/invocations",
            "replace_security_groups_on_destroy": null,
            "replacement_security_group_ids": null,
            "reserved_concurrent_executions": -1,
            "role": "arn:aws:iam::371571523880:role/iam_for_lambda-8676b6d9-f27b-c49e-1efa-29372f1acf8b",
            "runtime": "python3.8",
            "s3_bucket": null,
            "s3_key": null,
            "s3_object_version": null,
            "signing_job_arn": "",
            "signing_profile_version_arn": "",
            "skip_destroy": false,
            "snap_start": [],
            "source_code_hash": "OET8MCCOgLfOHyBi/dmBtLXDiCaHw9g5KgMFke6kbFo=",
            "source_code_size": 2458,
            "tags": {
              "purpuse": "ASG_TEST"
            },
            "tags_all": {
              "purpuse": "ASG_TEST"
            },
            "timeout": 500,
            "timeouts": null,
            "tracing_config": [
              {
                "mode": "PassThrough"
              }
            ],
            "version": "$LATEST",
            "vpc_config": [
              {
                "ipv6_allowed_for_dual_stack": false,
                "security_group_ids": [
                  "sg-0a7fc16142f92b33b"
                ],
                "subnet_ids": [
                  "subnet-0330c3b92c1e3e7c0",
                  "subnet-0390320d482ff396e",
                  "subnet-04786eda1883d4af5",
                  "subnet-0e1e48fe24bdd08c4"
                ],
                "vpc_id": "vpc-085a43e9fb92719b8"
              }
            ]
          },
          "sensitive_attributes": [],
          "private": "eyJlMmJmYjczMC1lY2FhLTExZTYtOGY4OC0zNDM2M2JjN2M0YzAiOnsiY3JlYXRlIjo2MDAwMDAwMDAwMDAsImRlbGV0ZSI6NjAwMDAwMDAwMDAwLCJ1cGRhdGUiOjYwMDAwMDAwMDAwMH19",
          "dependencies": [
            "module.fgt_asg.aws_iam_role.iam_for_lambda",
            "module.fgt_asg.aws_lambda_layer_version.lambda_layer_requests",
            "module.fgt_asg.data.archive_file.lambda_private",
            "module.fgt_asg.data.aws_iam_policy_document.assume_role",
            "module.security-vpc-gwlb.aws_lb.gwlb",
            "module.security-vpc-gwlb.aws_lb_listener.gwlb_ln",
            "module.security-vpc-gwlb.aws_lb_target_group.gwlb_tgp",
            "module.security-vpc-gwlb.aws_lb_target_group_attachment.gwlb_tgp_a",
            "module.security-vpc-gwlb.aws_vpc_endpoint.gwlb_endps",
            "module.security-vpc-gwlb.aws_vpc_endpoint_service.gwlb_ep_service",
            "module.security-vpc-gwlb.data.aws_network_interface.gwlb_intfs",
            "module.security-vpc.aws_internet_gateway.igw",
            "module.security-vpc.aws_security_group.secgrp",
            "module.security-vpc.aws_subnet.subnets",
            "module.security-vpc.aws_vpc.vpc",
            "module.security-vpc.data.aws_vpc.vpc"
          ]
        }
      ]
    },
    {
      "module": "module.fgt_asg[\"fgt_byol_asg\"]",
      "mode": "managed",
      "type": "aws_lambda_layer_version",
      "name": "lambda_layer_requests",
      "provider": "provider[\"registry.terraform.io/hashicorp/aws\"]",
      "instances": [
        {
          "schema_version": 0,
          "attributes": {
            "arn": "arn:aws:lambda:us-west-1:371571523880:layer:lambda_layer_requests:16",
            "compatible_architectures": null,
            "compatible_runtimes": [
              "python3.8"
            ],
            "created_date": "2023-11-07T16:14:41.705+0000",
            "description": "",
            "filename": "../../modules/fortigate/fgt_asg/requests_layer.zip",
            "id": "arn:aws:lambda:us-west-1:371571523880:layer:lambda_layer_requests:16",
            "layer_arn": "arn:aws:lambda:us-west-1:371571523880:layer:lambda_layer_requests",
            "layer_name": "lambda_layer_requests",
            "license_info": "",
            "s3_bucket": null,
            "s3_key": null,
            "s3_object_version": null,
            "signing_job_arn": "",
            "signing_profile_version_arn": "",
            "skip_destroy": false,
            "source_code_hash": "4mr4ftEvQPXymxg5+OoiISgEq8AViwVx87937tqx2r0=",
            "source_code_size": 899448,
            "version": "16"
          },
          "sensitive_attributes": [],
          "private": "bnVsbA==",
          "dependencies": [
            "module.security-vpc-gwlb.aws_lb.gwlb",
            "module.security-vpc-gwlb.aws_lb_listener.gwlb_ln",
            "module.security-vpc-gwlb.aws_lb_target_group.gwlb_tgp",
            "module.security-vpc-gwlb.aws_lb_target_group_attachment.gwlb_tgp_a",
            "module.security-vpc-gwlb.aws_vpc_endpoint.gwlb_endps",
            "module.security-vpc-gwlb.aws_vpc_endpoint_service.gwlb_ep_service",
            "module.security-vpc-gwlb.data.aws_network_interface.gwlb_intfs",
            "module.security-vpc.aws_internet_gateway.igw",
            "module.security-vpc.aws_security_group.secgrp",
            "module.security-vpc.aws_subnet.subnets",
            "module.security-vpc.aws_vpc.vpc",
            "module.security-vpc.data.aws_vpc.vpc"
          ]
        }
      ]
    },
    {
      "module": "module.fgt_asg[\"fgt_byol_asg\"]",
      "mode": "managed",
      "type": "aws_lambda_permission",
      "name": "lambda_permission",
      "provider": "provider[\"registry.terraform.io/hashicorp/aws\"]",
      "instances": [
        {
          "schema_version": 0,
          "attributes": {
            "action": "lambda:InvokeFunction",
            "event_source_token": null,
            "function_name": "fgt-asg-lambda_fgt_byol_asg",
            "function_url_auth_type": null,
            "id": "terraform-20231107161720590200000006",
            "principal": "events.amazonaws.com",
            "principal_org_id": null,
            "qualifier": "",
            "source_account": null,
            "source_arn": null,
            "statement_id": "terraform-20231107161720590200000006",
            "statement_id_prefix": "terraform-"
          },
          "sensitive_attributes": [],
          "private": "bnVsbA==",
          "dependencies": [
            "module.fgt_asg.aws_iam_role.iam_for_lambda",
            "module.fgt_asg.aws_lambda_function.fgt_asg_lambda",
            "module.fgt_asg.aws_lambda_layer_version.lambda_layer_requests",
            "module.fgt_asg.aws_s3_bucket.fgt_lic",
            "module.fgt_asg.data.archive_file.lambda_public",
            "module.fgt_asg.data.aws_iam_policy_document.assume_role",
            "module.security-vpc-gwlb.aws_lb.gwlb",
            "module.security-vpc-gwlb.aws_lb_listener.gwlb_ln",
            "module.security-vpc-gwlb.aws_lb_target_group.gwlb_tgp",
            "module.security-vpc-gwlb.aws_lb_target_group_attachment.gwlb_tgp_a",
            "module.security-vpc-gwlb.aws_vpc_endpoint.gwlb_endps",
            "module.security-vpc-gwlb.aws_vpc_endpoint_service.gwlb_ep_service",
            "module.security-vpc-gwlb.data.aws_network_interface.gwlb_intfs",
            "module.security-vpc.aws_internet_gateway.igw",
            "module.security-vpc.aws_security_group.secgrp",
            "module.security-vpc.aws_subnet.subnets",
            "module.security-vpc.aws_vpc.vpc",
            "module.security-vpc.data.aws_vpc.vpc"
          ]
        }
      ]
    },
    {
      "module": "module.fgt_asg[\"fgt_byol_asg\"]",
      "mode": "managed",
      "type": "aws_launch_template",
      "name": "fgt",
      "provider": "provider[\"registry.terraform.io/hashicorp/aws\"]",
      "instances": [
        {
          "schema_version": 0,
          "attributes": {
            "arn": "arn:aws:ec2:us-west-1:371571523880:launch-template/lt-039ed4294d29d2116",
            "block_device_mappings": [],
            "capacity_reservation_specification": [],
            "cpu_options": [],
            "credit_specification": [],
            "default_version": 1,
            "description": "",
            "disable_api_stop": false,
            "disable_api_termination": false,
            "ebs_optimized": "",
            "elastic_gpu_specifications": [],
            "elastic_inference_accelerator": [],
            "enclave_options": [],
            "hibernation_options": [],
            "iam_instance_profile": [],
            "id": "lt-039ed4294d29d2116",
            "image_id": "ami-030e1a9531587961e",
            "instance_initiated_shutdown_behavior": "",
            "instance_market_options": [],
            "instance_requirements": [],
            "instance_type": "c5.xlarge",
            "kernel_id": "",
            "key_name": "us-west1-fgallego",
            "latest_version": 1,
            "license_specification": [],
            "maintenance_options": [],
            "metadata_options": [],
            "monitoring": [],
            "name": "fgt_asg_template",
            "name_prefix": "",
            "network_interfaces": [
              {
                "associate_carrier_ip_address": "",
                "associate_public_ip_address": "",
                "delete_on_termination": "",
                "description": "",
                "device_index": 0,
                "interface_type": "",
                "ipv4_address_count": 0,
                "ipv4_addresses": null,
                "ipv4_prefix_count": 0,
                "ipv4_prefixes": null,
                "ipv6_address_count": 0,
                "ipv6_addresses": null,
                "ipv6_prefix_count": 0,
                "ipv6_prefixes": null,
                "network_card_index": 0,
                "network_interface_id": "",
                "private_ip_address": "",
                "security_groups": [
                  "sg-0a7fc16142f92b33b"
                ],
                "subnet_id": "subnet-04786eda1883d4af5"
              }
            ],
            "placement": [],
            "private_dns_name_options": [],
            "ram_disk_id": "",
            "security_group_names": null,
            "tag_specifications": [
              {
                "resource_type": "instance",
                "tags": {
                  "purpuse": "ASG_TEST"
                }
              }
            ],
            "tags": {
              "purpuse": "ASG_TEST"
            },
            "tags_all": {
              "purpuse": "ASG_TEST"
            },
            "update_default_version": true,
            "user_data": "Cgpjb25maWcgc3lzdGVtIGludGVyZmFjZQogICAgZWRpdCAicG9ydDEiCiAgICAgICAgc2V0IGFsbG93YWNjZXNzIHBpbmcgaHR0cHMgc3NoIHNubXAgaHR0cCB0ZWxuZXQgZmdmbQogICAgICAgICAgICAgICAgc2V0IG1vZGUgZGhjcAogICAgICAgICAgICAgICAgc2V0IGRpc3RhbmNlIDYKICAgICAgICAgICAgICAgICAgICBuZXh0CmVuZAoKY29uZmlnIHN5c3RlbSBpbnRlcmZhY2UKICAgIGVkaXQgInBvcnQyIgogICAgICAgIHNldCBhbGxvd2FjY2VzcyBwaW5nIGh0dHBzIHNzaCBzbm1wIGh0dHAgdGVsbmV0IGZnZm0KICAgICAgICAgICAgICAgIHNldCBtb2RlIGRoY3AKICAgICAgICAgICAgICAgIHNldCBkZWZhdWx0Z3cgZW5hYmxlCiAgICAgICAgICAgICAgICAgICAgbmV4dAplbmQKCg==",
            "vpc_security_group_ids": null
          },
          "sensitive_attributes": [],
          "private": "bnVsbA==",
          "dependencies": [
            "module.fgt_asg.data.aws_ami.fgt_ami",
            "module.security-vpc-gwlb.aws_lb.gwlb",
            "module.security-vpc-gwlb.aws_lb_listener.gwlb_ln",
            "module.security-vpc-gwlb.aws_lb_target_group.gwlb_tgp",
            "module.security-vpc-gwlb.aws_lb_target_group_attachment.gwlb_tgp_a",
            "module.security-vpc-gwlb.aws_vpc_endpoint.gwlb_endps",
            "module.security-vpc-gwlb.aws_vpc_endpoint_service.gwlb_ep_service",
            "module.security-vpc-gwlb.data.aws_network_interface.gwlb_intfs",
            "module.security-vpc.aws_internet_gateway.igw",
            "module.security-vpc.aws_security_group.secgrp",
            "module.security-vpc.aws_subnet.subnets",
            "module.security-vpc.aws_vpc.vpc",
            "module.security-vpc.data.aws_vpc.vpc"
          ]
        }
      ]
    },
    {
      "module": "module.fgt_asg[\"fgt_byol_asg\"]",
      "mode": "managed",
      "type": "aws_s3_bucket",
      "name": "fgt_lic",
      "provider": "provider[\"registry.terraform.io/hashicorp/aws\"]",
      "instances": [
        {
          "index_key": 0,
          "schema_version": 0,
          "attributes": {
            "acceleration_status": "",
            "acl": null,
            "arn": "arn:aws:s3:::fgt-asg-lic-eced48ec-fefa-c646-3cf0-894d20a01d74",
            "bucket": "fgt-asg-lic-eced48ec-fefa-c646-3cf0-894d20a01d74",
            "bucket_domain_name": "fgt-asg-lic-eced48ec-fefa-c646-3cf0-894d20a01d74.s3.amazonaws.com",
            "bucket_prefix": "",
            "bucket_regional_domain_name": "fgt-asg-lic-eced48ec-fefa-c646-3cf0-894d20a01d74.s3.us-west-1.amazonaws.com",
            "cors_rule": [],
            "force_destroy": false,
            "grant": [
              {
                "id": "094a1409bc54c346b2c27bc1ae8ba1aa8b1b6e3cc5cf24c5afb84260784d0ca0",
                "permissions": [
                  "FULL_CONTROL"
                ],
                "type": "CanonicalUser",
                "uri": ""
              }
            ],
            "hosted_zone_id": "Z2F56UZL2M1ACD",
            "id": "fgt-asg-lic-eced48ec-fefa-c646-3cf0-894d20a01d74",
            "lifecycle_rule": [],
            "logging": [],
            "object_lock_configuration": [],
            "object_lock_enabled": false,
            "policy": "",
            "region": "us-west-1",
            "replication_configuration": [],
            "request_payer": "BucketOwner",
            "server_side_encryption_configuration": [
              {
                "rule": [
                  {
                    "apply_server_side_encryption_by_default": [
                      {
                        "kms_master_key_id": "",
                        "sse_algorithm": "AES256"
                      }
                    ],
                    "bucket_key_enabled": false
                  }
                ]
              }
            ],
            "tags": {
              "purpuse": "ASG_TEST"
            },
            "tags_all": {
              "purpuse": "ASG_TEST"
            },
            "timeouts": null,
            "versioning": [
              {
                "enabled": false,
                "mfa_delete": false
              }
            ],
            "website": [],
            "website_domain": null,
            "website_endpoint": null
          },
          "sensitive_attributes": [],
          "private": "eyJlMmJmYjczMC1lY2FhLTExZTYtOGY4OC0zNDM2M2JjN2M0YzAiOnsiY3JlYXRlIjoxMjAwMDAwMDAwMDAwLCJkZWxldGUiOjM2MDAwMDAwMDAwMDAsInJlYWQiOjEyMDAwMDAwMDAwMDAsInVwZGF0ZSI6MTIwMDAwMDAwMDAwMH19",
          "dependencies": [
            "module.security-vpc-gwlb.aws_lb.gwlb",
            "module.security-vpc-gwlb.aws_lb_listener.gwlb_ln",
            "module.security-vpc-gwlb.aws_lb_target_group.gwlb_tgp",
            "module.security-vpc-gwlb.aws_lb_target_group_attachment.gwlb_tgp_a",
            "module.security-vpc-gwlb.aws_vpc_endpoint.gwlb_endps",
            "module.security-vpc-gwlb.aws_vpc_endpoint_service.gwlb_ep_service",
            "module.security-vpc-gwlb.data.aws_network_interface.gwlb_intfs",
            "module.security-vpc.aws_internet_gateway.igw",
            "module.security-vpc.aws_security_group.secgrp",
            "module.security-vpc.aws_subnet.subnets",
            "module.security-vpc.aws_vpc.vpc",
            "module.security-vpc.data.aws_vpc.vpc"
          ]
        }
      ]
    },
    {
      "module": "module.fgt_asg[\"fgt_byol_asg\"]",
      "mode": "managed",
      "type": "aws_s3_object",
      "name": "fgt_intf_track_file",
      "provider": "provider[\"registry.terraform.io/hashicorp/aws\"]",
      "instances": [
        {
          "index_key": 0,
          "schema_version": 0,
          "attributes": {
            "acl": null,
            "bucket": "fgt-asg-lic-eced48ec-fefa-c646-3cf0-894d20a01d74",
            "bucket_key_enabled": false,
            "cache_control": "",
            "checksum_algorithm": null,
            "checksum_crc32": "",
            "checksum_crc32c": "",
            "checksum_sha1": "",
            "checksum_sha256": "",
            "content": "{}",
            "content_base64": null,
            "content_disposition": "",
            "content_encoding": "",
            "content_language": "",
            "content_type": "application/octet-stream",
            "etag": "99914b932bd37a50b983c5e7c90ae93b",
            "force_destroy": false,
            "id": "intf_track.json",
            "key": "intf_track.json",
            "kms_key_id": null,
            "metadata": null,
            "object_lock_legal_hold_status": "",
            "object_lock_mode": "",
            "object_lock_retain_until_date": "",
            "server_side_encryption": "AES256",
            "source": null,
            "source_hash": null,
            "storage_class": "STANDARD",
            "tags": {
              "purpuse": "ASG_TEST"
            },
            "tags_all": {
              "purpuse": "ASG_TEST"
            },
            "version_id": "",
            "website_redirect": ""
          },
          "sensitive_attributes": [],
          "private": "bnVsbA==",
          "dependencies": [
            "module.fgt_asg.aws_s3_bucket.fgt_lic",
            "module.security-vpc-gwlb.aws_lb.gwlb",
            "module.security-vpc-gwlb.aws_lb_listener.gwlb_ln",
            "module.security-vpc-gwlb.aws_lb_target_group.gwlb_tgp",
            "module.security-vpc-gwlb.aws_lb_target_group_attachment.gwlb_tgp_a",
            "module.security-vpc-gwlb.aws_vpc_endpoint.gwlb_endps",
            "module.security-vpc-gwlb.aws_vpc_endpoint_service.gwlb_ep_service",
            "module.security-vpc-gwlb.data.aws_network_interface.gwlb_intfs",
            "module.security-vpc.aws_internet_gateway.igw",
            "module.security-vpc.aws_security_group.secgrp",
            "module.security-vpc.aws_subnet.subnets",
            "module.security-vpc.aws_vpc.vpc",
            "module.security-vpc.data.aws_vpc.vpc"
          ]
        }
      ]
    },
    {
      "module": "module.fgt_asg[\"fgt_byol_asg\"]",
      "mode": "managed",
      "type": "aws_s3_object",
      "name": "fgt_lic_track_file",
      "provider": "provider[\"registry.terraform.io/hashicorp/aws\"]",
      "instances": [
        {
          "index_key": 0,
          "schema_version": 0,
          "attributes": {
            "acl": null,
            "bucket": "fgt-asg-lic-eced48ec-fefa-c646-3cf0-894d20a01d74",
            "bucket_key_enabled": false,
            "cache_control": "",
            "checksum_algorithm": null,
            "checksum_crc32": "",
            "checksum_crc32c": "",
            "checksum_sha1": "",
            "checksum_sha256": "",
            "content": "{}",
            "content_base64": null,
            "content_disposition": "",
            "content_encoding": "",
            "content_language": "",
            "content_type": "application/octet-stream",
            "etag": "99914b932bd37a50b983c5e7c90ae93b",
            "force_destroy": false,
            "id": "asg-fgt-lic-track.json",
            "key": "asg-fgt-lic-track.json",
            "kms_key_id": null,
            "metadata": null,
            "object_lock_legal_hold_status": "",
            "object_lock_mode": "",
            "object_lock_retain_until_date": "",
            "server_side_encryption": "AES256",
            "source": null,
            "source_hash": null,
            "storage_class": "STANDARD",
            "tags": {
              "purpuse": "ASG_TEST"
            },
            "tags_all": {
              "purpuse": "ASG_TEST"
            },
            "version_id": "",
            "website_redirect": ""
          },
          "sensitive_attributes": [],
          "private": "bnVsbA==",
          "dependencies": [
            "module.fgt_asg.aws_s3_bucket.fgt_lic",
            "module.security-vpc-gwlb.aws_lb.gwlb",
            "module.security-vpc-gwlb.aws_lb_listener.gwlb_ln",
            "module.security-vpc-gwlb.aws_lb_target_group.gwlb_tgp",
            "module.security-vpc-gwlb.aws_lb_target_group_attachment.gwlb_tgp_a",
            "module.security-vpc-gwlb.aws_vpc_endpoint.gwlb_endps",
            "module.security-vpc-gwlb.aws_vpc_endpoint_service.gwlb_ep_service",
            "module.security-vpc-gwlb.data.aws_network_interface.gwlb_intfs",
            "module.security-vpc.aws_internet_gateway.igw",
            "module.security-vpc.aws_security_group.secgrp",
            "module.security-vpc.aws_subnet.subnets",
            "module.security-vpc.aws_vpc.vpc",
            "module.security-vpc.data.aws_vpc.vpc"
          ]
        }
      ]
    },
    {
      "module": "module.fgt_asg[\"fgt_on_demand_asg\"]",
      "mode": "data",
      "type": "archive_file",
      "name": "lambda_private",
      "provider": "provider[\"registry.terraform.io/hashicorp/archive\"]",
      "instances": [
        {
          "schema_version": 0,
          "attributes": {
            "exclude_symlink_directories": null,
            "excludes": null,
            "id": "83dc9a517fc9087f84f88e3dbd0ffd69befed552",
            "output_base64sha256": "OET8MCCOgLfOHyBi/dmBtLXDiCaHw9g5KgMFke6kbFo=",
            "output_base64sha512": "j4EznoHDU+A9C8iBalxdtfAV55ymJzxF5Uga+d4EjnReDHB+3QfOZmZp5VEvHC6PC6v1AmfFZh/xtD3VdQWD7Q==",
            "output_file_mode": null,
            "output_md5": "1721b7c30083d738b7be56ca4323274b",
            "output_path": "../../modules/fortigate/fgt_asg/fgt-asg-lambda-internal.zip",
            "output_sha": "83dc9a517fc9087f84f88e3dbd0ffd69befed552",
            "output_sha256": "3844fc30208e80b7ce1f2062fdd981b4b5c3882687c3d8392a030591eea46c5a",
            "output_sha512": "8f81339e81c353e03d0bc8816a5c5db5f015e79ca6273c45e5481af9de048e745e0c707edd07ce666669e5512f1c2e8f0babf50267c5661ff1b43dd5750583ed",
            "output_size": 2458,
            "source": [],
            "source_content": null,
            "source_content_filename": null,
            "source_dir": null,
            "source_file": "../../modules/fortigate/fgt_asg/fgt-asg-lambda-internal.py",
            "type": "zip"
          },
          "sensitive_attributes": []
        }
      ]
    },
    {
      "module": "module.fgt_asg[\"fgt_on_demand_asg\"]",
      "mode": "data",
      "type": "archive_file",
      "name": "lambda_public",
      "provider": "provider[\"registry.terraform.io/hashicorp/archive\"]",
      "instances": [
        {
          "schema_version": 0,
          "attributes": {
            "exclude_symlink_directories": null,
            "excludes": null,
            "id": "de4a87ab5400b01bc158b1039f9f9b5f53d3e5b1",
            "output_base64sha256": "KD3jZU6KogQpsXLqy3JgYjfwZShttZAULXbqnTjAJ4k=",
            "output_base64sha512": "Y5gvIRbRwcaSbd2jVj2pR/w0j2VV9EvtRWIK73bG5lAXh0X0V5tvRhtP56zWBIN4ho276tE9nIcjh94h+nnPow==",
            "output_file_mode": null,
            "output_md5": "915ff3b5ccc7bfd3c64677fcd886d89f",
            "output_path": "../../modules/fortigate/fgt_asg/fgt-asg-lambda.zip",
            "output_sha": "de4a87ab5400b01bc158b1039f9f9b5f53d3e5b1",
            "output_sha256": "283de3654e8aa20429b172eacb72606237f065286db590142d76ea9d38c02789",
            "output_sha512": "63982f2116d1c1c6926ddda3563da947fc348f6555f44bed45620aef76c6e650178745f4579b6f461b4fe7acd6048378868dbbead13d9c872387de21fa79cfa3",
            "output_size": 12646,
            "source": [],
            "source_content": null,
            "source_content_filename": null,
            "source_dir": null,
            "source_file": "../../modules/fortigate/fgt_asg/fgt-asg-lambda.py",
            "type": "zip"
          },
          "sensitive_attributes": []
        }
      ]
    },
    {
      "module": "module.fgt_asg[\"fgt_on_demand_asg\"]",
      "mode": "data",
      "type": "aws_ami",
      "name": "fgt_ami",
      "provider": "provider[\"registry.terraform.io/hashicorp/aws\"]",
      "instances": [
        {
          "schema_version": 0,
          "attributes": {
            "architecture": "x86_64",
            "arn": "arn:aws:ec2:us-west-1::image/ami-0df235b48e59a6256",
            "block_device_mappings": [
              {
                "device_name": "/dev/sda1",
                "ebs": {
                  "delete_on_termination": "true",
                  "encrypted": "false",
                  "iops": "0",
                  "snapshot_id": "snap-0940589d0d12567b3",
                  "throughput": "0",
                  "volume_size": "2",
                  "volume_type": "gp2"
                },
                "no_device": "",
                "virtual_name": ""
              },
              {
                "device_name": "/dev/sdb",
                "ebs": {
                  "delete_on_termination": "true",
                  "encrypted": "false",
                  "iops": "0",
                  "snapshot_id": "",
                  "throughput": "0",
                  "volume_size": "30",
                  "volume_type": "gp2"
                },
                "no_device": "",
                "virtual_name": ""
              }
            ],
            "boot_mode": "",
            "creation_date": "2023-10-04T19:19:26.000Z",
            "deprecation_time": "2025-10-04T19:19:26.000Z",
            "description": "FortiGate-VM64-AWSONDEMAND build1575 (7.2.6) GA",
            "ena_support": true,
            "executable_users": null,
            "filter": [
              {
                "name": "image-id",
                "values": [
                  "ami-0df235b48e59a6256"
                ]
              }
            ],
            "hypervisor": "xen",
            "id": "ami-0df235b48e59a6256",
            "image_id": "ami-0df235b48e59a6256",
            "image_location": "aws-marketplace/FortiGate-VM64-AWSONDEMAND build1575 (7.2.6) GA-3124a694-441c-4ff1-8bf7-4d153be424a6",
            "image_owner_alias": "aws-marketplace",
            "image_type": "machine",
            "imds_support": "",
            "include_deprecated": false,
            "kernel_id": "",
            "most_recent": true,
            "name": "FortiGate-VM64-AWSONDEMAND build1575 (7.2.6) GA-3124a694-441c-4ff1-8bf7-4d153be424a6",
            "name_regex": null,
            "owner_id": "679593333241",
            "owners": [
              "aws-marketplace"
            ],
            "platform": "",
            "platform_details": "Linux/UNIX",
            "product_codes": [
              {
                "product_code_id": "2wqkpek696qhdeo7lbbjncqli",
                "product_code_type": "marketplace"
              }
            ],
            "public": true,
            "ramdisk_id": "",
            "root_device_name": "/dev/sda1",
            "root_device_type": "ebs",
            "root_snapshot_id": "snap-0940589d0d12567b3",
            "sriov_net_support": "simple",
            "state": "available",
            "state_reason": {
              "code": "UNSET",
              "message": "UNSET"
            },
            "tags": {},
            "timeouts": null,
            "tpm_support": "",
            "usage_operation": "RunInstances",
            "virtualization_type": "hvm"
          },
          "sensitive_attributes": []
        }
      ]
    },
    {
      "module": "module.fgt_asg[\"fgt_on_demand_asg\"]",
      "mode": "data",
      "type": "aws_iam_policy_document",
      "name": "assume_role",
      "provider": "provider[\"registry.terraform.io/hashicorp/aws\"]",
      "instances": [
        {
          "schema_version": 0,
          "attributes": {
            "id": "2690255455",
            "json": "{\n  \"Version\": \"2012-10-17\",\n  \"Statement\": [\n    {\n      \"Effect\": \"Allow\",\n      \"Action\": \"sts:AssumeRole\",\n      \"Principal\": {\n        \"Service\": \"lambda.amazonaws.com\"\n      }\n    }\n  ]\n}",
            "override_policy_documents": null,
            "policy_id": null,
            "source_policy_documents": null,
            "statement": [
              {
                "actions": [
                  "sts:AssumeRole"
                ],
                "condition": [],
                "effect": "Allow",
                "not_actions": [],
                "not_principals": [],
                "not_resources": [],
                "principals": [
                  {
                    "identifiers": [
                      "lambda.amazonaws.com"
                    ],
                    "type": "Service"
                  }
                ],
                "resources": [],
                "sid": ""
              }
            ],
            "version": "2012-10-17"
          },
          "sensitive_attributes": []
        }
      ]
    },
    {
      "module": "module.fgt_asg[\"fgt_on_demand_asg\"]",
      "mode": "managed",
      "type": "aws_autoscaling_group",
      "name": "fgt-asg",
      "provider": "provider[\"registry.terraform.io/hashicorp/aws\"]",
      "instances": [
        {
          "schema_version": 1,
          "attributes": {
            "arn": "arn:aws:autoscaling:us-west-1:371571523880:autoScalingGroup:9bf19470-8e98-42dd-ac72-3eca9fdcd017:autoScalingGroupName/fgt_on_demand_asg",
            "availability_zones": [
              "us-west-1b",
              "us-west-1c"
            ],
            "capacity_rebalance": false,
            "context": "",
            "default_cooldown": 300,
            "default_instance_warmup": 0,
            "desired_capacity": 0,
            "desired_capacity_type": "",
            "enabled_metrics": null,
            "force_delete": false,
            "force_delete_warm_pool": false,
            "health_check_grace_period": 300,
            "health_check_type": "ELB",
            "id": "fgt_on_demand_asg",
            "ignore_failed_scaling_activities": false,
            "initial_lifecycle_hook": [
              {
                "default_result": "CONTINUE",
                "heartbeat_timeout": 60,
                "lifecycle_transition": "autoscaling:EC2_INSTANCE_LAUNCHING",
                "name": "fgt_asg_launch_hook",
                "notification_metadata": "",
                "notification_target_arn": "",
                "role_arn": ""
              },
              {
                "default_result": "CONTINUE",
                "heartbeat_timeout": 60,
                "lifecycle_transition": "autoscaling:EC2_INSTANCE_TERMINATING",
                "name": "fgt_asg_terminate_hook",
                "notification_metadata": "",
                "notification_target_arn": "",
                "role_arn": ""
              }
            ],
            "instance_refresh": [],
            "launch_configuration": "",
            "launch_template": [
              {
                "id": "lt-0e42979c21c84bc6a",
                "name": "fgt_asg_template_on_demand",
                "version": "1"
              }
            ],
            "load_balancers": [],
            "max_instance_lifetime": 0,
            "max_size": 2,
            "metrics_granularity": "1Minute",
            "min_elb_capacity": null,
            "min_size": 0,
            "mixed_instances_policy": [],
            "name": "fgt_on_demand_asg",
            "name_prefix": "",
            "placement_group": "",
            "predicted_capacity": 0,
            "protect_from_scale_in": false,
            "service_linked_role_arn": "arn:aws:iam::371571523880:role/aws-service-role/autoscaling.amazonaws.com/AWSServiceRoleForAutoScaling",
            "suspended_processes": null,
            "tag": [
              {
                "key": "purpuse",
                "propagate_at_launch": true,
                "value": "ASG_TEST"
              }
            ],
            "target_group_arns": [
              "arn:aws:elasticloadbalancing:us-west-1:371571523880:targetgroup/gwlb-tgp-fgt/00fbb625024f16fc08"
            ],
            "termination_policies": null,
            "timeouts": null,
            "traffic_source": [
              {
                "identifier": "arn:aws:elasticloadbalancing:us-west-1:371571523880:targetgroup/gwlb-tgp-fgt/00fbb625024f16fc08",
                "type": "elbv2"
              }
            ],
            "vpc_zone_identifier": [
              "subnet-0390320d482ff396e",
              "subnet-04786eda1883d4af5"
            ],
            "wait_for_capacity_timeout": "10m",
            "wait_for_elb_capacity": null,
            "warm_pool": [],
            "warm_pool_size": 0
          },
          "sensitive_attributes": [],
          "private": "eyJlMmJmYjczMC1lY2FhLTExZTYtOGY4OC0zNDM2M2JjN2M0YzAiOnsiZGVsZXRlIjo2MDAwMDAwMDAwMDAsInVwZGF0ZSI6NjAwMDAwMDAwMDAwfSwic2NoZW1hX3ZlcnNpb24iOiIxIn0=",
          "dependencies": [
            "module.fgt_asg.aws_cloudwatch_event_rule.fgt_asg_launch",
            "module.fgt_asg.aws_cloudwatch_event_rule.fgt_asg_terminate",
            "module.fgt_asg.aws_cloudwatch_event_target.fgt_asg_launch",
            "module.fgt_asg.aws_cloudwatch_event_target.fgt_asg_terminate",
            "module.fgt_asg.aws_dynamodb_table.track_table",
            "module.fgt_asg.aws_iam_role.iam_for_lambda",
            "module.fgt_asg.aws_iam_role_policy.iam_policy",
            "module.fgt_asg.aws_lambda_function.fgt_asg_lambda",
            "module.fgt_asg.aws_lambda_function.fgt_asg_lambda_internal",
            "module.fgt_asg.aws_lambda_layer_version.lambda_layer_requests",
            "module.fgt_asg.aws_lambda_permission.lambda_permission",
            "module.fgt_asg.aws_launch_template.fgt",
            "module.fgt_asg.aws_s3_bucket.fgt_lic",
            "module.fgt_asg.aws_s3_object.fgt_intf_track_file",
            "module.fgt_asg.aws_s3_object.fgt_lic",
            "module.fgt_asg.aws_s3_object.fgt_lic_track_file",
            "module.fgt_asg.data.archive_file.lambda_private",
            "module.fgt_asg.data.archive_file.lambda_public",
            "module.fgt_asg.data.aws_ami.fgt_ami",
            "module.fgt_asg.data.aws_iam_policy_document.assume_role",
            "module.security-vpc-gwlb.aws_lb.gwlb",
            "module.security-vpc-gwlb.aws_lb_listener.gwlb_ln",
            "module.security-vpc-gwlb.aws_lb_target_group.gwlb_tgp",
            "module.security-vpc-gwlb.aws_lb_target_group_attachment.gwlb_tgp_a",
            "module.security-vpc-gwlb.aws_vpc_endpoint.gwlb_endps",
            "module.security-vpc-gwlb.aws_vpc_endpoint_service.gwlb_ep_service",
            "module.security-vpc-gwlb.data.aws_network_interface.gwlb_intfs",
            "module.security-vpc.aws_internet_gateway.igw",
            "module.security-vpc.aws_security_group.secgrp",
            "module.security-vpc.aws_subnet.subnets",
            "module.security-vpc.aws_vpc.vpc",
            "module.security-vpc.data.aws_vpc.vpc"
          ]
        }
      ]
    },
    {
      "module": "module.fgt_asg[\"fgt_on_demand_asg\"]",
      "mode": "managed",
      "type": "aws_autoscaling_policy",
      "name": "scale_policy",
      "provider": "provider[\"registry.terraform.io/hashicorp/aws\"]",
      "instances": [
        {
          "index_key": "byol_cpu_above_80",
          "schema_version": 0,
          "attributes": {
            "adjustment_type": "ChangeInCapacity",
            "arn": "arn:aws:autoscaling:us-west-1:371571523880:scalingPolicy:f0319746-be88-4b1c-b4c9-d99739762945:autoScalingGroupName/fgt_on_demand_asg:policyName/byol_cpu_above_80",
            "autoscaling_group_name": "fgt_on_demand_asg",
            "cooldown": 60,
            "enabled": true,
            "estimated_instance_warmup": 0,
            "id": "byol_cpu_above_80",
            "metric_aggregation_type": "",
            "min_adjustment_magnitude": 0,
            "name": "byol_cpu_above_80",
            "policy_type": "SimpleScaling",
            "predictive_scaling_configuration": [],
            "scaling_adjustment": 1,
            "step_adjustment": [],
            "target_tracking_configuration": []
          },
          "sensitive_attributes": [],
          "private": "bnVsbA==",
          "dependencies": [
            "module.fgt_asg.aws_autoscaling_group.fgt-asg",
            "module.fgt_asg.aws_cloudwatch_event_rule.fgt_asg_launch",
            "module.fgt_asg.aws_cloudwatch_event_rule.fgt_asg_terminate",
            "module.fgt_asg.aws_cloudwatch_event_target.fgt_asg_launch",
            "module.fgt_asg.aws_cloudwatch_event_target.fgt_asg_terminate",
            "module.fgt_asg.aws_dynamodb_table.track_table",
            "module.fgt_asg.aws_iam_role.iam_for_lambda",
            "module.fgt_asg.aws_iam_role_policy.iam_policy",
            "module.fgt_asg.aws_lambda_function.fgt_asg_lambda",
            "module.fgt_asg.aws_lambda_function.fgt_asg_lambda_internal",
            "module.fgt_asg.aws_lambda_layer_version.lambda_layer_requests",
            "module.fgt_asg.aws_lambda_permission.lambda_permission",
            "module.fgt_asg.aws_launch_template.fgt",
            "module.fgt_asg.aws_s3_bucket.fgt_lic",
            "module.fgt_asg.aws_s3_object.fgt_intf_track_file",
            "module.fgt_asg.aws_s3_object.fgt_lic",
            "module.fgt_asg.aws_s3_object.fgt_lic_track_file",
            "module.fgt_asg.data.archive_file.lambda_private",
            "module.fgt_asg.data.archive_file.lambda_public",
            "module.fgt_asg.data.aws_ami.fgt_ami",
            "module.fgt_asg.data.aws_iam_policy_document.assume_role",
            "module.security-vpc-gwlb.aws_lb.gwlb",
            "module.security-vpc-gwlb.aws_lb_listener.gwlb_ln",
            "module.security-vpc-gwlb.aws_lb_target_group.gwlb_tgp",
            "module.security-vpc-gwlb.aws_lb_target_group_attachment.gwlb_tgp_a",
            "module.security-vpc-gwlb.aws_vpc_endpoint.gwlb_endps",
            "module.security-vpc-gwlb.aws_vpc_endpoint_service.gwlb_ep_service",
            "module.security-vpc-gwlb.data.aws_network_interface.gwlb_intfs",
            "module.security-vpc.aws_internet_gateway.igw",
            "module.security-vpc.aws_security_group.secgrp",
            "module.security-vpc.aws_subnet.subnets",
            "module.security-vpc.aws_vpc.vpc",
            "module.security-vpc.data.aws_vpc.vpc"
          ]
        },
        {
          "index_key": "byol_cpu_below_30",
          "schema_version": 0,
          "attributes": {
            "adjustment_type": "ChangeInCapacity",
            "arn": "arn:aws:autoscaling:us-west-1:371571523880:scalingPolicy:1a709c26-f0d0-4c8c-af13-2695e2f7a5a0:autoScalingGroupName/fgt_on_demand_asg:policyName/byol_cpu_below_30",
            "autoscaling_group_name": "fgt_on_demand_asg",
            "cooldown": 60,
            "enabled": true,
            "estimated_instance_warmup": 0,
            "id": "byol_cpu_below_30",
            "metric_aggregation_type": "",
            "min_adjustment_magnitude": 0,
            "name": "byol_cpu_below_30",
            "policy_type": "SimpleScaling",
            "predictive_scaling_configuration": [],
            "scaling_adjustment": -1,
            "step_adjustment": [],
            "target_tracking_configuration": []
          },
          "sensitive_attributes": [],
          "private": "bnVsbA==",
          "dependencies": [
            "module.fgt_asg.aws_autoscaling_group.fgt-asg",
            "module.fgt_asg.aws_cloudwatch_event_rule.fgt_asg_launch",
            "module.fgt_asg.aws_cloudwatch_event_rule.fgt_asg_terminate",
            "module.fgt_asg.aws_cloudwatch_event_target.fgt_asg_launch",
            "module.fgt_asg.aws_cloudwatch_event_target.fgt_asg_terminate",
            "module.fgt_asg.aws_dynamodb_table.track_table",
            "module.fgt_asg.aws_iam_role.iam_for_lambda",
            "module.fgt_asg.aws_iam_role_policy.iam_policy",
            "module.fgt_asg.aws_lambda_function.fgt_asg_lambda",
            "module.fgt_asg.aws_lambda_function.fgt_asg_lambda_internal",
            "module.fgt_asg.aws_lambda_layer_version.lambda_layer_requests",
            "module.fgt_asg.aws_lambda_permission.lambda_permission",
            "module.fgt_asg.aws_launch_template.fgt",
            "module.fgt_asg.aws_s3_bucket.fgt_lic",
            "module.fgt_asg.aws_s3_object.fgt_intf_track_file",
            "module.fgt_asg.aws_s3_object.fgt_lic",
            "module.fgt_asg.aws_s3_object.fgt_lic_track_file",
            "module.fgt_asg.data.archive_file.lambda_private",
            "module.fgt_asg.data.archive_file.lambda_public",
            "module.fgt_asg.data.aws_ami.fgt_ami",
            "module.fgt_asg.data.aws_iam_policy_document.assume_role",
            "module.security-vpc-gwlb.aws_lb.gwlb",
            "module.security-vpc-gwlb.aws_lb_listener.gwlb_ln",
            "module.security-vpc-gwlb.aws_lb_target_group.gwlb_tgp",
            "module.security-vpc-gwlb.aws_lb_target_group_attachment.gwlb_tgp_a",
            "module.security-vpc-gwlb.aws_vpc_endpoint.gwlb_endps",
            "module.security-vpc-gwlb.aws_vpc_endpoint_service.gwlb_ep_service",
            "module.security-vpc-gwlb.data.aws_network_interface.gwlb_intfs",
            "module.security-vpc.aws_internet_gateway.igw",
            "module.security-vpc.aws_security_group.secgrp",
            "module.security-vpc.aws_subnet.subnets",
            "module.security-vpc.aws_vpc.vpc",
            "module.security-vpc.data.aws_vpc.vpc"
          ]
        },
        {
          "index_key": "ondemand_cpu_above_80",
          "schema_version": 0,
          "attributes": {
            "adjustment_type": "ChangeInCapacity",
            "arn": "arn:aws:autoscaling:us-west-1:371571523880:scalingPolicy:b9e68626-c322-4335-ab1a-1c7f79fd3eb9:autoScalingGroupName/fgt_on_demand_asg:policyName/ondemand_cpu_above_80",
            "autoscaling_group_name": "fgt_on_demand_asg",
            "cooldown": 60,
            "enabled": true,
            "estimated_instance_warmup": 0,
            "id": "ondemand_cpu_above_80",
            "metric_aggregation_type": "",
            "min_adjustment_magnitude": 0,
            "name": "ondemand_cpu_above_80",
            "policy_type": "SimpleScaling",
            "predictive_scaling_configuration": [],
            "scaling_adjustment": 1,
            "step_adjustment": [],
            "target_tracking_configuration": []
          },
          "sensitive_attributes": [],
          "private": "bnVsbA==",
          "dependencies": [
            "module.fgt_asg.aws_autoscaling_group.fgt-asg",
            "module.fgt_asg.aws_cloudwatch_event_rule.fgt_asg_launch",
            "module.fgt_asg.aws_cloudwatch_event_rule.fgt_asg_terminate",
            "module.fgt_asg.aws_cloudwatch_event_target.fgt_asg_launch",
            "module.fgt_asg.aws_cloudwatch_event_target.fgt_asg_terminate",
            "module.fgt_asg.aws_dynamodb_table.track_table",
            "module.fgt_asg.aws_iam_role.iam_for_lambda",
            "module.fgt_asg.aws_iam_role_policy.iam_policy",
            "module.fgt_asg.aws_lambda_function.fgt_asg_lambda",
            "module.fgt_asg.aws_lambda_function.fgt_asg_lambda_internal",
            "module.fgt_asg.aws_lambda_layer_version.lambda_layer_requests",
            "module.fgt_asg.aws_lambda_permission.lambda_permission",
            "module.fgt_asg.aws_launch_template.fgt",
            "module.fgt_asg.aws_s3_bucket.fgt_lic",
            "module.fgt_asg.aws_s3_object.fgt_intf_track_file",
            "module.fgt_asg.aws_s3_object.fgt_lic",
            "module.fgt_asg.aws_s3_object.fgt_lic_track_file",
            "module.fgt_asg.data.archive_file.lambda_private",
            "module.fgt_asg.data.archive_file.lambda_public",
            "module.fgt_asg.data.aws_ami.fgt_ami",
            "module.fgt_asg.data.aws_iam_policy_document.assume_role",
            "module.security-vpc-gwlb.aws_lb.gwlb",
            "module.security-vpc-gwlb.aws_lb_listener.gwlb_ln",
            "module.security-vpc-gwlb.aws_lb_target_group.gwlb_tgp",
            "module.security-vpc-gwlb.aws_lb_target_group_attachment.gwlb_tgp_a",
            "module.security-vpc-gwlb.aws_vpc_endpoint.gwlb_endps",
            "module.security-vpc-gwlb.aws_vpc_endpoint_service.gwlb_ep_service",
            "module.security-vpc-gwlb.data.aws_network_interface.gwlb_intfs",
            "module.security-vpc.aws_internet_gateway.igw",
            "module.security-vpc.aws_security_group.secgrp",
            "module.security-vpc.aws_subnet.subnets",
            "module.security-vpc.aws_vpc.vpc",
            "module.security-vpc.data.aws_vpc.vpc"
          ]
        },
        {
          "index_key": "ondemand_cpu_below_30",
          "schema_version": 0,
          "attributes": {
            "adjustment_type": "ChangeInCapacity",
            "arn": "arn:aws:autoscaling:us-west-1:371571523880:scalingPolicy:9811a463-0d0f-4fd3-923a-1ffe5cc901bf:autoScalingGroupName/fgt_on_demand_asg:policyName/ondemand_cpu_below_30",
            "autoscaling_group_name": "fgt_on_demand_asg",
            "cooldown": 60,
            "enabled": true,
            "estimated_instance_warmup": 0,
            "id": "ondemand_cpu_below_30",
            "metric_aggregation_type": "",
            "min_adjustment_magnitude": 0,
            "name": "ondemand_cpu_below_30",
            "policy_type": "SimpleScaling",
            "predictive_scaling_configuration": [],
            "scaling_adjustment": -1,
            "step_adjustment": [],
            "target_tracking_configuration": []
          },
          "sensitive_attributes": [],
          "private": "bnVsbA==",
          "dependencies": [
            "module.fgt_asg.aws_autoscaling_group.fgt-asg",
            "module.fgt_asg.aws_cloudwatch_event_rule.fgt_asg_launch",
            "module.fgt_asg.aws_cloudwatch_event_rule.fgt_asg_terminate",
            "module.fgt_asg.aws_cloudwatch_event_target.fgt_asg_launch",
            "module.fgt_asg.aws_cloudwatch_event_target.fgt_asg_terminate",
            "module.fgt_asg.aws_dynamodb_table.track_table",
            "module.fgt_asg.aws_iam_role.iam_for_lambda",
            "module.fgt_asg.aws_iam_role_policy.iam_policy",
            "module.fgt_asg.aws_lambda_function.fgt_asg_lambda",
            "module.fgt_asg.aws_lambda_function.fgt_asg_lambda_internal",
            "module.fgt_asg.aws_lambda_layer_version.lambda_layer_requests",
            "module.fgt_asg.aws_lambda_permission.lambda_permission",
            "module.fgt_asg.aws_launch_template.fgt",
            "module.fgt_asg.aws_s3_bucket.fgt_lic",
            "module.fgt_asg.aws_s3_object.fgt_intf_track_file",
            "module.fgt_asg.aws_s3_object.fgt_lic",
            "module.fgt_asg.aws_s3_object.fgt_lic_track_file",
            "module.fgt_asg.data.archive_file.lambda_private",
            "module.fgt_asg.data.archive_file.lambda_public",
            "module.fgt_asg.data.aws_ami.fgt_ami",
            "module.fgt_asg.data.aws_iam_policy_document.assume_role",
            "module.security-vpc-gwlb.aws_lb.gwlb",
            "module.security-vpc-gwlb.aws_lb_listener.gwlb_ln",
            "module.security-vpc-gwlb.aws_lb_target_group.gwlb_tgp",
            "module.security-vpc-gwlb.aws_lb_target_group_attachment.gwlb_tgp_a",
            "module.security-vpc-gwlb.aws_vpc_endpoint.gwlb_endps",
            "module.security-vpc-gwlb.aws_vpc_endpoint_service.gwlb_ep_service",
            "module.security-vpc-gwlb.data.aws_network_interface.gwlb_intfs",
            "module.security-vpc.aws_internet_gateway.igw",
            "module.security-vpc.aws_security_group.secgrp",
            "module.security-vpc.aws_subnet.subnets",
            "module.security-vpc.aws_vpc.vpc",
            "module.security-vpc.data.aws_vpc.vpc"
          ]
        }
      ]
    },
    {
      "module": "module.fgt_asg[\"fgt_on_demand_asg\"]",
      "mode": "managed",
      "type": "aws_cloudwatch_event_rule",
      "name": "fgt_asg_launch",
      "provider": "provider[\"registry.terraform.io/hashicorp/aws\"]",
      "instances": [
        {
          "schema_version": 0,
          "attributes": {
            "arn": "arn:aws:events:us-west-1:371571523880:rule/fgt_asg_launch_fgt_on_demand_asg",
            "description": "Cloudwatch event rule for FortiGate Auto Scaling Group instance launch.",
            "event_bus_name": "default",
            "event_pattern": "{\"detail\":{\"AutoScalingGroupName\":[\"fgt_on_demand_asg\"]},\"detail-type\":[\"EC2 Instance-launch Lifecycle Action\",\"EC2 Instance Launch Successful\"],\"source\":[\"aws.autoscaling\"]}",
            "id": "fgt_asg_launch_fgt_on_demand_asg",
            "is_enabled": true,
            "name": "fgt_asg_launch_fgt_on_demand_asg",
            "name_prefix": "",
            "role_arn": "",
            "schedule_expression": "",
            "tags": {
              "purpuse": "ASG_TEST"
            },
            "tags_all": {
              "purpuse": "ASG_TEST"
            }
          },
          "sensitive_attributes": [],
          "private": "bnVsbA==",
          "dependencies": [
            "module.security-vpc-gwlb.aws_lb.gwlb",
            "module.security-vpc-gwlb.aws_lb_listener.gwlb_ln",
            "module.security-vpc-gwlb.aws_lb_target_group.gwlb_tgp",
            "module.security-vpc-gwlb.aws_lb_target_group_attachment.gwlb_tgp_a",
            "module.security-vpc-gwlb.aws_vpc_endpoint.gwlb_endps",
            "module.security-vpc-gwlb.aws_vpc_endpoint_service.gwlb_ep_service",
            "module.security-vpc-gwlb.data.aws_network_interface.gwlb_intfs",
            "module.security-vpc.aws_internet_gateway.igw",
            "module.security-vpc.aws_security_group.secgrp",
            "module.security-vpc.aws_subnet.subnets",
            "module.security-vpc.aws_vpc.vpc",
            "module.security-vpc.data.aws_vpc.vpc"
          ]
        }
      ]
    },
    {
      "module": "module.fgt_asg[\"fgt_on_demand_asg\"]",
      "mode": "managed",
      "type": "aws_cloudwatch_event_rule",
      "name": "fgt_asg_terminate",
      "provider": "provider[\"registry.terraform.io/hashicorp/aws\"]",
      "instances": [
        {
          "schema_version": 0,
          "attributes": {
            "arn": "arn:aws:events:us-west-1:371571523880:rule/fgt_asg_terminate_fgt_on_demand_asg",
            "description": "Cloudwatch event rule for FortiGate Auto Scaling Group instance terminate.",
            "event_bus_name": "default",
            "event_pattern": "{\"detail\":{\"AutoScalingGroupName\":[\"fgt_on_demand_asg\"]},\"detail-type\":[\"EC2 Instance-terminate Lifecycle Action\",\"EC2 Instance Terminate Successful\"],\"source\":[\"aws.autoscaling\"]}",
            "id": "fgt_asg_terminate_fgt_on_demand_asg",
            "is_enabled": true,
            "name": "fgt_asg_terminate_fgt_on_demand_asg",
            "name_prefix": "",
            "role_arn": "",
            "schedule_expression": "",
            "tags": {
              "purpuse": "ASG_TEST"
            },
            "tags_all": {
              "purpuse": "ASG_TEST"
            }
          },
          "sensitive_attributes": [],
          "private": "bnVsbA==",
          "dependencies": [
            "module.security-vpc-gwlb.aws_lb.gwlb",
            "module.security-vpc-gwlb.aws_lb_listener.gwlb_ln",
            "module.security-vpc-gwlb.aws_lb_target_group.gwlb_tgp",
            "module.security-vpc-gwlb.aws_lb_target_group_attachment.gwlb_tgp_a",
            "module.security-vpc-gwlb.aws_vpc_endpoint.gwlb_endps",
            "module.security-vpc-gwlb.aws_vpc_endpoint_service.gwlb_ep_service",
            "module.security-vpc-gwlb.data.aws_network_interface.gwlb_intfs",
            "module.security-vpc.aws_internet_gateway.igw",
            "module.security-vpc.aws_security_group.secgrp",
            "module.security-vpc.aws_subnet.subnets",
            "module.security-vpc.aws_vpc.vpc",
            "module.security-vpc.data.aws_vpc.vpc"
          ]
        }
      ]
    },
    {
      "module": "module.fgt_asg[\"fgt_on_demand_asg\"]",
      "mode": "managed",
      "type": "aws_cloudwatch_event_target",
      "name": "fgt_asg_launch",
      "provider": "provider[\"registry.terraform.io/hashicorp/aws\"]",
      "instances": [
        {
          "schema_version": 1,
          "attributes": {
            "arn": "arn:aws:lambda:us-west-1:371571523880:function:fgt-asg-lambda_fgt_on_demand_asg",
            "batch_target": [],
            "dead_letter_config": [],
            "ecs_target": [],
            "event_bus_name": "default",
            "http_target": [],
            "id": "fgt_asg_launch_fgt_on_demand_asg-fgt_asg_launch_target_fgt_on_demand_asg",
            "input": "",
            "input_path": "",
            "input_transformer": [],
            "kinesis_target": [],
            "redshift_target": [],
            "retry_policy": [],
            "role_arn": "",
            "rule": "fgt_asg_launch_fgt_on_demand_asg",
            "run_command_targets": [],
            "sagemaker_pipeline_target": [],
            "sqs_target": [],
            "target_id": "fgt_asg_launch_target_fgt_on_demand_asg"
          },
          "sensitive_attributes": [],
          "private": "eyJzY2hlbWFfdmVyc2lvbiI6IjEifQ==",
          "dependencies": [
            "module.fgt_asg.aws_cloudwatch_event_rule.fgt_asg_launch",
            "module.fgt_asg.aws_iam_role.iam_for_lambda",
            "module.fgt_asg.aws_lambda_function.fgt_asg_lambda",
            "module.fgt_asg.aws_lambda_layer_version.lambda_layer_requests",
            "module.fgt_asg.aws_s3_bucket.fgt_lic",
            "module.fgt_asg.data.archive_file.lambda_public",
            "module.fgt_asg.data.aws_iam_policy_document.assume_role",
            "module.security-vpc-gwlb.aws_lb.gwlb",
            "module.security-vpc-gwlb.aws_lb_listener.gwlb_ln",
            "module.security-vpc-gwlb.aws_lb_target_group.gwlb_tgp",
            "module.security-vpc-gwlb.aws_lb_target_group_attachment.gwlb_tgp_a",
            "module.security-vpc-gwlb.aws_vpc_endpoint.gwlb_endps",
            "module.security-vpc-gwlb.aws_vpc_endpoint_service.gwlb_ep_service",
            "module.security-vpc-gwlb.data.aws_network_interface.gwlb_intfs",
            "module.security-vpc.aws_internet_gateway.igw",
            "module.security-vpc.aws_security_group.secgrp",
            "module.security-vpc.aws_subnet.subnets",
            "module.security-vpc.aws_vpc.vpc",
            "module.security-vpc.data.aws_vpc.vpc"
          ]
        }
      ]
    },
    {
      "module": "module.fgt_asg[\"fgt_on_demand_asg\"]",
      "mode": "managed",
      "type": "aws_cloudwatch_event_target",
      "name": "fgt_asg_terminate",
      "provider": "provider[\"registry.terraform.io/hashicorp/aws\"]",
      "instances": [
        {
          "schema_version": 1,
          "attributes": {
            "arn": "arn:aws:lambda:us-west-1:371571523880:function:fgt-asg-lambda_fgt_on_demand_asg",
            "batch_target": [],
            "dead_letter_config": [],
            "ecs_target": [],
            "event_bus_name": "default",
            "http_target": [],
            "id": "fgt_asg_terminate_fgt_on_demand_asg-fgt_asg_terminate_target_fgt_on_demand_asg",
            "input": "",
            "input_path": "",
            "input_transformer": [],
            "kinesis_target": [],
            "redshift_target": [],
            "retry_policy": [],
            "role_arn": "",
            "rule": "fgt_asg_terminate_fgt_on_demand_asg",
            "run_command_targets": [],
            "sagemaker_pipeline_target": [],
            "sqs_target": [],
            "target_id": "fgt_asg_terminate_target_fgt_on_demand_asg"
          },
          "sensitive_attributes": [],
          "private": "eyJzY2hlbWFfdmVyc2lvbiI6IjEifQ==",
          "dependencies": [
            "module.fgt_asg.aws_cloudwatch_event_rule.fgt_asg_terminate",
            "module.fgt_asg.aws_iam_role.iam_for_lambda",
            "module.fgt_asg.aws_lambda_function.fgt_asg_lambda",
            "module.fgt_asg.aws_lambda_layer_version.lambda_layer_requests",
            "module.fgt_asg.aws_s3_bucket.fgt_lic",
            "module.fgt_asg.data.archive_file.lambda_public",
            "module.fgt_asg.data.aws_iam_policy_document.assume_role",
            "module.security-vpc-gwlb.aws_lb.gwlb",
            "module.security-vpc-gwlb.aws_lb_listener.gwlb_ln",
            "module.security-vpc-gwlb.aws_lb_target_group.gwlb_tgp",
            "module.security-vpc-gwlb.aws_lb_target_group_attachment.gwlb_tgp_a",
            "module.security-vpc-gwlb.aws_vpc_endpoint.gwlb_endps",
            "module.security-vpc-gwlb.aws_vpc_endpoint_service.gwlb_ep_service",
            "module.security-vpc-gwlb.data.aws_network_interface.gwlb_intfs",
            "module.security-vpc.aws_internet_gateway.igw",
            "module.security-vpc.aws_security_group.secgrp",
            "module.security-vpc.aws_subnet.subnets",
            "module.security-vpc.aws_vpc.vpc",
            "module.security-vpc.data.aws_vpc.vpc"
          ]
        }
      ]
    },
    {
      "module": "module.fgt_asg[\"fgt_on_demand_asg\"]",
      "mode": "managed",
      "type": "aws_iam_role",
      "name": "iam_for_lambda",
      "provider": "provider[\"registry.terraform.io/hashicorp/aws\"]",
      "instances": [
        {
          "schema_version": 0,
          "attributes": {
            "arn": "arn:aws:iam::371571523880:role/iam_for_lambda-04a9eae5-fd67-ae6d-ff8d-67a95f8273f5",
            "assume_role_policy": "{\"Statement\":[{\"Action\":\"sts:AssumeRole\",\"Effect\":\"Allow\",\"Principal\":{\"Service\":\"lambda.amazonaws.com\"}}],\"Version\":\"2012-10-17\"}",
            "create_date": "2023-11-07T16:14:27Z",
            "description": "",
            "force_detach_policies": false,
            "id": "iam_for_lambda-04a9eae5-fd67-ae6d-ff8d-67a95f8273f5",
            "inline_policy": [],
            "managed_policy_arns": [],
            "max_session_duration": 3600,
            "name": "iam_for_lambda-04a9eae5-fd67-ae6d-ff8d-67a95f8273f5",
            "name_prefix": "",
            "path": "/",
            "permissions_boundary": "",
            "tags": {
              "purpuse": "ASG_TEST"
            },
            "tags_all": {
              "purpuse": "ASG_TEST"
            },
            "unique_id": "AROAVNA3DQEUOEXHQUL67"
          },
          "sensitive_attributes": [],
          "private": "bnVsbA==",
          "dependencies": [
            "module.fgt_asg.data.aws_iam_policy_document.assume_role",
            "module.security-vpc-gwlb.aws_lb.gwlb",
            "module.security-vpc-gwlb.aws_lb_listener.gwlb_ln",
            "module.security-vpc-gwlb.aws_lb_target_group.gwlb_tgp",
            "module.security-vpc-gwlb.aws_lb_target_group_attachment.gwlb_tgp_a",
            "module.security-vpc-gwlb.aws_vpc_endpoint.gwlb_endps",
            "module.security-vpc-gwlb.aws_vpc_endpoint_service.gwlb_ep_service",
            "module.security-vpc-gwlb.data.aws_network_interface.gwlb_intfs",
            "module.security-vpc.aws_internet_gateway.igw",
            "module.security-vpc.aws_security_group.secgrp",
            "module.security-vpc.aws_subnet.subnets",
            "module.security-vpc.aws_vpc.vpc",
            "module.security-vpc.data.aws_vpc.vpc"
          ]
        }
      ]
    },
    {
      "module": "module.fgt_asg[\"fgt_on_demand_asg\"]",
      "mode": "managed",
      "type": "aws_iam_role_policy",
      "name": "iam_policy",
      "provider": "provider[\"registry.terraform.io/hashicorp/aws\"]",
      "instances": [
        {
          "schema_version": 0,
          "attributes": {
            "id": "iam_for_lambda-04a9eae5-fd67-ae6d-ff8d-67a95f8273f5:lambda_iam_policy",
            "name": "lambda_iam_policy",
            "name_prefix": "",
            "policy": "{\"Version\":\"2012-10-17\",\"Statement\":[{\"Action\":[\"logs:CreateLogGroup\",\"logs:CreateLogStream\",\"logs:PutLogEvents\"],\"Effect\":\"Allow\",\"Resource\":\"arn:aws:logs:*:*:*\"},{\"Action\":[\"ec2:AllocateAddress\",\"ec2:AssociateAddress\",\"ec2:AttachNetworkInterface\",\"ec2:CreateNetworkInterface\",\"ec2:DescribeAddresses\",\"ec2:DescribeInstances\",\"ec2:DescribeNetworkInterfaces\",\"ec2:DescribeSubnets\",\"ec2:DeleteNetworkInterface\",\"ec2:DetachNetworkInterface\",\"ec2:DisassociateAddress\",\"ec2:ModifyNetworkInterfaceAttribute\",\"ec2:ModifyInstanceAttribute\",\"ec2:ReleaseAddress\",\"ec2:CreateTags\",\"autoscaling:CompleteLifecycleAction\",\"autoscaling:DescribeAutoScalingGroups\",\"s3:*\",\"s3-object-lambda:*\",\"lambda:InvokeFunction\",\"dynamodb:*\"],\"Effect\":\"Allow\",\"Resource\":\"*\"},{\"Action\":[\"events:PutRule\"],\"Effect\":\"Allow\",\"Resource\":\"arn:aws:events:*:*:rule/*\"}]}",
            "role": "iam_for_lambda-04a9eae5-fd67-ae6d-ff8d-67a95f8273f5"
          },
          "sensitive_attributes": [],
          "private": "bnVsbA==",
          "dependencies": [
            "module.fgt_asg.aws_iam_role.iam_for_lambda",
            "module.fgt_asg.data.aws_iam_policy_document.assume_role",
            "module.security-vpc-gwlb.aws_lb.gwlb",
            "module.security-vpc-gwlb.aws_lb_listener.gwlb_ln",
            "module.security-vpc-gwlb.aws_lb_target_group.gwlb_tgp",
            "module.security-vpc-gwlb.aws_lb_target_group_attachment.gwlb_tgp_a",
            "module.security-vpc-gwlb.aws_vpc_endpoint.gwlb_endps",
            "module.security-vpc-gwlb.aws_vpc_endpoint_service.gwlb_ep_service",
            "module.security-vpc-gwlb.data.aws_network_interface.gwlb_intfs",
            "module.security-vpc.aws_internet_gateway.igw",
            "module.security-vpc.aws_security_group.secgrp",
            "module.security-vpc.aws_subnet.subnets",
            "module.security-vpc.aws_vpc.vpc",
            "module.security-vpc.data.aws_vpc.vpc"
          ]
        }
      ]
    },
    {
      "module": "module.fgt_asg[\"fgt_on_demand_asg\"]",
      "mode": "managed",
      "type": "aws_lambda_function",
      "name": "fgt_asg_lambda",
      "provider": "provider[\"registry.terraform.io/hashicorp/aws\"]",
      "instances": [
        {
          "schema_version": 0,
          "attributes": {
            "architectures": [
              "x86_64"
            ],
            "arn": "arn:aws:lambda:us-west-1:371571523880:function:fgt-asg-lambda_fgt_on_demand_asg",
            "code_signing_config_arn": "",
            "dead_letter_config": [],
            "description": "",
            "environment": [
              {
                "variables": {
                  "asg_name": "fgt_on_demand_asg",
                  "az_name_map": "{\"us-west-1b\":\"geneve-az1\",\"us-west-1c\":\"geneve-az2\"}",
                  "create_geneve_for_all_az": "true",
                  "dynamodb_table_name": "fgt_asg_track_table",
                  "enable_fgt_system_autoscale": "true",
                  "fgt_multi_vdom": "false",
                  "fgt_system_autoscale_psksecret": "",
                  "fortiflex_configid_list": "[]",
                  "fortiflex_refresh_token": "",
                  "fortiflex_sn_list": "[]",
                  "gwlb_ips": "{\"subnet-0390320d482ff396e\":\"10.0.5.7\",\"subnet-04786eda1883d4af5\":\"10.0.1.34\"}",
                  "internal_lambda_name": "fgt-asg-lambda-internal_fgt_on_demand_asg",
                  "lic_s3_name": "fgt-asg-lic-16cc6c5a-cd44-f881-d931-12a22e8b118f",
                  "need_license": "false",
                  "network_interfaces": "{\"internal_traffic\":{\"device_index\":0,\"security_groups\":[\"sg-0a7fc16142f92b33b\"],\"subnet_id_map\":{\"us-west-1b\":\"subnet-04786eda1883d4af5\",\"us-west-1c\":\"subnet-0390320d482ff396e\"},\"to_gwlb\":true},\"mgmt\":{\"device_index\":1,\"enable_public_ip\":true,\"security_groups\":[\"sg-0a7fc16142f92b33b\"],\"source_dest_check\":true,\"subnet_id_map\":{\"us-west-1b\":\"subnet-0e1e48fe24bdd08c4\",\"us-west-1c\":\"subnet-0330c3b92c1e3e7c0\"}}}",
                  "user_conf": "# This is an FortiGate configuration example with two Geneve tunnel: geneve-az1, geneve-az2. Please add or remove based on your own value.\n# Geneve tunnel name will be with format 'geneve-az\u003cNUMBER\u003e'. Check 'az_name_map' of the output of template, which is map of Geneve tunnel name to the AZ name that supported in Security VPC.\n# Change port2 to port1 if fgt_intf_mode set to 1-arm.\n\nconfig router static\n    edit 0\n        set distance 5\n        set priority 100\n        set device \"geneve-az1\"\n    next\n    edit 0\n        set distance 5\n        set priority 100\n        set device \"geneve-az2\"\n    next\nend\n\n\nconfig router policy\n    edit 1\n        set input-device \"geneve-az1\"\n        set dst \"10.0.0.0/255.0.0.0\" \"172.16.0.0/255.240.0.0\" \"192.168.0.0/255.255.0.0\"\n        set output-device \"geneve-az1\"\n    next\n    edit 2\n        set input-device \"geneve-az2\"\n        set dst \"10.0.0.0/255.0.0.0\" \"172.16.0.0/255.240.0.0\" \"192.168.0.0/255.255.0.0\"\n        set output-device \"geneve-az2\"\n    next\nend\n\nconfig firewall policy\n    edit 0\n        set name \"geneve-az1\"\n        set srcintf \"geneve-az1\"\n        set dstintf \"port2\"\n        set action accept\n        set srcaddr \"all\"\n        set dstaddr \"all\"\n        set schedule \"always\"\n        set service \"ALL\"\n        set nat enable\n    next\nend\n\nconfig firewall policy\n    edit 0\n        set name \"geneve-az2\"\n        set srcintf \"geneve-az2\"\n        set dstintf \"port2\"\n        set action accept\n        set srcaddr \"all\"\n        set dstaddr \"all\"\n        set schedule \"always\"\n        set service \"ALL\"\n        set nat enable\n    next\nend\n\nconfig firewall policy\n    edit 0\n        set name \"internal\"\n        set srcintf \"geneve-az1\" \"geneve-az2\"\n        set dstintf \"geneve-az1\" \"geneve-az2\"\n        set action accept\n        set srcaddr \"all\"\n        set dstaddr \"all\"\n        set schedule \"always\"\n        set service \"ALL\"\n    next\nend",
                  "user_conf_s3": "{}"
                }
              }
            ],
            "ephemeral_storage": [
              {
                "size": 512
              }
            ],
            "file_system_config": [],
            "filename": "../../modules/fortigate/fgt_asg/fgt-asg-lambda.zip",
            "function_name": "fgt-asg-lambda_fgt_on_demand_asg",
            "handler": "fgt-asg-lambda.lambda_handler",
            "id": "fgt-asg-lambda_fgt_on_demand_asg",
            "image_config": [],
            "image_uri": "",
            "invoke_arn": "arn:aws:apigateway:us-west-1:lambda:path/2015-03-31/functions/arn:aws:lambda:us-west-1:371571523880:function:fgt-asg-lambda_fgt_on_demand_asg/invocations",
            "kms_key_arn": "",
            "last_modified": "2023-11-07T16:16:44.812+0000",
            "layers": [
              "arn:aws:lambda:us-west-1:371571523880:layer:lambda_layer_requests:15"
            ],
            "memory_size": 128,
            "package_type": "Zip",
            "publish": false,
            "qualified_arn": "arn:aws:lambda:us-west-1:371571523880:function:fgt-asg-lambda_fgt_on_demand_asg:$LATEST",
            "qualified_invoke_arn": "arn:aws:apigateway:us-west-1:lambda:path/2015-03-31/functions/arn:aws:lambda:us-west-1:371571523880:function:fgt-asg-lambda_fgt_on_demand_asg:$LATEST/invocations",
            "replace_security_groups_on_destroy": null,
            "replacement_security_group_ids": null,
            "reserved_concurrent_executions": -1,
            "role": "arn:aws:iam::371571523880:role/iam_for_lambda-04a9eae5-fd67-ae6d-ff8d-67a95f8273f5",
            "runtime": "python3.8",
            "s3_bucket": null,
            "s3_key": null,
            "s3_object_version": null,
            "signing_job_arn": "",
            "signing_profile_version_arn": "",
            "skip_destroy": false,
            "snap_start": [],
            "source_code_hash": "KD3jZU6KogQpsXLqy3JgYjfwZShttZAULXbqnTjAJ4k=",
            "source_code_size": 12646,
            "tags": {
              "purpuse": "ASG_TEST"
            },
            "tags_all": {
              "purpuse": "ASG_TEST"
            },
            "timeout": 500,
            "timeouts": null,
            "tracing_config": [
              {
                "mode": "PassThrough"
              }
            ],
            "version": "$LATEST",
            "vpc_config": []
          },
          "sensitive_attributes": [],
          "private": "eyJlMmJmYjczMC1lY2FhLTExZTYtOGY4OC0zNDM2M2JjN2M0YzAiOnsiY3JlYXRlIjo2MDAwMDAwMDAwMDAsImRlbGV0ZSI6NjAwMDAwMDAwMDAwLCJ1cGRhdGUiOjYwMDAwMDAwMDAwMH19",
          "dependencies": [
            "module.fgt_asg.aws_iam_role.iam_for_lambda",
            "module.fgt_asg.aws_lambda_layer_version.lambda_layer_requests",
            "module.fgt_asg.aws_s3_bucket.fgt_lic",
            "module.fgt_asg.data.archive_file.lambda_public",
            "module.fgt_asg.data.aws_iam_policy_document.assume_role",
            "module.security-vpc-gwlb.aws_lb.gwlb",
            "module.security-vpc-gwlb.aws_lb_listener.gwlb_ln",
            "module.security-vpc-gwlb.aws_lb_target_group.gwlb_tgp",
            "module.security-vpc-gwlb.aws_lb_target_group_attachment.gwlb_tgp_a",
            "module.security-vpc-gwlb.aws_vpc_endpoint.gwlb_endps",
            "module.security-vpc-gwlb.aws_vpc_endpoint_service.gwlb_ep_service",
            "module.security-vpc-gwlb.data.aws_network_interface.gwlb_intfs",
            "module.security-vpc.aws_internet_gateway.igw",
            "module.security-vpc.aws_security_group.secgrp",
            "module.security-vpc.aws_subnet.subnets",
            "module.security-vpc.aws_vpc.vpc",
            "module.security-vpc.data.aws_vpc.vpc"
          ]
        }
      ]
    },
    {
      "module": "module.fgt_asg[\"fgt_on_demand_asg\"]",
      "mode": "managed",
      "type": "aws_lambda_function",
      "name": "fgt_asg_lambda_internal",
      "provider": "provider[\"registry.terraform.io/hashicorp/aws\"]",
      "instances": [
        {
          "schema_version": 0,
          "attributes": {
            "architectures": [
              "x86_64"
            ],
            "arn": "arn:aws:lambda:us-west-1:371571523880:function:fgt-asg-lambda-internal_fgt_on_demand_asg",
            "code_signing_config_arn": "",
            "dead_letter_config": [],
            "description": "",
            "environment": [
              {
                "variables": {
                  "fgt_login_port_number": "",
                  "fgt_password": "pP@ssw0rd321"
                }
              }
            ],
            "ephemeral_storage": [
              {
                "size": 512
              }
            ],
            "file_system_config": [],
            "filename": "../../modules/fortigate/fgt_asg/fgt-asg-lambda-internal.zip",
            "function_name": "fgt-asg-lambda-internal_fgt_on_demand_asg",
            "handler": "fgt-asg-lambda-internal.lambda_handler",
            "id": "fgt-asg-lambda-internal_fgt_on_demand_asg",
            "image_config": [],
            "image_uri": "",
            "invoke_arn": "arn:aws:apigateway:us-west-1:lambda:path/2015-03-31/functions/arn:aws:lambda:us-west-1:371571523880:function:fgt-asg-lambda-internal_fgt_on_demand_asg/invocations",
            "kms_key_arn": "",
            "last_modified": "2023-11-07T16:14:36.705+0000",
            "layers": [
              "arn:aws:lambda:us-west-1:371571523880:layer:lambda_layer_requests:15"
            ],
            "memory_size": 128,
            "package_type": "Zip",
            "publish": false,
            "qualified_arn": "arn:aws:lambda:us-west-1:371571523880:function:fgt-asg-lambda-internal_fgt_on_demand_asg:$LATEST",
            "qualified_invoke_arn": "arn:aws:apigateway:us-west-1:lambda:path/2015-03-31/functions/arn:aws:lambda:us-west-1:371571523880:function:fgt-asg-lambda-internal_fgt_on_demand_asg:$LATEST/invocations",
            "replace_security_groups_on_destroy": null,
            "replacement_security_group_ids": null,
            "reserved_concurrent_executions": -1,
            "role": "arn:aws:iam::371571523880:role/iam_for_lambda-04a9eae5-fd67-ae6d-ff8d-67a95f8273f5",
            "runtime": "python3.8",
            "s3_bucket": null,
            "s3_key": null,
            "s3_object_version": null,
            "signing_job_arn": "",
            "signing_profile_version_arn": "",
            "skip_destroy": false,
            "snap_start": [],
            "source_code_hash": "OET8MCCOgLfOHyBi/dmBtLXDiCaHw9g5KgMFke6kbFo=",
            "source_code_size": 2458,
            "tags": {
              "purpuse": "ASG_TEST"
            },
            "tags_all": {
              "purpuse": "ASG_TEST"
            },
            "timeout": 500,
            "timeouts": null,
            "tracing_config": [
              {
                "mode": "PassThrough"
              }
            ],
            "version": "$LATEST",
            "vpc_config": [
              {
                "ipv6_allowed_for_dual_stack": false,
                "security_group_ids": [
                  "sg-0a7fc16142f92b33b"
                ],
                "subnet_ids": [
                  "subnet-0330c3b92c1e3e7c0",
                  "subnet-0390320d482ff396e",
                  "subnet-04786eda1883d4af5",
                  "subnet-0e1e48fe24bdd08c4"
                ],
                "vpc_id": "vpc-085a43e9fb92719b8"
              }
            ]
          },
          "sensitive_attributes": [],
          "private": "eyJlMmJmYjczMC1lY2FhLTExZTYtOGY4OC0zNDM2M2JjN2M0YzAiOnsiY3JlYXRlIjo2MDAwMDAwMDAwMDAsImRlbGV0ZSI6NjAwMDAwMDAwMDAwLCJ1cGRhdGUiOjYwMDAwMDAwMDAwMH19",
          "dependencies": [
            "module.fgt_asg.aws_iam_role.iam_for_lambda",
            "module.fgt_asg.aws_lambda_layer_version.lambda_layer_requests",
            "module.fgt_asg.data.archive_file.lambda_private",
            "module.fgt_asg.data.aws_iam_policy_document.assume_role",
            "module.security-vpc-gwlb.aws_lb.gwlb",
            "module.security-vpc-gwlb.aws_lb_listener.gwlb_ln",
            "module.security-vpc-gwlb.aws_lb_target_group.gwlb_tgp",
            "module.security-vpc-gwlb.aws_lb_target_group_attachment.gwlb_tgp_a",
            "module.security-vpc-gwlb.aws_vpc_endpoint.gwlb_endps",
            "module.security-vpc-gwlb.aws_vpc_endpoint_service.gwlb_ep_service",
            "module.security-vpc-gwlb.data.aws_network_interface.gwlb_intfs",
            "module.security-vpc.aws_internet_gateway.igw",
            "module.security-vpc.aws_security_group.secgrp",
            "module.security-vpc.aws_subnet.subnets",
            "module.security-vpc.aws_vpc.vpc",
            "module.security-vpc.data.aws_vpc.vpc"
          ]
        }
      ]
    },
    {
      "module": "module.fgt_asg[\"fgt_on_demand_asg\"]",
      "mode": "managed",
      "type": "aws_lambda_layer_version",
      "name": "lambda_layer_requests",
      "provider": "provider[\"registry.terraform.io/hashicorp/aws\"]",
      "instances": [
        {
          "schema_version": 0,
          "attributes": {
            "arn": "arn:aws:lambda:us-west-1:371571523880:layer:lambda_layer_requests:15",
            "compatible_architectures": null,
            "compatible_runtimes": [
              "python3.8"
            ],
            "created_date": "2023-11-07T16:14:34.919+0000",
            "description": "",
            "filename": "../../modules/fortigate/fgt_asg/requests_layer.zip",
            "id": "arn:aws:lambda:us-west-1:371571523880:layer:lambda_layer_requests:15",
            "layer_arn": "arn:aws:lambda:us-west-1:371571523880:layer:lambda_layer_requests",
            "layer_name": "lambda_layer_requests",
            "license_info": "",
            "s3_bucket": null,
            "s3_key": null,
            "s3_object_version": null,
            "signing_job_arn": "",
            "signing_profile_version_arn": "",
            "skip_destroy": false,
            "source_code_hash": "4mr4ftEvQPXymxg5+OoiISgEq8AViwVx87937tqx2r0=",
            "source_code_size": 899448,
            "version": "15"
          },
          "sensitive_attributes": [],
          "private": "bnVsbA==",
          "dependencies": [
            "module.security-vpc-gwlb.aws_lb.gwlb",
            "module.security-vpc-gwlb.aws_lb_listener.gwlb_ln",
            "module.security-vpc-gwlb.aws_lb_target_group.gwlb_tgp",
            "module.security-vpc-gwlb.aws_lb_target_group_attachment.gwlb_tgp_a",
            "module.security-vpc-gwlb.aws_vpc_endpoint.gwlb_endps",
            "module.security-vpc-gwlb.aws_vpc_endpoint_service.gwlb_ep_service",
            "module.security-vpc-gwlb.data.aws_network_interface.gwlb_intfs",
            "module.security-vpc.aws_internet_gateway.igw",
            "module.security-vpc.aws_security_group.secgrp",
            "module.security-vpc.aws_subnet.subnets",
            "module.security-vpc.aws_vpc.vpc",
            "module.security-vpc.data.aws_vpc.vpc"
          ]
        }
      ]
    },
    {
      "module": "module.fgt_asg[\"fgt_on_demand_asg\"]",
      "mode": "managed",
      "type": "aws_lambda_permission",
      "name": "lambda_permission",
      "provider": "provider[\"registry.terraform.io/hashicorp/aws\"]",
      "instances": [
        {
          "schema_version": 0,
          "attributes": {
            "action": "lambda:InvokeFunction",
            "event_source_token": null,
            "function_name": "fgt-asg-lambda_fgt_on_demand_asg",
            "function_url_auth_type": null,
            "id": "terraform-20231107161656545600000005",
            "principal": "events.amazonaws.com",
            "principal_org_id": null,
            "qualifier": "",
            "source_account": null,
            "source_arn": null,
            "statement_id": "terraform-20231107161656545600000005",
            "statement_id_prefix": "terraform-"
          },
          "sensitive_attributes": [],
          "private": "bnVsbA==",
          "dependencies": [
            "module.fgt_asg.aws_iam_role.iam_for_lambda",
            "module.fgt_asg.aws_lambda_function.fgt_asg_lambda",
            "module.fgt_asg.aws_lambda_layer_version.lambda_layer_requests",
            "module.fgt_asg.aws_s3_bucket.fgt_lic",
            "module.fgt_asg.data.archive_file.lambda_public",
            "module.fgt_asg.data.aws_iam_policy_document.assume_role",
            "module.security-vpc-gwlb.aws_lb.gwlb",
            "module.security-vpc-gwlb.aws_lb_listener.gwlb_ln",
            "module.security-vpc-gwlb.aws_lb_target_group.gwlb_tgp",
            "module.security-vpc-gwlb.aws_lb_target_group_attachment.gwlb_tgp_a",
            "module.security-vpc-gwlb.aws_vpc_endpoint.gwlb_endps",
            "module.security-vpc-gwlb.aws_vpc_endpoint_service.gwlb_ep_service",
            "module.security-vpc-gwlb.data.aws_network_interface.gwlb_intfs",
            "module.security-vpc.aws_internet_gateway.igw",
            "module.security-vpc.aws_security_group.secgrp",
            "module.security-vpc.aws_subnet.subnets",
            "module.security-vpc.aws_vpc.vpc",
            "module.security-vpc.data.aws_vpc.vpc"
          ]
        }
      ]
    },
    {
      "module": "module.fgt_asg[\"fgt_on_demand_asg\"]",
      "mode": "managed",
      "type": "aws_launch_template",
      "name": "fgt",
      "provider": "provider[\"registry.terraform.io/hashicorp/aws\"]",
      "instances": [
        {
          "schema_version": 0,
          "attributes": {
            "arn": "arn:aws:ec2:us-west-1:371571523880:launch-template/lt-0e42979c21c84bc6a",
            "block_device_mappings": [],
            "capacity_reservation_specification": [],
            "cpu_options": [],
            "credit_specification": [],
            "default_version": 1,
            "description": "",
            "disable_api_stop": false,
            "disable_api_termination": false,
            "ebs_optimized": "",
            "elastic_gpu_specifications": [],
            "elastic_inference_accelerator": [],
            "enclave_options": [],
            "hibernation_options": [],
            "iam_instance_profile": [],
            "id": "lt-0e42979c21c84bc6a",
            "image_id": "ami-0df235b48e59a6256",
            "instance_initiated_shutdown_behavior": "",
            "instance_market_options": [],
            "instance_requirements": [],
            "instance_type": "c5.xlarge",
            "kernel_id": "",
            "key_name": "us-west1-fgallego",
            "latest_version": 1,
            "license_specification": [],
            "maintenance_options": [],
            "metadata_options": [],
            "monitoring": [],
            "name": "fgt_asg_template_on_demand",
            "name_prefix": "",
            "network_interfaces": [
              {
                "associate_carrier_ip_address": "",
                "associate_public_ip_address": "",
                "delete_on_termination": "",
                "description": "",
                "device_index": 0,
                "interface_type": "",
                "ipv4_address_count": 0,
                "ipv4_addresses": null,
                "ipv4_prefix_count": 0,
                "ipv4_prefixes": null,
                "ipv6_address_count": 0,
                "ipv6_addresses": null,
                "ipv6_prefix_count": 0,
                "ipv6_prefixes": null,
                "network_card_index": 0,
                "network_interface_id": "",
                "private_ip_address": "",
                "security_groups": [
                  "sg-0a7fc16142f92b33b"
                ],
                "subnet_id": "subnet-04786eda1883d4af5"
              }
            ],
            "placement": [],
            "private_dns_name_options": [],
            "ram_disk_id": "",
            "security_group_names": null,
            "tag_specifications": [
              {
                "resource_type": "instance",
                "tags": {
                  "purpuse": "ASG_TEST"
                }
              }
            ],
            "tags": {
              "purpuse": "ASG_TEST"
            },
            "tags_all": {
              "purpuse": "ASG_TEST"
            },
            "update_default_version": true,
            "user_data": "Cgpjb25maWcgc3lzdGVtIGludGVyZmFjZQogICAgZWRpdCAicG9ydDEiCiAgICAgICAgc2V0IGFsbG93YWNjZXNzIHBpbmcgaHR0cHMgc3NoIHNubXAgaHR0cCB0ZWxuZXQgZmdmbQogICAgICAgICAgICAgICAgc2V0IG1vZGUgZGhjcAogICAgICAgICAgICAgICAgc2V0IGRpc3RhbmNlIDYKICAgICAgICAgICAgICAgICAgICBuZXh0CmVuZAoKY29uZmlnIHN5c3RlbSBpbnRlcmZhY2UKICAgIGVkaXQgInBvcnQyIgogICAgICAgIHNldCBhbGxvd2FjY2VzcyBwaW5nIGh0dHBzIHNzaCBzbm1wIGh0dHAgdGVsbmV0IGZnZm0KICAgICAgICAgICAgICAgIHNldCBtb2RlIGRoY3AKICAgICAgICAgICAgICAgIHNldCBkZWZhdWx0Z3cgZW5hYmxlCiAgICAgICAgICAgICAgICAgICAgbmV4dAplbmQKCg==",
            "vpc_security_group_ids": null
          },
          "sensitive_attributes": [],
          "private": "bnVsbA==",
          "dependencies": [
            "module.fgt_asg.data.aws_ami.fgt_ami",
            "module.security-vpc-gwlb.aws_lb.gwlb",
            "module.security-vpc-gwlb.aws_lb_listener.gwlb_ln",
            "module.security-vpc-gwlb.aws_lb_target_group.gwlb_tgp",
            "module.security-vpc-gwlb.aws_lb_target_group_attachment.gwlb_tgp_a",
            "module.security-vpc-gwlb.aws_vpc_endpoint.gwlb_endps",
            "module.security-vpc-gwlb.aws_vpc_endpoint_service.gwlb_ep_service",
            "module.security-vpc-gwlb.data.aws_network_interface.gwlb_intfs",
            "module.security-vpc.aws_internet_gateway.igw",
            "module.security-vpc.aws_security_group.secgrp",
            "module.security-vpc.aws_subnet.subnets",
            "module.security-vpc.aws_vpc.vpc",
            "module.security-vpc.data.aws_vpc.vpc"
          ]
        }
      ]
    },
    {
      "module": "module.fgt_asg[\"fgt_on_demand_asg\"]",
      "mode": "managed",
      "type": "aws_s3_bucket",
      "name": "fgt_lic",
      "provider": "provider[\"registry.terraform.io/hashicorp/aws\"]",
      "instances": [
        {
          "index_key": 0,
          "schema_version": 0,
          "attributes": {
            "acceleration_status": "",
            "acl": null,
            "arn": "arn:aws:s3:::fgt-asg-lic-16cc6c5a-cd44-f881-d931-12a22e8b118f",
            "bucket": "fgt-asg-lic-16cc6c5a-cd44-f881-d931-12a22e8b118f",
            "bucket_domain_name": "fgt-asg-lic-16cc6c5a-cd44-f881-d931-12a22e8b118f.s3.amazonaws.com",
            "bucket_prefix": "",
            "bucket_regional_domain_name": "fgt-asg-lic-16cc6c5a-cd44-f881-d931-12a22e8b118f.s3.us-west-1.amazonaws.com",
            "cors_rule": [],
            "force_destroy": false,
            "grant": [
              {
                "id": "094a1409bc54c346b2c27bc1ae8ba1aa8b1b6e3cc5cf24c5afb84260784d0ca0",
                "permissions": [
                  "FULL_CONTROL"
                ],
                "type": "CanonicalUser",
                "uri": ""
              }
            ],
            "hosted_zone_id": "Z2F56UZL2M1ACD",
            "id": "fgt-asg-lic-16cc6c5a-cd44-f881-d931-12a22e8b118f",
            "lifecycle_rule": [],
            "logging": [],
            "object_lock_configuration": [],
            "object_lock_enabled": false,
            "policy": "",
            "region": "us-west-1",
            "replication_configuration": [],
            "request_payer": "BucketOwner",
            "server_side_encryption_configuration": [
              {
                "rule": [
                  {
                    "apply_server_side_encryption_by_default": [
                      {
                        "kms_master_key_id": "",
                        "sse_algorithm": "AES256"
                      }
                    ],
                    "bucket_key_enabled": false
                  }
                ]
              }
            ],
            "tags": {
              "purpuse": "ASG_TEST"
            },
            "tags_all": {
              "purpuse": "ASG_TEST"
            },
            "timeouts": null,
            "versioning": [
              {
                "enabled": false,
                "mfa_delete": false
              }
            ],
            "website": [],
            "website_domain": null,
            "website_endpoint": null
          },
          "sensitive_attributes": [],
          "private": "eyJlMmJmYjczMC1lY2FhLTExZTYtOGY4OC0zNDM2M2JjN2M0YzAiOnsiY3JlYXRlIjoxMjAwMDAwMDAwMDAwLCJkZWxldGUiOjM2MDAwMDAwMDAwMDAsInJlYWQiOjEyMDAwMDAwMDAwMDAsInVwZGF0ZSI6MTIwMDAwMDAwMDAwMH19",
          "dependencies": [
            "module.security-vpc-gwlb.aws_lb.gwlb",
            "module.security-vpc-gwlb.aws_lb_listener.gwlb_ln",
            "module.security-vpc-gwlb.aws_lb_target_group.gwlb_tgp",
            "module.security-vpc-gwlb.aws_lb_target_group_attachment.gwlb_tgp_a",
            "module.security-vpc-gwlb.aws_vpc_endpoint.gwlb_endps",
            "module.security-vpc-gwlb.aws_vpc_endpoint_service.gwlb_ep_service",
            "module.security-vpc-gwlb.data.aws_network_interface.gwlb_intfs",
            "module.security-vpc.aws_internet_gateway.igw",
            "module.security-vpc.aws_security_group.secgrp",
            "module.security-vpc.aws_subnet.subnets",
            "module.security-vpc.aws_vpc.vpc",
            "module.security-vpc.data.aws_vpc.vpc"
          ]
        }
      ]
    },
    {
      "module": "module.fgt_asg[\"fgt_on_demand_asg\"]",
      "mode": "managed",
      "type": "aws_s3_object",
      "name": "fgt_intf_track_file",
      "provider": "provider[\"registry.terraform.io/hashicorp/aws\"]",
      "instances": [
        {
          "index_key": 0,
          "schema_version": 0,
          "attributes": {
            "acl": null,
            "bucket": "fgt-asg-lic-16cc6c5a-cd44-f881-d931-12a22e8b118f",
            "bucket_key_enabled": false,
            "cache_control": "",
            "checksum_algorithm": null,
            "checksum_crc32": "",
            "checksum_crc32c": "",
            "checksum_sha1": "",
            "checksum_sha256": "",
            "content": "{}",
            "content_base64": null,
            "content_disposition": "",
            "content_encoding": "",
            "content_language": "",
            "content_type": "application/octet-stream",
            "etag": "99914b932bd37a50b983c5e7c90ae93b",
            "force_destroy": false,
            "id": "intf_track.json",
            "key": "intf_track.json",
            "kms_key_id": null,
            "metadata": null,
            "object_lock_legal_hold_status": "",
            "object_lock_mode": "",
            "object_lock_retain_until_date": "",
            "server_side_encryption": "AES256",
            "source": null,
            "source_hash": null,
            "storage_class": "STANDARD",
            "tags": {
              "purpuse": "ASG_TEST"
            },
            "tags_all": {
              "purpuse": "ASG_TEST"
            },
            "version_id": "",
            "website_redirect": ""
          },
          "sensitive_attributes": [],
          "private": "bnVsbA==",
          "dependencies": [
            "module.fgt_asg.aws_s3_bucket.fgt_lic",
            "module.security-vpc-gwlb.aws_lb.gwlb",
            "module.security-vpc-gwlb.aws_lb_listener.gwlb_ln",
            "module.security-vpc-gwlb.aws_lb_target_group.gwlb_tgp",
            "module.security-vpc-gwlb.aws_lb_target_group_attachment.gwlb_tgp_a",
            "module.security-vpc-gwlb.aws_vpc_endpoint.gwlb_endps",
            "module.security-vpc-gwlb.aws_vpc_endpoint_service.gwlb_ep_service",
            "module.security-vpc-gwlb.data.aws_network_interface.gwlb_intfs",
            "module.security-vpc.aws_internet_gateway.igw",
            "module.security-vpc.aws_security_group.secgrp",
            "module.security-vpc.aws_subnet.subnets",
            "module.security-vpc.aws_vpc.vpc",
            "module.security-vpc.data.aws_vpc.vpc"
          ]
        }
      ]
    },
    {
      "module": "module.fgt_asg[\"fgt_on_demand_asg\"]",
      "mode": "managed",
      "type": "aws_s3_object",
      "name": "fgt_lic_track_file",
      "provider": "provider[\"registry.terraform.io/hashicorp/aws\"]",
      "instances": [
        {
          "index_key": 0,
          "schema_version": 0,
          "attributes": {
            "acl": null,
            "bucket": "fgt-asg-lic-16cc6c5a-cd44-f881-d931-12a22e8b118f",
            "bucket_key_enabled": false,
            "cache_control": "",
            "checksum_algorithm": null,
            "checksum_crc32": "",
            "checksum_crc32c": "",
            "checksum_sha1": "",
            "checksum_sha256": "",
            "content": "{}",
            "content_base64": null,
            "content_disposition": "",
            "content_encoding": "",
            "content_language": "",
            "content_type": "application/octet-stream",
            "etag": "99914b932bd37a50b983c5e7c90ae93b",
            "force_destroy": false,
            "id": "asg-fgt-lic-track.json",
            "key": "asg-fgt-lic-track.json",
            "kms_key_id": null,
            "metadata": null,
            "object_lock_legal_hold_status": "",
            "object_lock_mode": "",
            "object_lock_retain_until_date": "",
            "server_side_encryption": "AES256",
            "source": null,
            "source_hash": null,
            "storage_class": "STANDARD",
            "tags": {
              "purpuse": "ASG_TEST"
            },
            "tags_all": {
              "purpuse": "ASG_TEST"
            },
            "version_id": "",
            "website_redirect": ""
          },
          "sensitive_attributes": [],
          "private": "bnVsbA==",
          "dependencies": [
            "module.fgt_asg.aws_s3_bucket.fgt_lic",
            "module.security-vpc-gwlb.aws_lb.gwlb",
            "module.security-vpc-gwlb.aws_lb_listener.gwlb_ln",
            "module.security-vpc-gwlb.aws_lb_target_group.gwlb_tgp",
            "module.security-vpc-gwlb.aws_lb_target_group_attachment.gwlb_tgp_a",
            "module.security-vpc-gwlb.aws_vpc_endpoint.gwlb_endps",
            "module.security-vpc-gwlb.aws_vpc_endpoint_service.gwlb_ep_service",
            "module.security-vpc-gwlb.data.aws_network_interface.gwlb_intfs",
            "module.security-vpc.aws_internet_gateway.igw",
            "module.security-vpc.aws_security_group.secgrp",
            "module.security-vpc.aws_subnet.subnets",
            "module.security-vpc.aws_vpc.vpc",
            "module.security-vpc.data.aws_vpc.vpc"
          ]
        }
      ]
    },
    {
      "module": "module.propagate_spk_to_tgwrt",
      "mode": "managed",
      "type": "aws_ec2_transit_gateway_route_table_propagation",
      "name": "tgw_rt_p",
      "provider": "provider[\"registry.terraform.io/hashicorp/aws\"]",
      "instances": [
        {
          "index_key": "0",
          "schema_version": 0,
          "attributes": {
            "id": "tgw-rtb-05fe0b2576e853a6c_tgw-attach-050eaab68d08a5c49",
            "resource_id": "<YOUR_EXISTING_VPC_SPOKE_ID>",
            "resource_type": "vpc",
            "transit_gateway_attachment_id": "tgw-attach-050eaab68d08a5c49",
            "transit_gateway_route_table_id": "tgw-rtb-05fe0b2576e853a6c"
          },
          "sensitive_attributes": [],
          "private": "bnVsbA==",
          "dependencies": [
            "module.propagate_spk_to_tgwrt.aws_ec2_transit_gateway_route_table.tgw_rt",
            "module.propagate_spk_to_tgwrt.data.aws_ec2_transit_gateway_route_table.tgw_rt",
            "module.security-vpc.aws_internet_gateway.igw",
            "module.security-vpc.aws_security_group.secgrp",
            "module.security-vpc.aws_subnet.subnets",
            "module.security-vpc.aws_vpc.vpc",
            "module.security-vpc.data.aws_vpc.vpc",
            "module.spoke_vpc_tgw_attachment.aws_ec2_transit_gateway.tgw",
            "module.spoke_vpc_tgw_attachment.aws_ec2_transit_gateway_vpc_attachment.tgw_attachments",
            "module.spoke_vpc_tgw_attachment.data.aws_ec2_transit_gateway.tgw",
            "module.tgw_rt_secvpc.aws_ec2_transit_gateway_route_table.tgw_rt",
            "module.tgw_rt_secvpc.data.aws_ec2_transit_gateway_route_table.tgw_rt",
            "module.transit-gw.aws_ec2_transit_gateway.tgw",
            "module.transit-gw.aws_ec2_transit_gateway_vpc_attachment.tgw_attachments",
            "module.transit-gw.data.aws_ec2_transit_gateway.tgw"
          ]
        }
      ]
    },
    {
      "module": "module.security-vpc",
      "mode": "managed",
      "type": "aws_internet_gateway",
      "name": "igw",
      "provider": "provider[\"registry.terraform.io/hashicorp/aws\"]",
      "instances": [
        {
          "index_key": 0,
          "schema_version": 0,
          "attributes": {
            "arn": "arn:aws:ec2:us-west-1:371571523880:internet-gateway/igw-00e7bf9474ae9e6a2",
            "id": "igw-00e7bf9474ae9e6a2",
            "owner_id": "371571523880",
            "tags": {
              "Name": "security-vpc-igw",
              "purpuse": "ASG_TEST"
            },
            "tags_all": {
              "Name": "security-vpc-igw",
              "purpuse": "ASG_TEST"
            },
            "timeouts": null,
            "vpc_id": "vpc-085a43e9fb92719b8"
          },
          "sensitive_attributes": [],
          "private": "eyJlMmJmYjczMC1lY2FhLTExZTYtOGY4OC0zNDM2M2JjN2M0YzAiOnsiY3JlYXRlIjoxMjAwMDAwMDAwMDAwLCJkZWxldGUiOjEyMDAwMDAwMDAwMDAsInVwZGF0ZSI6MTIwMDAwMDAwMDAwMH19",
          "dependencies": [
            "module.security-vpc.aws_vpc.vpc",
            "module.security-vpc.data.aws_vpc.vpc"
          ],
          "create_before_destroy": true
        }
      ]
    },
    {
      "module": "module.security-vpc",
      "mode": "managed",
      "type": "aws_security_group",
      "name": "secgrp",
      "provider": "provider[\"registry.terraform.io/hashicorp/aws\"]",
      "instances": [
        {
          "index_key": "secgrp1",
          "schema_version": 1,
          "attributes": {
            "arn": "arn:aws:ec2:us-west-1:371571523880:security-group/sg-0a7fc16142f92b33b",
            "description": "Security group by Terraform",
            "egress": [
              {
                "cidr_blocks": [
                  "0.0.0.0/0"
                ],
                "description": "",
                "from_port": 0,
                "ipv6_cidr_blocks": [],
                "prefix_list_ids": [],
                "protocol": "-1",
                "security_groups": [],
                "self": false,
                "to_port": 0
              }
            ],
            "id": "sg-0a7fc16142f92b33b",
            "ingress": [
              {
                "cidr_blocks": [
                  "0.0.0.0/0"
                ],
                "description": "",
                "from_port": 0,
                "ipv6_cidr_blocks": [],
                "prefix_list_ids": [],
                "protocol": "-1",
                "security_groups": [],
                "self": false,
                "to_port": 0
              }
            ],
            "name": "secgrp1",
            "name_prefix": "",
            "owner_id": "371571523880",
            "revoke_rules_on_delete": false,
            "tags": {
              "purpuse": "ASG_TEST"
            },
            "tags_all": {
              "purpuse": "ASG_TEST"
            },
            "timeouts": null,
            "vpc_id": "vpc-085a43e9fb92719b8"
          },
          "sensitive_attributes": [],
          "private": "eyJlMmJmYjczMC1lY2FhLTExZTYtOGY4OC0zNDM2M2JjN2M0YzAiOnsiY3JlYXRlIjo2MDAwMDAwMDAwMDAsImRlbGV0ZSI6OTAwMDAwMDAwMDAwfSwic2NoZW1hX3ZlcnNpb24iOiIxIn0=",
          "dependencies": [
            "module.security-vpc.aws_vpc.vpc",
            "module.security-vpc.data.aws_vpc.vpc"
          ],
          "create_before_destroy": true
        }
      ]
    },
    {
      "module": "module.security-vpc",
      "mode": "managed",
      "type": "aws_subnet",
      "name": "subnets",
      "provider": "provider[\"registry.terraform.io/hashicorp/aws\"]",
      "instances": [
        {
          "index_key": "fgt_internal_us-west-1b",
          "schema_version": 1,
          "attributes": {
            "arn": "arn:aws:ec2:us-west-1:371571523880:subnet/subnet-04786eda1883d4af5",
            "assign_ipv6_address_on_creation": false,
            "availability_zone": "us-west-1b",
            "availability_zone_id": "usw1-az3",
            "cidr_block": "10.0.1.0/24",
            "customer_owned_ipv4_pool": "",
            "enable_dns64": false,
            "enable_lni_at_device_index": 0,
            "enable_resource_name_dns_a_record_on_launch": false,
            "enable_resource_name_dns_aaaa_record_on_launch": false,
            "id": "subnet-04786eda1883d4af5",
            "ipv6_cidr_block": "",
            "ipv6_cidr_block_association_id": "",
            "ipv6_native": false,
            "map_customer_owned_ip_on_launch": false,
            "map_public_ip_on_launch": false,
            "outpost_arn": "",
            "owner_id": "371571523880",
            "private_dns_hostname_type_on_launch": "ip-name",
            "tags": {
              "Name": "fgt_internal_us-west-1b",
              "purpuse": "ASG_TEST"
            },
            "tags_all": {
              "Name": "fgt_internal_us-west-1b",
              "purpuse": "ASG_TEST"
            },
            "timeouts": null,
            "vpc_id": "vpc-085a43e9fb92719b8"
          },
          "sensitive_attributes": [],
          "private": "eyJlMmJmYjczMC1lY2FhLTExZTYtOGY4OC0zNDM2M2JjN2M0YzAiOnsiY3JlYXRlIjo2MDAwMDAwMDAwMDAsImRlbGV0ZSI6MTIwMDAwMDAwMDAwMH0sInNjaGVtYV92ZXJzaW9uIjoiMSJ9",
          "dependencies": [
            "module.security-vpc.aws_vpc.vpc",
            "module.security-vpc.data.aws_vpc.vpc"
          ],
          "create_before_destroy": true
        },
        {
          "index_key": "fgt_internal_us-west-1c",
          "schema_version": 1,
          "attributes": {
            "arn": "arn:aws:ec2:us-west-1:371571523880:subnet/subnet-0390320d482ff396e",
            "assign_ipv6_address_on_creation": false,
            "availability_zone": "us-west-1c",
            "availability_zone_id": "usw1-az1",
            "cidr_block": "10.0.5.0/24",
            "customer_owned_ipv4_pool": "",
            "enable_dns64": false,
            "enable_lni_at_device_index": 0,
            "enable_resource_name_dns_a_record_on_launch": false,
            "enable_resource_name_dns_aaaa_record_on_launch": false,
            "id": "subnet-0390320d482ff396e",
            "ipv6_cidr_block": "",
            "ipv6_cidr_block_association_id": "",
            "ipv6_native": false,
            "map_customer_owned_ip_on_launch": false,
            "map_public_ip_on_launch": false,
            "outpost_arn": "",
            "owner_id": "371571523880",
            "private_dns_hostname_type_on_launch": "ip-name",
            "tags": {
              "Name": "fgt_internal_us-west-1c",
              "purpuse": "ASG_TEST"
            },
            "tags_all": {
              "Name": "fgt_internal_us-west-1c",
              "purpuse": "ASG_TEST"
            },
            "timeouts": null,
            "vpc_id": "vpc-085a43e9fb92719b8"
          },
          "sensitive_attributes": [],
          "private": "eyJlMmJmYjczMC1lY2FhLTExZTYtOGY4OC0zNDM2M2JjN2M0YzAiOnsiY3JlYXRlIjo2MDAwMDAwMDAwMDAsImRlbGV0ZSI6MTIwMDAwMDAwMDAwMH0sInNjaGVtYV92ZXJzaW9uIjoiMSJ9",
          "dependencies": [
            "module.security-vpc.aws_vpc.vpc",
            "module.security-vpc.data.aws_vpc.vpc"
          ],
          "create_before_destroy": true
        },
        {
          "index_key": "fgt_login_us-west-1b",
          "schema_version": 1,
          "attributes": {
            "arn": "arn:aws:ec2:us-west-1:371571523880:subnet/subnet-0e1e48fe24bdd08c4",
            "assign_ipv6_address_on_creation": false,
            "availability_zone": "us-west-1b",
            "availability_zone_id": "usw1-az3",
            "cidr_block": "10.0.0.0/24",
            "customer_owned_ipv4_pool": "",
            "enable_dns64": false,
            "enable_lni_at_device_index": 0,
            "enable_resource_name_dns_a_record_on_launch": false,
            "enable_resource_name_dns_aaaa_record_on_launch": false,
            "id": "subnet-0e1e48fe24bdd08c4",
            "ipv6_cidr_block": "",
            "ipv6_cidr_block_association_id": "",
            "ipv6_native": false,
            "map_customer_owned_ip_on_launch": false,
            "map_public_ip_on_launch": false,
            "outpost_arn": "",
            "owner_id": "371571523880",
            "private_dns_hostname_type_on_launch": "ip-name",
            "tags": {
              "Name": "fgt_login_us-west-1b",
              "purpuse": "ASG_TEST"
            },
            "tags_all": {
              "Name": "fgt_login_us-west-1b",
              "purpuse": "ASG_TEST"
            },
            "timeouts": null,
            "vpc_id": "vpc-085a43e9fb92719b8"
          },
          "sensitive_attributes": [],
          "private": "eyJlMmJmYjczMC1lY2FhLTExZTYtOGY4OC0zNDM2M2JjN2M0YzAiOnsiY3JlYXRlIjo2MDAwMDAwMDAwMDAsImRlbGV0ZSI6MTIwMDAwMDAwMDAwMH0sInNjaGVtYV92ZXJzaW9uIjoiMSJ9",
          "dependencies": [
            "module.security-vpc.aws_vpc.vpc",
            "module.security-vpc.data.aws_vpc.vpc"
          ],
          "create_before_destroy": true
        },
        {
          "index_key": "fgt_login_us-west-1c",
          "schema_version": 1,
          "attributes": {
            "arn": "arn:aws:ec2:us-west-1:371571523880:subnet/subnet-0330c3b92c1e3e7c0",
            "assign_ipv6_address_on_creation": false,
            "availability_zone": "us-west-1c",
            "availability_zone_id": "usw1-az1",
            "cidr_block": "10.0.4.0/24",
            "customer_owned_ipv4_pool": "",
            "enable_dns64": false,
            "enable_lni_at_device_index": 0,
            "enable_resource_name_dns_a_record_on_launch": false,
            "enable_resource_name_dns_aaaa_record_on_launch": false,
            "id": "subnet-0330c3b92c1e3e7c0",
            "ipv6_cidr_block": "",
            "ipv6_cidr_block_association_id": "",
            "ipv6_native": false,
            "map_customer_owned_ip_on_launch": false,
            "map_public_ip_on_launch": false,
            "outpost_arn": "",
            "owner_id": "371571523880",
            "private_dns_hostname_type_on_launch": "ip-name",
            "tags": {
              "Name": "fgt_login_us-west-1c",
              "purpuse": "ASG_TEST"
            },
            "tags_all": {
              "Name": "fgt_login_us-west-1c",
              "purpuse": "ASG_TEST"
            },
            "timeouts": null,
            "vpc_id": "vpc-085a43e9fb92719b8"
          },
          "sensitive_attributes": [],
          "private": "eyJlMmJmYjczMC1lY2FhLTExZTYtOGY4OC0zNDM2M2JjN2M0YzAiOnsiY3JlYXRlIjo2MDAwMDAwMDAwMDAsImRlbGV0ZSI6MTIwMDAwMDAwMDAwMH0sInNjaGVtYV92ZXJzaW9uIjoiMSJ9",
          "dependencies": [
            "module.security-vpc.aws_vpc.vpc",
            "module.security-vpc.data.aws_vpc.vpc"
          ],
          "create_before_destroy": true
        },
        {
          "index_key": "gwlbe_us-west-1b",
          "schema_version": 1,
          "attributes": {
            "arn": "arn:aws:ec2:us-west-1:371571523880:subnet/subnet-0d44a2a1a38ca91d9",
            "assign_ipv6_address_on_creation": false,
            "availability_zone": "us-west-1b",
            "availability_zone_id": "usw1-az3",
            "cidr_block": "10.0.3.0/24",
            "customer_owned_ipv4_pool": "",
            "enable_dns64": false,
            "enable_lni_at_device_index": 0,
            "enable_resource_name_dns_a_record_on_launch": false,
            "enable_resource_name_dns_aaaa_record_on_launch": false,
            "id": "subnet-0d44a2a1a38ca91d9",
            "ipv6_cidr_block": "",
            "ipv6_cidr_block_association_id": "",
            "ipv6_native": false,
            "map_customer_owned_ip_on_launch": false,
            "map_public_ip_on_launch": false,
            "outpost_arn": "",
            "owner_id": "371571523880",
            "private_dns_hostname_type_on_launch": "ip-name",
            "tags": {
              "Name": "gwlbe_us-west-1b",
              "purpuse": "ASG_TEST"
            },
            "tags_all": {
              "Name": "gwlbe_us-west-1b",
              "purpuse": "ASG_TEST"
            },
            "timeouts": null,
            "vpc_id": "vpc-085a43e9fb92719b8"
          },
          "sensitive_attributes": [],
          "private": "eyJlMmJmYjczMC1lY2FhLTExZTYtOGY4OC0zNDM2M2JjN2M0YzAiOnsiY3JlYXRlIjo2MDAwMDAwMDAwMDAsImRlbGV0ZSI6MTIwMDAwMDAwMDAwMH0sInNjaGVtYV92ZXJzaW9uIjoiMSJ9",
          "dependencies": [
            "module.security-vpc.aws_vpc.vpc",
            "module.security-vpc.data.aws_vpc.vpc"
          ],
          "create_before_destroy": true
        },
        {
          "index_key": "gwlbe_us-west-1c",
          "schema_version": 1,
          "attributes": {
            "arn": "arn:aws:ec2:us-west-1:371571523880:subnet/subnet-0f8b9069dd6df09a7",
            "assign_ipv6_address_on_creation": false,
            "availability_zone": "us-west-1c",
            "availability_zone_id": "usw1-az1",
            "cidr_block": "10.0.7.0/24",
            "customer_owned_ipv4_pool": "",
            "enable_dns64": false,
            "enable_lni_at_device_index": 0,
            "enable_resource_name_dns_a_record_on_launch": false,
            "enable_resource_name_dns_aaaa_record_on_launch": false,
            "id": "subnet-0f8b9069dd6df09a7",
            "ipv6_cidr_block": "",
            "ipv6_cidr_block_association_id": "",
            "ipv6_native": false,
            "map_customer_owned_ip_on_launch": false,
            "map_public_ip_on_launch": false,
            "outpost_arn": "",
            "owner_id": "371571523880",
            "private_dns_hostname_type_on_launch": "ip-name",
            "tags": {
              "Name": "gwlbe_us-west-1c",
              "purpuse": "ASG_TEST"
            },
            "tags_all": {
              "Name": "gwlbe_us-west-1c",
              "purpuse": "ASG_TEST"
            },
            "timeouts": null,
            "vpc_id": "vpc-085a43e9fb92719b8"
          },
          "sensitive_attributes": [],
          "private": "eyJlMmJmYjczMC1lY2FhLTExZTYtOGY4OC0zNDM2M2JjN2M0YzAiOnsiY3JlYXRlIjo2MDAwMDAwMDAwMDAsImRlbGV0ZSI6MTIwMDAwMDAwMDAwMH0sInNjaGVtYV92ZXJzaW9uIjoiMSJ9",
          "dependencies": [
            "module.security-vpc.aws_vpc.vpc",
            "module.security-vpc.data.aws_vpc.vpc"
          ],
          "create_before_destroy": true
        },
        {
          "index_key": "tgw_attachment_us-west-1b",
          "schema_version": 1,
          "attributes": {
            "arn": "arn:aws:ec2:us-west-1:371571523880:subnet/subnet-085ffe45552cc2ff8",
            "assign_ipv6_address_on_creation": false,
            "availability_zone": "us-west-1b",
            "availability_zone_id": "usw1-az3",
            "cidr_block": "10.0.2.0/24",
            "customer_owned_ipv4_pool": "",
            "enable_dns64": false,
            "enable_lni_at_device_index": 0,
            "enable_resource_name_dns_a_record_on_launch": false,
            "enable_resource_name_dns_aaaa_record_on_launch": false,
            "id": "subnet-085ffe45552cc2ff8",
            "ipv6_cidr_block": "",
            "ipv6_cidr_block_association_id": "",
            "ipv6_native": false,
            "map_customer_owned_ip_on_launch": false,
            "map_public_ip_on_launch": false,
            "outpost_arn": "",
            "owner_id": "371571523880",
            "private_dns_hostname_type_on_launch": "ip-name",
            "tags": {
              "Name": "tgw_attachment_us-west-1b",
              "purpuse": "ASG_TEST"
            },
            "tags_all": {
              "Name": "tgw_attachment_us-west-1b",
              "purpuse": "ASG_TEST"
            },
            "timeouts": null,
            "vpc_id": "vpc-085a43e9fb92719b8"
          },
          "sensitive_attributes": [],
          "private": "eyJlMmJmYjczMC1lY2FhLTExZTYtOGY4OC0zNDM2M2JjN2M0YzAiOnsiY3JlYXRlIjo2MDAwMDAwMDAwMDAsImRlbGV0ZSI6MTIwMDAwMDAwMDAwMH0sInNjaGVtYV92ZXJzaW9uIjoiMSJ9",
          "dependencies": [
            "module.security-vpc.aws_vpc.vpc",
            "module.security-vpc.data.aws_vpc.vpc"
          ],
          "create_before_destroy": true
        },
        {
          "index_key": "tgw_attachment_us-west-1c",
          "schema_version": 1,
          "attributes": {
            "arn": "arn:aws:ec2:us-west-1:371571523880:subnet/subnet-09ce3ac0413905139",
            "assign_ipv6_address_on_creation": false,
            "availability_zone": "us-west-1c",
            "availability_zone_id": "usw1-az1",
            "cidr_block": "10.0.6.0/24",
            "customer_owned_ipv4_pool": "",
            "enable_dns64": false,
            "enable_lni_at_device_index": 0,
            "enable_resource_name_dns_a_record_on_launch": false,
            "enable_resource_name_dns_aaaa_record_on_launch": false,
            "id": "subnet-09ce3ac0413905139",
            "ipv6_cidr_block": "",
            "ipv6_cidr_block_association_id": "",
            "ipv6_native": false,
            "map_customer_owned_ip_on_launch": false,
            "map_public_ip_on_launch": false,
            "outpost_arn": "",
            "owner_id": "371571523880",
            "private_dns_hostname_type_on_launch": "ip-name",
            "tags": {
              "Name": "tgw_attachment_us-west-1c",
              "purpuse": "ASG_TEST"
            },
            "tags_all": {
              "Name": "tgw_attachment_us-west-1c",
              "purpuse": "ASG_TEST"
            },
            "timeouts": null,
            "vpc_id": "vpc-085a43e9fb92719b8"
          },
          "sensitive_attributes": [],
          "private": "eyJlMmJmYjczMC1lY2FhLTExZTYtOGY4OC0zNDM2M2JjN2M0YzAiOnsiY3JlYXRlIjo2MDAwMDAwMDAwMDAsImRlbGV0ZSI6MTIwMDAwMDAwMDAwMH0sInNjaGVtYV92ZXJzaW9uIjoiMSJ9",
          "dependencies": [
            "module.security-vpc.aws_vpc.vpc",
            "module.security-vpc.data.aws_vpc.vpc"
          ],
          "create_before_destroy": true
        }
      ]
    },
    {
      "module": "module.security-vpc",
      "mode": "managed",
      "type": "aws_vpc",
      "name": "vpc",
      "provider": "provider[\"registry.terraform.io/hashicorp/aws\"]",
      "instances": [
        {
          "index_key": 0,
          "schema_version": 1,
          "attributes": {
            "arn": "arn:aws:ec2:us-west-1:371571523880:vpc/vpc-085a43e9fb92719b8",
            "assign_generated_ipv6_cidr_block": false,
            "cidr_block": "10.0.0.0/16",
            "default_network_acl_id": "acl-0c3829572f8780161",
            "default_route_table_id": "rtb-092e214955200afc3",
            "default_security_group_id": "sg-0457df91540f5f3d4",
            "dhcp_options_id": "dopt-0a6b89c89fd1df33d",
            "enable_dns_hostnames": false,
            "enable_dns_support": true,
            "enable_network_address_usage_metrics": false,
            "id": "vpc-085a43e9fb92719b8",
            "instance_tenancy": "default",
            "ipv4_ipam_pool_id": null,
            "ipv4_netmask_length": null,
            "ipv6_association_id": "",
            "ipv6_cidr_block": "",
            "ipv6_cidr_block_network_border_group": "",
            "ipv6_ipam_pool_id": "",
            "ipv6_netmask_length": 0,
            "main_route_table_id": "rtb-092e214955200afc3",
            "owner_id": "371571523880",
            "tags": {
              "Name": "security-vpc",
              "purpuse": "ASG_TEST"
            },
            "tags_all": {
              "Name": "security-vpc",
              "purpuse": "ASG_TEST"
            }
          },
          "sensitive_attributes": [],
          "private": "eyJzY2hlbWFfdmVyc2lvbiI6IjEifQ==",
          "create_before_destroy": true
        }
      ]
    },
    {
      "module": "module.security-vpc-gwlb",
      "mode": "data",
      "type": "aws_network_interface",
      "name": "gwlb_intfs",
      "provider": "provider[\"registry.terraform.io/hashicorp/aws\"]",
      "instances": [
        {
          "index_key": 0,
          "schema_version": 0,
          "attributes": {
            "arn": "arn:aws:ec2:us-west-1:371571523880:network-interface/eni-0a4dd9d00d636b76d",
            "association": [],
            "attachment": [
              {
                "attachment_id": "ela-attach-05e6a40f012eb777b",
                "device_index": 1,
                "instance_id": "",
                "instance_owner_id": "amazon-aws"
              }
            ],
            "availability_zone": "us-west-1b",
            "description": "ELB gwy/gwlb-fgt/a79e65a222234513",
            "filter": [
              {
                "name": "description",
                "values": [
                  "ELB gwy/gwlb-fgt/*"
                ]
              },
              {
                "name": "interface-type",
                "values": [
                  "gateway_load_balancer"
                ]
              },
              {
                "name": "subnet-id",
                "values": [
                  "subnet-04786eda1883d4af5"
                ]
              },
              {
                "name": "vpc-id",
                "values": [
                  "vpc-085a43e9fb92719b8"
                ]
              }
            ],
            "id": "eni-0a4dd9d00d636b76d",
            "interface_type": "gateway_load_balancer",
            "ipv6_addresses": [],
            "mac_address": "06:95:83:f4:ab:57",
            "outpost_arn": "",
            "owner_id": "371571523880",
            "private_dns_name": "",
            "private_ip": "10.0.1.34",
            "private_ips": [
              "10.0.1.34"
            ],
            "requester_id": "968216984244",
            "security_groups": [],
            "subnet_id": "subnet-04786eda1883d4af5",
            "tags": {},
            "timeouts": null,
            "vpc_id": "vpc-085a43e9fb92719b8"
          },
          "sensitive_attributes": []
        },
        {
          "index_key": 1,
          "schema_version": 0,
          "attributes": {
            "arn": "arn:aws:ec2:us-west-1:371571523880:network-interface/eni-0555d2ec303a98dfd",
            "association": [],
            "attachment": [
              {
                "attachment_id": "ela-attach-0a137e26fee323d1b",
                "device_index": 1,
                "instance_id": "",
                "instance_owner_id": "amazon-aws"
              }
            ],
            "availability_zone": "us-west-1c",
            "description": "ELB gwy/gwlb-fgt/a79e65a222234513",
            "filter": [
              {
                "name": "description",
                "values": [
                  "ELB gwy/gwlb-fgt/*"
                ]
              },
              {
                "name": "interface-type",
                "values": [
                  "gateway_load_balancer"
                ]
              },
              {
                "name": "subnet-id",
                "values": [
                  "subnet-0390320d482ff396e"
                ]
              },
              {
                "name": "vpc-id",
                "values": [
                  "vpc-085a43e9fb92719b8"
                ]
              }
            ],
            "id": "eni-0555d2ec303a98dfd",
            "interface_type": "gateway_load_balancer",
            "ipv6_addresses": [],
            "mac_address": "02:ff:fb:26:31:43",
            "outpost_arn": "",
            "owner_id": "371571523880",
            "private_dns_name": "",
            "private_ip": "10.0.5.7",
            "private_ips": [
              "10.0.5.7"
            ],
            "requester_id": "484886008502",
            "security_groups": [],
            "subnet_id": "subnet-0390320d482ff396e",
            "tags": {},
            "timeouts": null,
            "vpc_id": "vpc-085a43e9fb92719b8"
          },
          "sensitive_attributes": []
        }
      ]
    },
    {
      "module": "module.security-vpc-gwlb",
      "mode": "managed",
      "type": "aws_lb",
      "name": "gwlb",
      "provider": "provider[\"registry.terraform.io/hashicorp/aws\"]",
      "instances": [
        {
          "schema_version": 0,
          "attributes": {
            "access_logs": [
              {
                "bucket": "",
                "enabled": false,
                "prefix": ""
              }
            ],
            "arn": "arn:aws:elasticloadbalancing:us-west-1:371571523880:loadbalancer/gwy/gwlb-fgt/a79e65a222234513",
            "arn_suffix": "gwy/gwlb-fgt/a79e65a222234513",
            "customer_owned_ipv4_pool": "",
            "desync_mitigation_mode": null,
            "dns_name": "",
            "dns_record_client_routing_policy": null,
            "drop_invalid_header_fields": false,
            "enable_cross_zone_load_balancing": true,
            "enable_deletion_protection": false,
            "enable_http2": true,
            "enable_tls_version_and_cipher_suite_headers": null,
            "enable_waf_fail_open": false,
            "enable_xff_client_port": null,
            "id": "arn:aws:elasticloadbalancing:us-west-1:371571523880:loadbalancer/gwy/gwlb-fgt/a79e65a222234513",
            "idle_timeout": 60,
            "internal": false,
            "ip_address_type": "ipv4",
            "load_balancer_type": "gateway",
            "name": "gwlb-fgt",
            "name_prefix": "",
            "preserve_host_header": null,
            "security_groups": [],
            "subnet_mapping": [
              {
                "allocation_id": "",
                "ipv6_address": "",
                "outpost_id": "",
                "private_ipv4_address": "",
                "subnet_id": "subnet-0390320d482ff396e"
              },
              {
                "allocation_id": "",
                "ipv6_address": "",
                "outpost_id": "",
                "private_ipv4_address": "",
                "subnet_id": "subnet-04786eda1883d4af5"
              }
            ],
            "subnets": [
              "subnet-0390320d482ff396e",
              "subnet-04786eda1883d4af5"
            ],
            "tags": {
              "purpuse": "ASG_TEST"
            },
            "tags_all": {
              "purpuse": "ASG_TEST"
            },
            "timeouts": null,
            "vpc_id": "vpc-085a43e9fb92719b8",
            "xff_header_processing_mode": null,
            "zone_id": ""
          },
          "sensitive_attributes": [],
          "private": "eyJlMmJmYjczMC1lY2FhLTExZTYtOGY4OC0zNDM2M2JjN2M0YzAiOnsiY3JlYXRlIjo2MDAwMDAwMDAwMDAsImRlbGV0ZSI6NjAwMDAwMDAwMDAwLCJ1cGRhdGUiOjYwMDAwMDAwMDAwMH19",
          "dependencies": [
            "module.security-vpc.aws_internet_gateway.igw",
            "module.security-vpc.aws_security_group.secgrp",
            "module.security-vpc.aws_subnet.subnets",
            "module.security-vpc.aws_vpc.vpc",
            "module.security-vpc.data.aws_vpc.vpc"
          ],
          "create_before_destroy": true
        }
      ]
    },
    {
      "module": "module.security-vpc-gwlb",
      "mode": "managed",
      "type": "aws_lb_listener",
      "name": "gwlb_ln",
      "provider": "provider[\"registry.terraform.io/hashicorp/aws\"]",
      "instances": [
        {
          "schema_version": 0,
          "attributes": {
            "alpn_policy": null,
            "arn": "arn:aws:elasticloadbalancing:us-west-1:371571523880:listener/gwy/gwlb-fgt/a79e65a222234513/4619565ed9c13aa9",
            "certificate_arn": null,
            "default_action": [
              {
                "authenticate_cognito": [],
                "authenticate_oidc": [],
                "fixed_response": [],
                "forward": [],
                "order": 0,
                "redirect": [],
                "target_group_arn": "arn:aws:elasticloadbalancing:us-west-1:371571523880:targetgroup/gwlb-tgp-fgt/00fbb625024f16fc08",
                "type": "forward"
              }
            ],
            "id": "arn:aws:elasticloadbalancing:us-west-1:371571523880:listener/gwy/gwlb-fgt/a79e65a222234513/4619565ed9c13aa9",
            "load_balancer_arn": "arn:aws:elasticloadbalancing:us-west-1:371571523880:loadbalancer/gwy/gwlb-fgt/a79e65a222234513",
            "port": 0,
            "protocol": "",
            "ssl_policy": "",
            "tags": {
              "Name": "gwlb-ln",
              "purpuse": "ASG_TEST"
            },
            "tags_all": {
              "Name": "gwlb-ln",
              "purpuse": "ASG_TEST"
            },
            "timeouts": null
          },
          "sensitive_attributes": [],
          "private": "eyJlMmJmYjczMC1lY2FhLTExZTYtOGY4OC0zNDM2M2JjN2M0YzAiOnsicmVhZCI6NjAwMDAwMDAwMDAwfX0=",
          "dependencies": [
            "module.security-vpc-gwlb.aws_lb.gwlb",
            "module.security-vpc-gwlb.aws_lb_target_group.gwlb_tgp",
            "module.security-vpc.aws_internet_gateway.igw",
            "module.security-vpc.aws_security_group.secgrp",
            "module.security-vpc.aws_subnet.subnets",
            "module.security-vpc.aws_vpc.vpc",
            "module.security-vpc.data.aws_vpc.vpc"
          ]
        }
      ]
    },
    {
      "module": "module.security-vpc-gwlb",
      "mode": "managed",
      "type": "aws_lb_target_group",
      "name": "gwlb_tgp",
      "provider": "provider[\"registry.terraform.io/hashicorp/aws\"]",
      "instances": [
        {
          "schema_version": 0,
          "attributes": {
            "arn": "arn:aws:elasticloadbalancing:us-west-1:371571523880:targetgroup/gwlb-tgp-fgt/00fbb625024f16fc08",
            "arn_suffix": "targetgroup/gwlb-tgp-fgt/00fbb625024f16fc08",
            "connection_termination": null,
            "deregistration_delay": "30",
            "health_check": [
              {
                "enabled": true,
                "healthy_threshold": 3,
                "interval": 30,
                "matcher": "",
                "path": "",
                "port": "80",
                "protocol": "TCP",
                "timeout": 5,
                "unhealthy_threshold": 3
              }
            ],
            "id": "arn:aws:elasticloadbalancing:us-west-1:371571523880:targetgroup/gwlb-tgp-fgt/00fbb625024f16fc08",
            "ip_address_type": "",
            "lambda_multi_value_headers_enabled": false,
            "load_balancing_algorithm_type": null,
            "load_balancing_cross_zone_enabled": null,
            "name": "gwlb-tgp-fgt",
            "name_prefix": "",
            "port": 6081,
            "preserve_client_ip": null,
            "protocol": "GENEVE",
            "protocol_version": null,
            "proxy_protocol_v2": false,
            "slow_start": 0,
            "stickiness": [
              {
                "cookie_duration": 0,
                "cookie_name": "",
                "enabled": false,
                "type": "source_ip_dest_ip_proto"
              }
            ],
            "tags": {
              "purpuse": "ASG_TEST"
            },
            "tags_all": {
              "purpuse": "ASG_TEST"
            },
            "target_failover": [
              {
                "on_deregistration": "no_rebalance",
                "on_unhealthy": "no_rebalance"
              }
            ],
            "target_health_state": [
              {
                "enable_unhealthy_connection_termination": null
              }
            ],
            "target_type": "instance",
            "vpc_id": "vpc-085a43e9fb92719b8"
          },
          "sensitive_attributes": [],
          "private": "bnVsbA==",
          "dependencies": [
            "module.security-vpc.aws_internet_gateway.igw",
            "module.security-vpc.aws_security_group.secgrp",
            "module.security-vpc.aws_subnet.subnets",
            "module.security-vpc.aws_vpc.vpc",
            "module.security-vpc.data.aws_vpc.vpc"
          ]
        }
      ]
    },
    {
      "module": "module.security-vpc-gwlb",
      "mode": "managed",
      "type": "aws_vpc_endpoint",
      "name": "gwlb_endps",
      "provider": "provider[\"registry.terraform.io/hashicorp/aws\"]",
      "instances": [
        {
          "index_key": "gwlbe_us-west-1b",
          "schema_version": 0,
          "attributes": {
            "arn": "arn:aws:ec2:us-west-1:371571523880:vpc-endpoint/vpce-06f5b8d0573d0ab4b",
            "auto_accept": null,
            "cidr_blocks": [],
            "dns_entry": [],
            "dns_options": [],
            "id": "vpce-06f5b8d0573d0ab4b",
            "ip_address_type": "ipv4",
            "network_interface_ids": [
              "eni-0495b449e9fae6856"
            ],
            "owner_id": "371571523880",
            "policy": "",
            "prefix_list_id": null,
            "private_dns_enabled": false,
            "requester_managed": false,
            "route_table_ids": [],
            "security_group_ids": [],
            "service_name": "com.amazonaws.vpce.us-west-1.vpce-svc-089bd530d93930213",
            "state": "available",
            "subnet_ids": [
              "subnet-0d44a2a1a38ca91d9"
            ],
            "tags": {
              "Name": "gwlbe_us-west-1b",
              "purpuse": "ASG_TEST"
            },
            "tags_all": {
              "Name": "gwlbe_us-west-1b",
              "purpuse": "ASG_TEST"
            },
            "timeouts": null,
            "vpc_endpoint_type": "GatewayLoadBalancer",
            "vpc_id": "vpc-085a43e9fb92719b8"
          },
          "sensitive_attributes": [],
          "private": "eyJlMmJmYjczMC1lY2FhLTExZTYtOGY4OC0zNDM2M2JjN2M0YzAiOnsiY3JlYXRlIjo2MDAwMDAwMDAwMDAsImRlbGV0ZSI6NjAwMDAwMDAwMDAwLCJ1cGRhdGUiOjYwMDAwMDAwMDAwMH19",
          "dependencies": [
            "module.security-vpc-gwlb.aws_lb.gwlb",
            "module.security-vpc-gwlb.aws_vpc_endpoint_service.gwlb_ep_service",
            "module.security-vpc.aws_internet_gateway.igw",
            "module.security-vpc.aws_security_group.secgrp",
            "module.security-vpc.aws_subnet.subnets",
            "module.security-vpc.aws_vpc.vpc",
            "module.security-vpc.data.aws_vpc.vpc"
          ],
          "create_before_destroy": true
        },
        {
          "index_key": "gwlbe_us-west-1c",
          "schema_version": 0,
          "attributes": {
            "arn": "arn:aws:ec2:us-west-1:371571523880:vpc-endpoint/vpce-0ae8ad07ef3ea4d4d",
            "auto_accept": null,
            "cidr_blocks": [],
            "dns_entry": [],
            "dns_options": [],
            "id": "vpce-0ae8ad07ef3ea4d4d",
            "ip_address_type": "ipv4",
            "network_interface_ids": [
              "eni-0d32fcb7b6553d55b"
            ],
            "owner_id": "371571523880",
            "policy": "",
            "prefix_list_id": null,
            "private_dns_enabled": false,
            "requester_managed": false,
            "route_table_ids": [],
            "security_group_ids": [],
            "service_name": "com.amazonaws.vpce.us-west-1.vpce-svc-089bd530d93930213",
            "state": "available",
            "subnet_ids": [
              "subnet-0f8b9069dd6df09a7"
            ],
            "tags": {
              "Name": "gwlbe_us-west-1c",
              "purpuse": "ASG_TEST"
            },
            "tags_all": {
              "Name": "gwlbe_us-west-1c",
              "purpuse": "ASG_TEST"
            },
            "timeouts": null,
            "vpc_endpoint_type": "GatewayLoadBalancer",
            "vpc_id": "vpc-085a43e9fb92719b8"
          },
          "sensitive_attributes": [],
          "private": "eyJlMmJmYjczMC1lY2FhLTExZTYtOGY4OC0zNDM2M2JjN2M0YzAiOnsiY3JlYXRlIjo2MDAwMDAwMDAwMDAsImRlbGV0ZSI6NjAwMDAwMDAwMDAwLCJ1cGRhdGUiOjYwMDAwMDAwMDAwMH19",
          "dependencies": [
            "module.security-vpc-gwlb.aws_lb.gwlb",
            "module.security-vpc-gwlb.aws_vpc_endpoint_service.gwlb_ep_service",
            "module.security-vpc.aws_internet_gateway.igw",
            "module.security-vpc.aws_security_group.secgrp",
            "module.security-vpc.aws_subnet.subnets",
            "module.security-vpc.aws_vpc.vpc",
            "module.security-vpc.data.aws_vpc.vpc"
          ],
          "create_before_destroy": true
        }
      ]
    },
    {
      "module": "module.security-vpc-gwlb",
      "mode": "managed",
      "type": "aws_vpc_endpoint_service",
      "name": "gwlb_ep_service",
      "provider": "provider[\"registry.terraform.io/hashicorp/aws\"]",
      "instances": [
        {
          "schema_version": 0,
          "attributes": {
            "acceptance_required": false,
            "allowed_principals": [],
            "arn": "arn:aws:ec2:us-west-1:371571523880:vpc-endpoint-service/vpce-svc-089bd530d93930213",
            "availability_zones": [
              "us-west-1b",
              "us-west-1c"
            ],
            "base_endpoint_dns_names": [],
            "gateway_load_balancer_arns": [
              "arn:aws:elasticloadbalancing:us-west-1:371571523880:loadbalancer/gwy/gwlb-fgt/a79e65a222234513"
            ],
            "id": "vpce-svc-089bd530d93930213",
            "manages_vpc_endpoints": false,
            "network_load_balancer_arns": null,
            "private_dns_name": "",
            "private_dns_name_configuration": [],
            "service_name": "com.amazonaws.vpce.us-west-1.vpce-svc-089bd530d93930213",
            "service_type": "GatewayLoadBalancer",
            "state": "Available",
            "supported_ip_address_types": [
              "ipv4"
            ],
            "tags": {
              "Name": "gwlb_endpoint_service",
              "purpuse": "ASG_TEST"
            },
            "tags_all": {
              "Name": "gwlb_endpoint_service",
              "purpuse": "ASG_TEST"
            },
            "timeouts": null
          },
          "sensitive_attributes": [],
          "private": "eyJlMmJmYjczMC1lY2FhLTExZTYtOGY4OC0zNDM2M2JjN2M0YzAiOnsiY3JlYXRlIjo2MDAwMDAwMDAwMDAsImRlbGV0ZSI6NjAwMDAwMDAwMDAwLCJ1cGRhdGUiOjYwMDAwMDAwMDAwMH19",
          "dependencies": [
            "module.security-vpc-gwlb.aws_lb.gwlb",
            "module.security-vpc.aws_internet_gateway.igw",
            "module.security-vpc.aws_security_group.secgrp",
            "module.security-vpc.aws_subnet.subnets",
            "module.security-vpc.aws_vpc.vpc",
            "module.security-vpc.data.aws_vpc.vpc"
          ],
          "create_before_destroy": true
        }
      ]
    },
    {
      "module": "module.security_route_table[\"fgt_login\"]",
      "mode": "managed",
      "type": "aws_route",
      "name": "routes",
      "provider": "provider[\"registry.terraform.io/hashicorp/aws\"]",
      "instances": [
        {
          "index_key": "local_pc",
          "schema_version": 0,
          "attributes": {
            "carrier_gateway_id": "",
            "core_network_arn": "",
            "destination_cidr_block": "0.0.0.0/0",
            "destination_ipv6_cidr_block": "",
            "destination_prefix_list_id": "",
            "egress_only_gateway_id": "",
            "gateway_id": "igw-00e7bf9474ae9e6a2",
            "id": "r-rtb-0fad815a3fe2a03341080289494",
            "instance_id": "",
            "instance_owner_id": "",
            "local_gateway_id": "",
            "nat_gateway_id": "",
            "network_interface_id": "",
            "origin": "CreateRoute",
            "route_table_id": "rtb-0fad815a3fe2a0334",
            "state": "active",
            "timeouts": null,
            "transit_gateway_id": "",
            "vpc_endpoint_id": "",
            "vpc_peering_connection_id": ""
          },
          "sensitive_attributes": [],
          "private": "eyJlMmJmYjczMC1lY2FhLTExZTYtOGY4OC0zNDM2M2JjN2M0YzAiOnsiY3JlYXRlIjozMDAwMDAwMDAwMDAsImRlbGV0ZSI6MzAwMDAwMDAwMDAwLCJ1cGRhdGUiOjEyMDAwMDAwMDAwMH19",
          "dependencies": [
            "module.security-vpc-gwlb.aws_lb.gwlb",
            "module.security-vpc-gwlb.aws_vpc_endpoint.gwlb_endps",
            "module.security-vpc-gwlb.aws_vpc_endpoint_service.gwlb_ep_service",
            "module.security-vpc.aws_internet_gateway.igw",
            "module.security-vpc.aws_security_group.secgrp",
            "module.security-vpc.aws_subnet.subnets",
            "module.security-vpc.aws_vpc.vpc",
            "module.security-vpc.data.aws_vpc.vpc",
            "module.security_route_table.aws_route_table.rt",
            "module.security_route_table.data.aws_route_table.rt",
            "module.transit-gw.aws_ec2_transit_gateway.tgw",
            "module.transit-gw.data.aws_ec2_transit_gateway.tgw"
          ]
        }
      ]
    },
    {
      "module": "module.security_route_table[\"fgt_login\"]",
      "mode": "managed",
      "type": "aws_route_table",
      "name": "rt",
      "provider": "provider[\"registry.terraform.io/hashicorp/aws\"]",
      "instances": [
        {
          "index_key": 0,
          "schema_version": 0,
          "attributes": {
            "arn": "arn:aws:ec2:us-west-1:371571523880:route-table/rtb-0fad815a3fe2a0334",
            "id": "rtb-0fad815a3fe2a0334",
            "owner_id": "371571523880",
            "propagating_vgws": [],
            "route": [],
            "tags": {
              "Name": "fgt_login",
              "purpuse": "ASG_TEST"
            },
            "tags_all": {
              "Name": "fgt_login",
              "purpuse": "ASG_TEST"
            },
            "timeouts": null,
            "vpc_id": "vpc-085a43e9fb92719b8"
          },
          "sensitive_attributes": [],
          "private": "eyJlMmJmYjczMC1lY2FhLTExZTYtOGY4OC0zNDM2M2JjN2M0YzAiOnsiY3JlYXRlIjozMDAwMDAwMDAwMDAsImRlbGV0ZSI6MzAwMDAwMDAwMDAwLCJ1cGRhdGUiOjEyMDAwMDAwMDAwMH19",
          "dependencies": [
            "module.security-vpc-gwlb.aws_lb.gwlb",
            "module.security-vpc-gwlb.aws_vpc_endpoint.gwlb_endps",
            "module.security-vpc-gwlb.aws_vpc_endpoint_service.gwlb_ep_service",
            "module.security-vpc.aws_internet_gateway.igw",
            "module.security-vpc.aws_security_group.secgrp",
            "module.security-vpc.aws_subnet.subnets",
            "module.security-vpc.aws_vpc.vpc",
            "module.security-vpc.data.aws_vpc.vpc",
            "module.transit-gw.aws_ec2_transit_gateway.tgw",
            "module.transit-gw.data.aws_ec2_transit_gateway.tgw"
          ]
        }
      ]
    },
    {
      "module": "module.security_route_table[\"fgt_login\"]",
      "mode": "managed",
      "type": "aws_route_table_association",
      "name": "rt_a_subnets",
      "provider": "provider[\"registry.terraform.io/hashicorp/aws\"]",
      "instances": [
        {
          "index_key": 0,
          "schema_version": 0,
          "attributes": {
            "gateway_id": "",
            "id": "rtbassoc-05cf1f1397504110d",
            "route_table_id": "rtb-0fad815a3fe2a0334",
            "subnet_id": "subnet-0e1e48fe24bdd08c4",
            "timeouts": null
          },
          "sensitive_attributes": [],
          "private": "eyJlMmJmYjczMC1lY2FhLTExZTYtOGY4OC0zNDM2M2JjN2M0YzAiOnsiY3JlYXRlIjozMDAwMDAwMDAwMDAsImRlbGV0ZSI6MzAwMDAwMDAwMDAwLCJ1cGRhdGUiOjEyMDAwMDAwMDAwMH19",
          "dependencies": [
            "module.security-vpc-gwlb.aws_lb.gwlb",
            "module.security-vpc-gwlb.aws_vpc_endpoint.gwlb_endps",
            "module.security-vpc-gwlb.aws_vpc_endpoint_service.gwlb_ep_service",
            "module.security-vpc.aws_internet_gateway.igw",
            "module.security-vpc.aws_security_group.secgrp",
            "module.security-vpc.aws_subnet.subnets",
            "module.security-vpc.aws_vpc.vpc",
            "module.security-vpc.data.aws_vpc.vpc",
            "module.security_route_table.aws_route_table.rt",
            "module.security_route_table.data.aws_route_table.rt",
            "module.transit-gw.aws_ec2_transit_gateway.tgw",
            "module.transit-gw.data.aws_ec2_transit_gateway.tgw"
          ]
        },
        {
          "index_key": 1,
          "schema_version": 0,
          "attributes": {
            "gateway_id": "",
            "id": "rtbassoc-0899eaa5207284ac1",
            "route_table_id": "rtb-0fad815a3fe2a0334",
            "subnet_id": "subnet-0330c3b92c1e3e7c0",
            "timeouts": null
          },
          "sensitive_attributes": [],
          "private": "eyJlMmJmYjczMC1lY2FhLTExZTYtOGY4OC0zNDM2M2JjN2M0YzAiOnsiY3JlYXRlIjozMDAwMDAwMDAwMDAsImRlbGV0ZSI6MzAwMDAwMDAwMDAwLCJ1cGRhdGUiOjEyMDAwMDAwMDAwMH19",
          "dependencies": [
            "module.security-vpc-gwlb.aws_lb.gwlb",
            "module.security-vpc-gwlb.aws_vpc_endpoint.gwlb_endps",
            "module.security-vpc-gwlb.aws_vpc_endpoint_service.gwlb_ep_service",
            "module.security-vpc.aws_internet_gateway.igw",
            "module.security-vpc.aws_security_group.secgrp",
            "module.security-vpc.aws_subnet.subnets",
            "module.security-vpc.aws_vpc.vpc",
            "module.security-vpc.data.aws_vpc.vpc",
            "module.security_route_table.aws_route_table.rt",
            "module.security_route_table.data.aws_route_table.rt",
            "module.transit-gw.aws_ec2_transit_gateway.tgw",
            "module.transit-gw.data.aws_ec2_transit_gateway.tgw"
          ]
        }
      ]
    },
    {
      "module": "module.security_route_table[\"gwlbe\"]",
      "mode": "managed",
      "type": "aws_route",
      "name": "routes",
      "provider": "provider[\"registry.terraform.io/hashicorp/aws\"]",
      "instances": [
        {
          "index_key": "to_10.1.0.0/16",
          "schema_version": 0,
          "attributes": {
            "carrier_gateway_id": "",
            "core_network_arn": "",
            "destination_cidr_block": "10.1.0.0/16",
            "destination_ipv6_cidr_block": "",
            "destination_prefix_list_id": "",
            "egress_only_gateway_id": "",
            "gateway_id": "",
            "id": "r-rtb-0a3f0f58ffe09dfbd3322942084",
            "instance_id": "",
            "instance_owner_id": "",
            "local_gateway_id": "",
            "nat_gateway_id": "",
            "network_interface_id": "",
            "origin": "CreateRoute",
            "route_table_id": "rtb-0a3f0f58ffe09dfbd",
            "state": "active",
            "timeouts": null,
            "transit_gateway_id": "<YOUR_EXISTING_TGW_ID>",
            "vpc_endpoint_id": "",
            "vpc_peering_connection_id": ""
          },
          "sensitive_attributes": [],
          "private": "eyJlMmJmYjczMC1lY2FhLTExZTYtOGY4OC0zNDM2M2JjN2M0YzAiOnsiY3JlYXRlIjozMDAwMDAwMDAwMDAsImRlbGV0ZSI6MzAwMDAwMDAwMDAwLCJ1cGRhdGUiOjEyMDAwMDAwMDAwMH19",
          "dependencies": [
            "module.security-vpc-gwlb.aws_lb.gwlb",
            "module.security-vpc-gwlb.aws_vpc_endpoint.gwlb_endps",
            "module.security-vpc-gwlb.aws_vpc_endpoint_service.gwlb_ep_service",
            "module.security-vpc.aws_internet_gateway.igw",
            "module.security-vpc.aws_security_group.secgrp",
            "module.security-vpc.aws_subnet.subnets",
            "module.security-vpc.aws_vpc.vpc",
            "module.security-vpc.data.aws_vpc.vpc",
            "module.security_route_table.aws_route_table.rt",
            "module.security_route_table.data.aws_route_table.rt",
            "module.transit-gw.aws_ec2_transit_gateway.tgw",
            "module.transit-gw.data.aws_ec2_transit_gateway.tgw"
          ]
        }
      ]
    },
    {
      "module": "module.security_route_table[\"gwlbe\"]",
      "mode": "managed",
      "type": "aws_route_table",
      "name": "rt",
      "provider": "provider[\"registry.terraform.io/hashicorp/aws\"]",
      "instances": [
        {
          "index_key": 0,
          "schema_version": 0,
          "attributes": {
            "arn": "arn:aws:ec2:us-west-1:371571523880:route-table/rtb-0a3f0f58ffe09dfbd",
            "id": "rtb-0a3f0f58ffe09dfbd",
            "owner_id": "371571523880",
            "propagating_vgws": [],
            "route": [],
            "tags": {
              "Name": "gwlbe",
              "purpuse": "ASG_TEST"
            },
            "tags_all": {
              "Name": "gwlbe",
              "purpuse": "ASG_TEST"
            },
            "timeouts": null,
            "vpc_id": "vpc-085a43e9fb92719b8"
          },
          "sensitive_attributes": [],
          "private": "eyJlMmJmYjczMC1lY2FhLTExZTYtOGY4OC0zNDM2M2JjN2M0YzAiOnsiY3JlYXRlIjozMDAwMDAwMDAwMDAsImRlbGV0ZSI6MzAwMDAwMDAwMDAwLCJ1cGRhdGUiOjEyMDAwMDAwMDAwMH19",
          "dependencies": [
            "module.security-vpc-gwlb.aws_lb.gwlb",
            "module.security-vpc-gwlb.aws_vpc_endpoint.gwlb_endps",
            "module.security-vpc-gwlb.aws_vpc_endpoint_service.gwlb_ep_service",
            "module.security-vpc.aws_internet_gateway.igw",
            "module.security-vpc.aws_security_group.secgrp",
            "module.security-vpc.aws_subnet.subnets",
            "module.security-vpc.aws_vpc.vpc",
            "module.security-vpc.data.aws_vpc.vpc",
            "module.transit-gw.aws_ec2_transit_gateway.tgw",
            "module.transit-gw.data.aws_ec2_transit_gateway.tgw"
          ]
        }
      ]
    },
    {
      "module": "module.security_route_table[\"gwlbe\"]",
      "mode": "managed",
      "type": "aws_route_table_association",
      "name": "rt_a_subnets",
      "provider": "provider[\"registry.terraform.io/hashicorp/aws\"]",
      "instances": [
        {
          "index_key": 0,
          "schema_version": 0,
          "attributes": {
            "gateway_id": "",
            "id": "rtbassoc-05168ca2e144f4099",
            "route_table_id": "rtb-0a3f0f58ffe09dfbd",
            "subnet_id": "subnet-0d44a2a1a38ca91d9",
            "timeouts": null
          },
          "sensitive_attributes": [],
          "private": "eyJlMmJmYjczMC1lY2FhLTExZTYtOGY4OC0zNDM2M2JjN2M0YzAiOnsiY3JlYXRlIjozMDAwMDAwMDAwMDAsImRlbGV0ZSI6MzAwMDAwMDAwMDAwLCJ1cGRhdGUiOjEyMDAwMDAwMDAwMH19",
          "dependencies": [
            "module.security-vpc-gwlb.aws_lb.gwlb",
            "module.security-vpc-gwlb.aws_vpc_endpoint.gwlb_endps",
            "module.security-vpc-gwlb.aws_vpc_endpoint_service.gwlb_ep_service",
            "module.security-vpc.aws_internet_gateway.igw",
            "module.security-vpc.aws_security_group.secgrp",
            "module.security-vpc.aws_subnet.subnets",
            "module.security-vpc.aws_vpc.vpc",
            "module.security-vpc.data.aws_vpc.vpc",
            "module.security_route_table.aws_route_table.rt",
            "module.security_route_table.data.aws_route_table.rt",
            "module.transit-gw.aws_ec2_transit_gateway.tgw",
            "module.transit-gw.data.aws_ec2_transit_gateway.tgw"
          ]
        },
        {
          "index_key": 1,
          "schema_version": 0,
          "attributes": {
            "gateway_id": "",
            "id": "rtbassoc-0c022dc15d86da291",
            "route_table_id": "rtb-0a3f0f58ffe09dfbd",
            "subnet_id": "subnet-0f8b9069dd6df09a7",
            "timeouts": null
          },
          "sensitive_attributes": [],
          "private": "eyJlMmJmYjczMC1lY2FhLTExZTYtOGY4OC0zNDM2M2JjN2M0YzAiOnsiY3JlYXRlIjozMDAwMDAwMDAwMDAsImRlbGV0ZSI6MzAwMDAwMDAwMDAwLCJ1cGRhdGUiOjEyMDAwMDAwMDAwMH19",
          "dependencies": [
            "module.security-vpc-gwlb.aws_lb.gwlb",
            "module.security-vpc-gwlb.aws_vpc_endpoint.gwlb_endps",
            "module.security-vpc-gwlb.aws_vpc_endpoint_service.gwlb_ep_service",
            "module.security-vpc.aws_internet_gateway.igw",
            "module.security-vpc.aws_security_group.secgrp",
            "module.security-vpc.aws_subnet.subnets",
            "module.security-vpc.aws_vpc.vpc",
            "module.security-vpc.data.aws_vpc.vpc",
            "module.security_route_table.aws_route_table.rt",
            "module.security_route_table.data.aws_route_table.rt",
            "module.transit-gw.aws_ec2_transit_gateway.tgw",
            "module.transit-gw.data.aws_ec2_transit_gateway.tgw"
          ]
        }
      ]
    },
    {
      "module": "module.security_route_table[\"tgw_attachment_us-west-1b\"]",
      "mode": "managed",
      "type": "aws_route",
      "name": "routes",
      "provider": "provider[\"registry.terraform.io/hashicorp/aws\"]",
      "instances": [
        {
          "index_key": "to_gwlb",
          "schema_version": 0,
          "attributes": {
            "carrier_gateway_id": "",
            "core_network_arn": "",
            "destination_cidr_block": "0.0.0.0/0",
            "destination_ipv6_cidr_block": "",
            "destination_prefix_list_id": "",
            "egress_only_gateway_id": "",
            "gateway_id": "",
            "id": "r-rtb-05692f4ddedcbffda1080289494",
            "instance_id": "",
            "instance_owner_id": "",
            "local_gateway_id": "",
            "nat_gateway_id": "",
            "network_interface_id": "",
            "origin": "CreateRoute",
            "route_table_id": "rtb-05692f4ddedcbffda",
            "state": "active",
            "timeouts": null,
            "transit_gateway_id": "",
            "vpc_endpoint_id": "vpce-06f5b8d0573d0ab4b",
            "vpc_peering_connection_id": ""
          },
          "sensitive_attributes": [],
          "private": "eyJlMmJmYjczMC1lY2FhLTExZTYtOGY4OC0zNDM2M2JjN2M0YzAiOnsiY3JlYXRlIjozMDAwMDAwMDAwMDAsImRlbGV0ZSI6MzAwMDAwMDAwMDAwLCJ1cGRhdGUiOjEyMDAwMDAwMDAwMH19",
          "dependencies": [
            "module.security-vpc-gwlb.aws_lb.gwlb",
            "module.security-vpc-gwlb.aws_vpc_endpoint.gwlb_endps",
            "module.security-vpc-gwlb.aws_vpc_endpoint_service.gwlb_ep_service",
            "module.security-vpc.aws_internet_gateway.igw",
            "module.security-vpc.aws_security_group.secgrp",
            "module.security-vpc.aws_subnet.subnets",
            "module.security-vpc.aws_vpc.vpc",
            "module.security-vpc.data.aws_vpc.vpc",
            "module.security_route_table.aws_route_table.rt",
            "module.security_route_table.data.aws_route_table.rt",
            "module.transit-gw.aws_ec2_transit_gateway.tgw",
            "module.transit-gw.data.aws_ec2_transit_gateway.tgw"
          ]
        }
      ]
    },
    {
      "module": "module.security_route_table[\"tgw_attachment_us-west-1b\"]",
      "mode": "managed",
      "type": "aws_route_table",
      "name": "rt",
      "provider": "provider[\"registry.terraform.io/hashicorp/aws\"]",
      "instances": [
        {
          "index_key": 0,
          "schema_version": 0,
          "attributes": {
            "arn": "arn:aws:ec2:us-west-1:371571523880:route-table/rtb-05692f4ddedcbffda",
            "id": "rtb-05692f4ddedcbffda",
            "owner_id": "371571523880",
            "propagating_vgws": [],
            "route": [],
            "tags": {
              "Name": "tgw_attachment_us-west-1b",
              "purpuse": "ASG_TEST"
            },
            "tags_all": {
              "Name": "tgw_attachment_us-west-1b",
              "purpuse": "ASG_TEST"
            },
            "timeouts": null,
            "vpc_id": "vpc-085a43e9fb92719b8"
          },
          "sensitive_attributes": [],
          "private": "eyJlMmJmYjczMC1lY2FhLTExZTYtOGY4OC0zNDM2M2JjN2M0YzAiOnsiY3JlYXRlIjozMDAwMDAwMDAwMDAsImRlbGV0ZSI6MzAwMDAwMDAwMDAwLCJ1cGRhdGUiOjEyMDAwMDAwMDAwMH19",
          "dependencies": [
            "module.security-vpc-gwlb.aws_lb.gwlb",
            "module.security-vpc-gwlb.aws_vpc_endpoint.gwlb_endps",
            "module.security-vpc-gwlb.aws_vpc_endpoint_service.gwlb_ep_service",
            "module.security-vpc.aws_internet_gateway.igw",
            "module.security-vpc.aws_security_group.secgrp",
            "module.security-vpc.aws_subnet.subnets",
            "module.security-vpc.aws_vpc.vpc",
            "module.security-vpc.data.aws_vpc.vpc",
            "module.transit-gw.aws_ec2_transit_gateway.tgw",
            "module.transit-gw.data.aws_ec2_transit_gateway.tgw"
          ]
        }
      ]
    },
    {
      "module": "module.security_route_table[\"tgw_attachment_us-west-1b\"]",
      "mode": "managed",
      "type": "aws_route_table_association",
      "name": "rt_a_subnets",
      "provider": "provider[\"registry.terraform.io/hashicorp/aws\"]",
      "instances": [
        {
          "index_key": 0,
          "schema_version": 0,
          "attributes": {
            "gateway_id": "",
            "id": "rtbassoc-0cfb9f6b15edae796",
            "route_table_id": "rtb-05692f4ddedcbffda",
            "subnet_id": "subnet-085ffe45552cc2ff8",
            "timeouts": null
          },
          "sensitive_attributes": [],
          "private": "eyJlMmJmYjczMC1lY2FhLTExZTYtOGY4OC0zNDM2M2JjN2M0YzAiOnsiY3JlYXRlIjozMDAwMDAwMDAwMDAsImRlbGV0ZSI6MzAwMDAwMDAwMDAwLCJ1cGRhdGUiOjEyMDAwMDAwMDAwMH19",
          "dependencies": [
            "module.security-vpc-gwlb.aws_lb.gwlb",
            "module.security-vpc-gwlb.aws_vpc_endpoint.gwlb_endps",
            "module.security-vpc-gwlb.aws_vpc_endpoint_service.gwlb_ep_service",
            "module.security-vpc.aws_internet_gateway.igw",
            "module.security-vpc.aws_security_group.secgrp",
            "module.security-vpc.aws_subnet.subnets",
            "module.security-vpc.aws_vpc.vpc",
            "module.security-vpc.data.aws_vpc.vpc",
            "module.security_route_table.aws_route_table.rt",
            "module.security_route_table.data.aws_route_table.rt",
            "module.transit-gw.aws_ec2_transit_gateway.tgw",
            "module.transit-gw.data.aws_ec2_transit_gateway.tgw"
          ]
        }
      ]
    },
    {
      "module": "module.security_route_table[\"tgw_attachment_us-west-1c\"]",
      "mode": "managed",
      "type": "aws_route",
      "name": "routes",
      "provider": "provider[\"registry.terraform.io/hashicorp/aws\"]",
      "instances": [
        {
          "index_key": "to_gwlb",
          "schema_version": 0,
          "attributes": {
            "carrier_gateway_id": "",
            "core_network_arn": "",
            "destination_cidr_block": "0.0.0.0/0",
            "destination_ipv6_cidr_block": "",
            "destination_prefix_list_id": "",
            "egress_only_gateway_id": "",
            "gateway_id": "",
            "id": "r-rtb-0040b36c815c234b61080289494",
            "instance_id": "",
            "instance_owner_id": "",
            "local_gateway_id": "",
            "nat_gateway_id": "",
            "network_interface_id": "",
            "origin": "CreateRoute",
            "route_table_id": "rtb-0040b36c815c234b6",
            "state": "active",
            "timeouts": null,
            "transit_gateway_id": "",
            "vpc_endpoint_id": "vpce-0ae8ad07ef3ea4d4d",
            "vpc_peering_connection_id": ""
          },
          "sensitive_attributes": [],
          "private": "eyJlMmJmYjczMC1lY2FhLTExZTYtOGY4OC0zNDM2M2JjN2M0YzAiOnsiY3JlYXRlIjozMDAwMDAwMDAwMDAsImRlbGV0ZSI6MzAwMDAwMDAwMDAwLCJ1cGRhdGUiOjEyMDAwMDAwMDAwMH19",
          "dependencies": [
            "module.security-vpc-gwlb.aws_lb.gwlb",
            "module.security-vpc-gwlb.aws_vpc_endpoint.gwlb_endps",
            "module.security-vpc-gwlb.aws_vpc_endpoint_service.gwlb_ep_service",
            "module.security-vpc.aws_internet_gateway.igw",
            "module.security-vpc.aws_security_group.secgrp",
            "module.security-vpc.aws_subnet.subnets",
            "module.security-vpc.aws_vpc.vpc",
            "module.security-vpc.data.aws_vpc.vpc",
            "module.security_route_table.aws_route_table.rt",
            "module.security_route_table.data.aws_route_table.rt",
            "module.transit-gw.aws_ec2_transit_gateway.tgw",
            "module.transit-gw.data.aws_ec2_transit_gateway.tgw"
          ]
        }
      ]
    },
    {
      "module": "module.security_route_table[\"tgw_attachment_us-west-1c\"]",
      "mode": "managed",
      "type": "aws_route_table",
      "name": "rt",
      "provider": "provider[\"registry.terraform.io/hashicorp/aws\"]",
      "instances": [
        {
          "index_key": 0,
          "schema_version": 0,
          "attributes": {
            "arn": "arn:aws:ec2:us-west-1:371571523880:route-table/rtb-0040b36c815c234b6",
            "id": "rtb-0040b36c815c234b6",
            "owner_id": "371571523880",
            "propagating_vgws": [],
            "route": [],
            "tags": {
              "Name": "tgw_attachment_us-west-1c",
              "purpuse": "ASG_TEST"
            },
            "tags_all": {
              "Name": "tgw_attachment_us-west-1c",
              "purpuse": "ASG_TEST"
            },
            "timeouts": null,
            "vpc_id": "vpc-085a43e9fb92719b8"
          },
          "sensitive_attributes": [],
          "private": "eyJlMmJmYjczMC1lY2FhLTExZTYtOGY4OC0zNDM2M2JjN2M0YzAiOnsiY3JlYXRlIjozMDAwMDAwMDAwMDAsImRlbGV0ZSI6MzAwMDAwMDAwMDAwLCJ1cGRhdGUiOjEyMDAwMDAwMDAwMH19",
          "dependencies": [
            "module.security-vpc-gwlb.aws_lb.gwlb",
            "module.security-vpc-gwlb.aws_vpc_endpoint.gwlb_endps",
            "module.security-vpc-gwlb.aws_vpc_endpoint_service.gwlb_ep_service",
            "module.security-vpc.aws_internet_gateway.igw",
            "module.security-vpc.aws_security_group.secgrp",
            "module.security-vpc.aws_subnet.subnets",
            "module.security-vpc.aws_vpc.vpc",
            "module.security-vpc.data.aws_vpc.vpc",
            "module.transit-gw.aws_ec2_transit_gateway.tgw",
            "module.transit-gw.data.aws_ec2_transit_gateway.tgw"
          ]
        }
      ]
    },
    {
      "module": "module.security_route_table[\"tgw_attachment_us-west-1c\"]",
      "mode": "managed",
      "type": "aws_route_table_association",
      "name": "rt_a_subnets",
      "provider": "provider[\"registry.terraform.io/hashicorp/aws\"]",
      "instances": [
        {
          "index_key": 0,
          "schema_version": 0,
          "attributes": {
            "gateway_id": "",
            "id": "rtbassoc-000096f6791ebf416",
            "route_table_id": "rtb-0040b36c815c234b6",
            "subnet_id": "subnet-09ce3ac0413905139",
            "timeouts": null
          },
          "sensitive_attributes": [],
          "private": "eyJlMmJmYjczMC1lY2FhLTExZTYtOGY4OC0zNDM2M2JjN2M0YzAiOnsiY3JlYXRlIjozMDAwMDAwMDAwMDAsImRlbGV0ZSI6MzAwMDAwMDAwMDAwLCJ1cGRhdGUiOjEyMDAwMDAwMDAwMH19",
          "dependencies": [
            "module.security-vpc-gwlb.aws_lb.gwlb",
            "module.security-vpc-gwlb.aws_vpc_endpoint.gwlb_endps",
            "module.security-vpc-gwlb.aws_vpc_endpoint_service.gwlb_ep_service",
            "module.security-vpc.aws_internet_gateway.igw",
            "module.security-vpc.aws_security_group.secgrp",
            "module.security-vpc.aws_subnet.subnets",
            "module.security-vpc.aws_vpc.vpc",
            "module.security-vpc.data.aws_vpc.vpc",
            "module.security_route_table.aws_route_table.rt",
            "module.security_route_table.data.aws_route_table.rt",
            "module.transit-gw.aws_ec2_transit_gateway.tgw",
            "module.transit-gw.data.aws_ec2_transit_gateway.tgw"
          ]
        }
      ]
    },
    {
      "module": "module.spkvpc-rt[\"spk_vpc1\"]",
      "mode": "managed",
      "type": "aws_route",
      "name": "routes",
      "provider": "provider[\"registry.terraform.io/hashicorp/aws\"]",
      "instances": [
        {
          "index_key": "to_tgw",
          "schema_version": 0,
          "attributes": {
            "carrier_gateway_id": "",
            "core_network_arn": "",
            "destination_cidr_block": "0.0.0.0/0",
            "destination_ipv6_cidr_block": "",
            "destination_prefix_list_id": "",
            "egress_only_gateway_id": "",
            "gateway_id": "",
            "id": "r-rtb-0e45f0407b577e6631080289494",
            "instance_id": "",
            "instance_owner_id": "",
            "local_gateway_id": "",
            "nat_gateway_id": "",
            "network_interface_id": "",
            "origin": "CreateRoute",
            "route_table_id": "rtb-0e45f0407b577e663",
            "state": "blackhole",
            "timeouts": null,
            "transit_gateway_id": "<YOUR_EXISTING_TGW_ID>",
            "vpc_endpoint_id": "",
            "vpc_peering_connection_id": ""
          },
          "sensitive_attributes": [],
          "private": "eyJlMmJmYjczMC1lY2FhLTExZTYtOGY4OC0zNDM2M2JjN2M0YzAiOnsiY3JlYXRlIjozMDAwMDAwMDAwMDAsImRlbGV0ZSI6MzAwMDAwMDAwMDAwLCJ1cGRhdGUiOjEyMDAwMDAwMDAwMH19",
          "dependencies": [
            "module.security-vpc.aws_internet_gateway.igw",
            "module.security-vpc.aws_security_group.secgrp",
            "module.security-vpc.aws_subnet.subnets",
            "module.security-vpc.aws_vpc.vpc",
            "module.security-vpc.data.aws_vpc.vpc",
            "module.spkvpc-rt.aws_route_table.rt",
            "module.spkvpc-rt.data.aws_route_table.rt",
            "module.transit-gw.aws_ec2_transit_gateway.tgw",
            "module.transit-gw.aws_ec2_transit_gateway_vpc_attachment.tgw_attachments",
            "module.transit-gw.data.aws_ec2_transit_gateway.tgw"
          ]
        }
      ]
    },
    {
      "module": "module.spkvpc-rt[\"spk_vpc1\"]",
      "mode": "managed",
      "type": "aws_route_table",
      "name": "rt",
      "provider": "provider[\"registry.terraform.io/hashicorp/aws\"]",
      "instances": [
        {
          "index_key": 0,
          "schema_version": 0,
          "attributes": {
            "arn": "arn:aws:ec2:us-west-1:371571523880:route-table/rtb-0e45f0407b577e663",
            "id": "rtb-0e45f0407b577e663",
            "owner_id": "371571523880",
            "propagating_vgws": [],
            "route": [],
            "tags": {
              "Name": "spkvpc-to-tgwa-spk_vpc1",
              "purpuse": "ASG_TEST"
            },
            "tags_all": {
              "Name": "spkvpc-to-tgwa-spk_vpc1",
              "purpuse": "ASG_TEST"
            },
            "timeouts": null,
            "vpc_id": "<YOUR_EXISTING_VPC_SPOKE_ID>"
          },
          "sensitive_attributes": [],
          "private": "eyJlMmJmYjczMC1lY2FhLTExZTYtOGY4OC0zNDM2M2JjN2M0YzAiOnsiY3JlYXRlIjozMDAwMDAwMDAwMDAsImRlbGV0ZSI6MzAwMDAwMDAwMDAwLCJ1cGRhdGUiOjEyMDAwMDAwMDAwMH19",
          "dependencies": [
            "module.security-vpc.aws_internet_gateway.igw",
            "module.security-vpc.aws_security_group.secgrp",
            "module.security-vpc.aws_subnet.subnets",
            "module.security-vpc.aws_vpc.vpc",
            "module.security-vpc.data.aws_vpc.vpc",
            "module.transit-gw.aws_ec2_transit_gateway.tgw",
            "module.transit-gw.aws_ec2_transit_gateway_vpc_attachment.tgw_attachments",
            "module.transit-gw.data.aws_ec2_transit_gateway.tgw"
          ]
        }
      ]
    },
    {
      "module": "module.spkvpc-rt[\"spk_vpc1\"]",
      "mode": "managed",
      "type": "aws_route_table_association",
      "name": "rt_a_subnets",
      "provider": "provider[\"registry.terraform.io/hashicorp/aws\"]",
      "instances": [
        {
          "index_key": 0,
          "schema_version": 0,
          "attributes": {
            "gateway_id": "",
            "id": "rtbassoc-0a9417255fcdf6d73",
            "route_table_id": "rtb-0e45f0407b577e663",
            "subnet_id": "subnet-0d8f93e78a70027da",
            "timeouts": null
          },
          "sensitive_attributes": [],
          "private": "eyJlMmJmYjczMC1lY2FhLTExZTYtOGY4OC0zNDM2M2JjN2M0YzAiOnsiY3JlYXRlIjozMDAwMDAwMDAwMDAsImRlbGV0ZSI6MzAwMDAwMDAwMDAwLCJ1cGRhdGUiOjEyMDAwMDAwMDAwMH19",
          "dependencies": [
            "module.security-vpc.aws_internet_gateway.igw",
            "module.security-vpc.aws_security_group.secgrp",
            "module.security-vpc.aws_subnet.subnets",
            "module.security-vpc.aws_vpc.vpc",
            "module.security-vpc.data.aws_vpc.vpc",
            "module.spkvpc-rt.aws_route_table.rt",
            "module.spkvpc-rt.data.aws_route_table.rt",
            "module.transit-gw.aws_ec2_transit_gateway.tgw",
            "module.transit-gw.aws_ec2_transit_gateway_vpc_attachment.tgw_attachments",
            "module.transit-gw.data.aws_ec2_transit_gateway.tgw"
          ]
        },
        {
          "index_key": 1,
          "schema_version": 0,
          "attributes": {
            "gateway_id": "",
            "id": "rtbassoc-007a51409c8a2965c",
            "route_table_id": "rtb-0e45f0407b577e663",
            "subnet_id": "subnet-017ad1b5787291350",
            "timeouts": null
          },
          "sensitive_attributes": [],
          "private": "eyJlMmJmYjczMC1lY2FhLTExZTYtOGY4OC0zNDM2M2JjN2M0YzAiOnsiY3JlYXRlIjozMDAwMDAwMDAwMDAsImRlbGV0ZSI6MzAwMDAwMDAwMDAwLCJ1cGRhdGUiOjEyMDAwMDAwMDAwMH19",
          "dependencies": [
            "module.security-vpc.aws_internet_gateway.igw",
            "module.security-vpc.aws_security_group.secgrp",
            "module.security-vpc.aws_subnet.subnets",
            "module.security-vpc.aws_vpc.vpc",
            "module.security-vpc.data.aws_vpc.vpc",
            "module.spkvpc-rt.aws_route_table.rt",
            "module.spkvpc-rt.data.aws_route_table.rt",
            "module.transit-gw.aws_ec2_transit_gateway.tgw",
            "module.transit-gw.aws_ec2_transit_gateway_vpc_attachment.tgw_attachments",
            "module.transit-gw.data.aws_ec2_transit_gateway.tgw"
          ]
        }
      ]
    },
    {
      "module": "module.spoke_vpc_tgw_attachment[\"spk_vpc1\"]",
      "mode": "data",
      "type": "aws_ec2_transit_gateway",
      "name": "tgw",
      "provider": "provider[\"registry.terraform.io/hashicorp/aws\"]",
      "instances": [
        {
          "index_key": 0,
          "schema_version": 0,
          "attributes": {
            "amazon_side_asn": 64512,
            "arn": "arn:aws:ec2:us-west-1:371571523880:transit-gateway/<YOUR_EXISTING_TGW_ID>",
            "association_default_route_table_id": "",
            "auto_accept_shared_attachments": "disable",
            "default_route_table_association": "disable",
            "default_route_table_propagation": "disable",
            "description": "This is a test for Terraform test",
            "dns_support": "enable",
            "filter": null,
            "id": "<YOUR_EXISTING_TGW_ID>",
            "multicast_support": "disable",
            "owner_id": "371571523880",
            "propagation_default_route_table_id": "",
            "tags": {
              "Name": "tgw-test",
              "purpuse": "ASG_TEST"
            },
            "timeouts": null,
            "transit_gateway_cidr_blocks": [],
            "vpn_ecmp_support": "enable"
          },
          "sensitive_attributes": []
        }
      ]
    },
    {
      "module": "module.spoke_vpc_tgw_attachment[\"spk_vpc1\"]",
      "mode": "managed",
      "type": "aws_ec2_transit_gateway_vpc_attachment",
      "name": "tgw_attachments",
      "provider": "provider[\"registry.terraform.io/hashicorp/aws\"]",
      "instances": [
        {
          "index_key": "tgwa_spk_vpc1",
          "schema_version": 0,
          "attributes": {
            "appliance_mode_support": "disable",
            "dns_support": "enable",
            "id": "tgw-attach-050eaab68d08a5c49",
            "ipv6_support": "disable",
            "subnet_ids": [
              "subnet-017ad1b5787291350",
              "subnet-0d8f93e78a70027da"
            ],
            "tags": {
              "Name": "tgwa_spk_vpc1",
              "purpuse": "ASG_TEST"
            },
            "tags_all": {
              "Name": "tgwa_spk_vpc1",
              "purpuse": "ASG_TEST"
            },
            "transit_gateway_default_route_table_association": false,
            "transit_gateway_default_route_table_propagation": false,
            "transit_gateway_id": "<YOUR_EXISTING_TGW_ID>",
            "vpc_id": "<YOUR_EXISTING_VPC_SPOKE_ID>",
            "vpc_owner_id": "371571523880"
          },
          "sensitive_attributes": [],
          "private": "bnVsbA==",
          "dependencies": [
            "module.security-vpc.aws_internet_gateway.igw",
            "module.security-vpc.aws_security_group.secgrp",
            "module.security-vpc.aws_subnet.subnets",
            "module.security-vpc.aws_vpc.vpc",
            "module.security-vpc.data.aws_vpc.vpc",
            "module.spoke_vpc_tgw_attachment.aws_ec2_transit_gateway.tgw",
            "module.spoke_vpc_tgw_attachment.data.aws_ec2_transit_gateway.tgw",
            "module.transit-gw.aws_ec2_transit_gateway.tgw",
            "module.transit-gw.aws_ec2_transit_gateway_vpc_attachment.tgw_attachments",
            "module.transit-gw.data.aws_ec2_transit_gateway.tgw"
          ]
        }
      ]
    },
    {
      "module": "module.tgw_rt_secvpc",
      "mode": "managed",
      "type": "aws_ec2_transit_gateway_route",
      "name": "tgw_routes",
      "provider": "provider[\"registry.terraform.io/hashicorp/aws\"]",
      "instances": [
        {
          "index_key": "to_secvpc",
          "schema_version": 0,
          "attributes": {
            "blackhole": false,
            "destination_cidr_block": "10.0.0.0/16",
            "id": "tgw-rtb-05fe0b2576e853a6c_10.0.0.0/16",
            "transit_gateway_attachment_id": "tgw-attach-0a86b330f30ab68b2",
            "transit_gateway_route_table_id": "tgw-rtb-05fe0b2576e853a6c"
          },
          "sensitive_attributes": [],
          "private": "bnVsbA==",
          "dependencies": [
            "module.security-vpc.aws_internet_gateway.igw",
            "module.security-vpc.aws_security_group.secgrp",
            "module.security-vpc.aws_subnet.subnets",
            "module.security-vpc.aws_vpc.vpc",
            "module.security-vpc.data.aws_vpc.vpc",
            "module.tgw_rt_secvpc.aws_ec2_transit_gateway_route_table.tgw_rt",
            "module.tgw_rt_secvpc.data.aws_ec2_transit_gateway_route_table.tgw_rt",
            "module.transit-gw.aws_ec2_transit_gateway.tgw",
            "module.transit-gw.aws_ec2_transit_gateway_vpc_attachment.tgw_attachments",
            "module.transit-gw.data.aws_ec2_transit_gateway.tgw"
          ]
        }
      ]
    },
    {
      "module": "module.tgw_rt_secvpc",
      "mode": "managed",
      "type": "aws_ec2_transit_gateway_route_table",
      "name": "tgw_rt",
      "provider": "provider[\"registry.terraform.io/hashicorp/aws\"]",
      "instances": [
        {
          "index_key": 0,
          "schema_version": 0,
          "attributes": {
            "arn": "arn:aws:ec2:us-west-1:371571523880:transit-gateway-route-table/tgw-rtb-05fe0b2576e853a6c",
            "default_association_route_table": false,
            "default_propagation_route_table": false,
            "id": "tgw-rtb-05fe0b2576e853a6c",
            "tags": {
              "Name": "tgw_rt_secvpc",
              "purpuse": "ASG_TEST"
            },
            "tags_all": {
              "Name": "tgw_rt_secvpc",
              "purpuse": "ASG_TEST"
            },
            "transit_gateway_id": "<YOUR_EXISTING_TGW_ID>"
          },
          "sensitive_attributes": [],
          "private": "bnVsbA==",
          "dependencies": [
            "module.security-vpc.aws_internet_gateway.igw",
            "module.security-vpc.aws_security_group.secgrp",
            "module.security-vpc.aws_subnet.subnets",
            "module.security-vpc.aws_vpc.vpc",
            "module.security-vpc.data.aws_vpc.vpc",
            "module.transit-gw.aws_ec2_transit_gateway.tgw",
            "module.transit-gw.aws_ec2_transit_gateway_vpc_attachment.tgw_attachments",
            "module.transit-gw.data.aws_ec2_transit_gateway.tgw"
          ]
        }
      ]
    },
    {
      "module": "module.tgw_rt_secvpc",
      "mode": "managed",
      "type": "aws_ec2_transit_gateway_route_table_association",
      "name": "tgw_rt_a",
      "provider": "provider[\"registry.terraform.io/hashicorp/aws\"]",
      "instances": [
        {
          "index_key": "0",
          "schema_version": 0,
          "attributes": {
            "id": "tgw-rtb-05fe0b2576e853a6c_tgw-attach-0a86b330f30ab68b2",
            "replace_existing_association": false,
            "resource_id": "vpc-085a43e9fb92719b8",
            "resource_type": "vpc",
            "transit_gateway_attachment_id": "tgw-attach-0a86b330f30ab68b2",
            "transit_gateway_route_table_id": "tgw-rtb-05fe0b2576e853a6c"
          },
          "sensitive_attributes": [],
          "private": "bnVsbA==",
          "dependencies": [
            "module.security-vpc.aws_internet_gateway.igw",
            "module.security-vpc.aws_security_group.secgrp",
            "module.security-vpc.aws_subnet.subnets",
            "module.security-vpc.aws_vpc.vpc",
            "module.security-vpc.data.aws_vpc.vpc",
            "module.tgw_rt_secvpc.aws_ec2_transit_gateway_route_table.tgw_rt",
            "module.tgw_rt_secvpc.data.aws_ec2_transit_gateway_route_table.tgw_rt",
            "module.transit-gw.aws_ec2_transit_gateway.tgw",
            "module.transit-gw.aws_ec2_transit_gateway_vpc_attachment.tgw_attachments",
            "module.transit-gw.data.aws_ec2_transit_gateway.tgw"
          ]
        }
      ]
    },
    {
      "module": "module.tgw_rt_spokevpc",
      "mode": "managed",
      "type": "aws_ec2_transit_gateway_route",
      "name": "tgw_routes",
      "provider": "provider[\"registry.terraform.io/hashicorp/aws\"]",
      "instances": [
        {
          "index_key": "to_secvpc",
          "schema_version": 0,
          "attributes": {
            "blackhole": false,
            "destination_cidr_block": "0.0.0.0/0",
            "id": "tgw-rtb-0369fc9b2b99a79c9_0.0.0.0/0",
            "transit_gateway_attachment_id": "tgw-attach-0a86b330f30ab68b2",
            "transit_gateway_route_table_id": "tgw-rtb-0369fc9b2b99a79c9"
          },
          "sensitive_attributes": [],
          "private": "bnVsbA==",
          "dependencies": [
            "module.security-vpc.aws_internet_gateway.igw",
            "module.security-vpc.aws_security_group.secgrp",
            "module.security-vpc.aws_subnet.subnets",
            "module.security-vpc.aws_vpc.vpc",
            "module.security-vpc.data.aws_vpc.vpc",
            "module.tgw_rt_spokevpc.aws_ec2_transit_gateway_route_table.tgw_rt",
            "module.tgw_rt_spokevpc.data.aws_ec2_transit_gateway_route_table.tgw_rt",
            "module.transit-gw.aws_ec2_transit_gateway.tgw",
            "module.transit-gw.aws_ec2_transit_gateway_vpc_attachment.tgw_attachments",
            "module.transit-gw.data.aws_ec2_transit_gateway.tgw"
          ]
        }
      ]
    },
    {
      "module": "module.tgw_rt_spokevpc",
      "mode": "managed",
      "type": "aws_ec2_transit_gateway_route_table",
      "name": "tgw_rt",
      "provider": "provider[\"registry.terraform.io/hashicorp/aws\"]",
      "instances": [
        {
          "index_key": 0,
          "schema_version": 0,
          "attributes": {
            "arn": "arn:aws:ec2:us-west-1:371571523880:transit-gateway-route-table/tgw-rtb-0369fc9b2b99a79c9",
            "default_association_route_table": false,
            "default_propagation_route_table": false,
            "id": "tgw-rtb-0369fc9b2b99a79c9",
            "tags": {
              "Name": "tgw_rt_spokevpc",
              "purpuse": "ASG_TEST"
            },
            "tags_all": {
              "Name": "tgw_rt_spokevpc",
              "purpuse": "ASG_TEST"
            },
            "transit_gateway_id": "<YOUR_EXISTING_TGW_ID>"
          },
          "sensitive_attributes": [],
          "private": "bnVsbA==",
          "dependencies": [
            "module.security-vpc.aws_internet_gateway.igw",
            "module.security-vpc.aws_security_group.secgrp",
            "module.security-vpc.aws_subnet.subnets",
            "module.security-vpc.aws_vpc.vpc",
            "module.security-vpc.data.aws_vpc.vpc",
            "module.transit-gw.aws_ec2_transit_gateway.tgw",
            "module.transit-gw.aws_ec2_transit_gateway_vpc_attachment.tgw_attachments",
            "module.transit-gw.data.aws_ec2_transit_gateway.tgw"
          ]
        }
      ]
    },
    {
      "module": "module.tgw_rt_spokevpc",
      "mode": "managed",
      "type": "aws_ec2_transit_gateway_route_table_propagation",
      "name": "tgw_rt_p",
      "provider": "provider[\"registry.terraform.io/hashicorp/aws\"]",
      "instances": [
        {
          "index_key": "0",
          "schema_version": 0,
          "attributes": {
            "id": "tgw-rtb-0369fc9b2b99a79c9_tgw-attach-0a86b330f30ab68b2",
            "resource_id": "vpc-085a43e9fb92719b8",
            "resource_type": "vpc",
            "transit_gateway_attachment_id": "tgw-attach-0a86b330f30ab68b2",
            "transit_gateway_route_table_id": "tgw-rtb-0369fc9b2b99a79c9"
          },
          "sensitive_attributes": [],
          "private": "bnVsbA==",
          "dependencies": [
            "module.security-vpc.aws_internet_gateway.igw",
            "module.security-vpc.aws_security_group.secgrp",
            "module.security-vpc.aws_subnet.subnets",
            "module.security-vpc.aws_vpc.vpc",
            "module.security-vpc.data.aws_vpc.vpc",
            "module.tgw_rt_spokevpc.aws_ec2_transit_gateway_route_table.tgw_rt",
            "module.tgw_rt_spokevpc.data.aws_ec2_transit_gateway_route_table.tgw_rt",
            "module.transit-gw.aws_ec2_transit_gateway.tgw",
            "module.transit-gw.aws_ec2_transit_gateway_vpc_attachment.tgw_attachments",
            "module.transit-gw.data.aws_ec2_transit_gateway.tgw"
          ]
        }
      ]
    },
    {
      "module": "module.transit-gw",
      "mode": "managed",
      "type": "aws_ec2_transit_gateway",
      "name": "tgw",
      "provider": "provider[\"registry.terraform.io/hashicorp/aws\"]",
      "instances": [
        {
          "index_key": 0,
          "schema_version": 0,
          "attributes": {
            "amazon_side_asn": 64512,
            "arn": "arn:aws:ec2:us-west-1:371571523880:transit-gateway/<YOUR_EXISTING_TGW_ID>",
            "association_default_route_table_id": "",
            "auto_accept_shared_attachments": "disable",
            "default_route_table_association": "disable",
            "default_route_table_propagation": "disable",
            "description": "This is a test for Terraform test",
            "dns_support": "enable",
            "id": "<YOUR_EXISTING_TGW_ID>",
            "multicast_support": "disable",
            "owner_id": "371571523880",
            "propagation_default_route_table_id": "",
            "tags": {
              "Name": "tgw-test",
              "purpuse": "ASG_TEST"
            },
            "tags_all": {
              "Name": "tgw-test",
              "purpuse": "ASG_TEST"
            },
            "timeouts": null,
            "transit_gateway_cidr_blocks": null,
            "vpn_ecmp_support": "enable"
          },
          "sensitive_attributes": [],
          "private": "eyJlMmJmYjczMC1lY2FhLTExZTYtOGY4OC0zNDM2M2JjN2M0YzAiOnsiY3JlYXRlIjo2MDAwMDAwMDAwMDAsImRlbGV0ZSI6NjAwMDAwMDAwMDAwLCJ1cGRhdGUiOjYwMDAwMDAwMDAwMH19",
          "dependencies": [
            "module.security-vpc.aws_internet_gateway.igw",
            "module.security-vpc.aws_security_group.secgrp",
            "module.security-vpc.aws_subnet.subnets",
            "module.security-vpc.aws_vpc.vpc",
            "module.security-vpc.data.aws_vpc.vpc"
          ]
        }
      ]
    },
    {
      "module": "module.transit-gw",
      "mode": "managed",
      "type": "aws_ec2_transit_gateway_vpc_attachment",
      "name": "tgw_attachments",
      "provider": "provider[\"registry.terraform.io/hashicorp/aws\"]",
      "instances": [
        {
          "index_key": "security_vpc",
          "schema_version": 0,
          "attributes": {
            "appliance_mode_support": "enable",
            "dns_support": "enable",
            "id": "tgw-attach-0a86b330f30ab68b2",
            "ipv6_support": "disable",
            "subnet_ids": [
              "subnet-085ffe45552cc2ff8",
              "subnet-09ce3ac0413905139"
            ],
            "tags": {
              "Name": "security_vpc",
              "purpuse": "ASG_TEST"
            },
            "tags_all": {
              "Name": "security_vpc",
              "purpuse": "ASG_TEST"
            },
            "transit_gateway_default_route_table_association": false,
            "transit_gateway_default_route_table_propagation": false,
            "transit_gateway_id": "<YOUR_EXISTING_TGW_ID>",
            "vpc_id": "vpc-085a43e9fb92719b8",
            "vpc_owner_id": "371571523880"
          },
          "sensitive_attributes": [],
          "private": "bnVsbA==",
          "dependencies": [
            "module.security-vpc.aws_internet_gateway.igw",
            "module.security-vpc.aws_security_group.secgrp",
            "module.security-vpc.aws_subnet.subnets",
            "module.security-vpc.aws_vpc.vpc",
            "module.security-vpc.data.aws_vpc.vpc",
            "module.transit-gw.aws_ec2_transit_gateway.tgw",
            "module.transit-gw.data.aws_ec2_transit_gateway.tgw"
          ]
        }
      ]
    }
  ],
  "check_results": null
}
